{
  "version": 2,
  "dependencies": {
    "net8.0": {
      "altcover": {
        "type": "Direct",
        "requested": "[8.8.173, )",
        "resolved": "8.8.173",
        "contentHash": "iejmqWdC9H9ShTtsT7vSLpZ74RG4sDhheW7wllczXWl6WZAaCqGXMFGRRHi8TZGCzV/7Ah5gjXZ4GRlfAef4Eg=="
      },
      "FluentAssertions": {
        "type": "Direct",
        "requested": "[6.12.0, )",
        "resolved": "6.12.0",
        "contentHash": "ZXhHT2YwP9lajrwSKbLlFqsmCCvFJMoRSK9t7sImfnCyd0OB3MhgxdoMcVqxbq1iyxD6mD2fiackWmBb7ayiXQ==",
        "dependencies": {
          "System.Configuration.ConfigurationManager": "4.4.0"
        }
      },
      "Microsoft.NET.Test.Sdk": {
        "type": "Direct",
        "requested": "[17.10.0, )",
        "resolved": "17.10.0",
        "contentHash": "0/2HeACkaHEYU3wc83YlcD2Fi4LMtECJjqrtvw0lPi9DCEa35zSPt1j4fuvM8NagjDqJuh1Ja35WcRtn1Um6/A==",
        "dependencies": {
          "Microsoft.CodeCoverage": "17.10.0",
          "Microsoft.TestPlatform.TestHost": "17.10.0"
        }
      },
      "Microsoft.SourceLink.GitHub": {
        "type": "Direct",
        "requested": "[8.0.0, )",
        "resolved": "8.0.0",
        "contentHash": "G5q7OqtwIyGTkeIOAc3u2ZuV/kicQaec5EaRnc0pIeSnh9LUjj+PYQrJYBURvDt7twGl2PKA7nSN0kz1Zw5bnQ==",
        "dependencies": {
          "Microsoft.Build.Tasks.Git": "8.0.0",
          "Microsoft.SourceLink.Common": "8.0.0"
        }
      },
      "MinVer": {
        "type": "Direct",
        "requested": "[5.0.0, )",
        "resolved": "5.0.0",
        "contentHash": "ybkgpQMtt0Fo91l5rYtE3TZtD+Nmy5Ko091xvfXXOosQdMi30XO2EZ2+ShZt89gdu7RMmJqZaJ+e1q6d+6+KNw=="
      },
      "Moq": {
        "type": "Direct",
        "requested": "[4.20.70, )",
        "resolved": "4.20.70",
        "contentHash": "4rNnAwdpXJBuxqrOCzCyICXHSImOTRktCgCWXWykuF1qwoIsVvEnR7PjbMk/eLOxWvhmj5Kwt+kDV3RGUYcNwg==",
        "dependencies": {
          "Castle.Core": "5.1.1"
        }
      },
      "NUnit": {
        "type": "Direct",
        "requested": "[4.1.0, )",
        "resolved": "4.1.0",
        "contentHash": "MT/DpAhjtiytzhTgTqIhBuWx4y26PKfDepYUHUM+5uv4TsryHC2jwFo5e6NhWkApCm/G6kZ80dRjdJFuAxq3rg=="
      },
      "NUnit.Analyzers": {
        "type": "Direct",
        "requested": "[4.2.0, )",
        "resolved": "4.2.0",
        "contentHash": "4fJojPkzdoa4nB2+p6U+fITvPnVvwWSnsmiJ/Dl30xqiL3oxNbYvfeSLVd91hOmEjoUqSwN3Z7j1aFedjqWbUA=="
      },
      "NUnit3TestAdapter": {
        "type": "Direct",
        "requested": "[4.6.0, )",
        "resolved": "4.6.0",
        "contentHash": "R7e1+a4vuV/YS+ItfL7f//rG+JBvVeVLX4mHzFEZo4W1qEKl8Zz27AqvQSAqo+BtIzUCo4aAJMYa56VXS4hudw=="
      },
      "PolySharp": {
        "type": "Direct",
        "requested": "[1.14.1, )",
        "resolved": "1.14.1",
        "contentHash": "mOOmFYwad3MIOL14VCjj02LljyF1GNw1wP0YVlxtcPvqdxjGGMNdNJJxHptlry3MOd8b40Flm8RPOM8JOlN2sQ=="
      },
      "Speckle.InterfaceGenerator": {
        "type": "Direct",
        "requested": "[0.9.6, )",
        "resolved": "0.9.6",
        "contentHash": "HKH7tYrYYlCK1ct483hgxERAdVdMtl7gUKW9ijWXxA1UsYR4Z+TrRHYmzZ9qmpu1NnTycSrp005NYM78GDKV1w=="
      },
      "Speckle.Revit2023.Fakes": {
        "type": "Direct",
        "requested": "[0.3.0, 1.0.0)",
        "resolved": "0.3.0",
        "contentHash": "kMNRHztk5lncfCJxaxM73UtYIq7f0ekT8Zq99CXrHSYDEKif4tUga8re1uNv2rT1x25CvVtnvyTiNOtrs1yd0g==",
        "dependencies": {
          "System.Drawing.Common": "8.0.6"
        }
      },
      "Castle.Core": {
        "type": "Transitive",
        "resolved": "5.1.1",
        "contentHash": "rpYtIczkzGpf+EkZgDr9CClTdemhsrwA/W5hMoPjLkRFnXzH44zDLoovXeKtmxb1ykXK9aJVODSpiJml8CTw2g==",
        "dependencies": {
          "System.Diagnostics.EventLog": "6.0.0"
        }
      },
      "GraphQL.Client": {
        "type": "Transitive",
        "resolved": "6.0.0",
        "contentHash": "8yPNBbuVBpTptivyAlak4GZvbwbUcjeQTL4vN1HKHRuOykZ4r7l5fcLS6vpyPyLn0x8FsL31xbOIKyxbmR9rbA==",
        "dependencies": {
          "GraphQL.Client.Abstractions": "6.0.0",
          "GraphQL.Client.Abstractions.Websocket": "6.0.0",
          "System.Reactive": "5.0.0"
        }
      },
      "GraphQL.Client.Abstractions": {
        "type": "Transitive",
        "resolved": "6.0.0",
        "contentHash": "h7uzWFORHZ+CCjwr/ThAyXMr0DPpzEANDa4Uo54wqCQ+j7qUKwqYTgOrb1W40sqbvNaZm9v/X7It31SUw0maHA==",
        "dependencies": {
          "GraphQL.Primitives": "6.0.0"
        }
      },
      "GraphQL.Client.Abstractions.Websocket": {
        "type": "Transitive",
        "resolved": "6.0.0",
        "contentHash": "Nr9bPf8gIOvLuXpqEpqr9z9jslYFJOvd0feHth3/kPqeR3uMbjF5pjiwh4jxyMcxHdr8Pb6QiXkV3hsSyt0v7A==",
        "dependencies": {
          "GraphQL.Client.Abstractions": "6.0.0"
        }
      },
      "GraphQL.Primitives": {
        "type": "Transitive",
        "resolved": "6.0.0",
        "contentHash": "yg72rrYDapfsIUrul7aF6wwNnTJBOFvuA9VdDTQpPa8AlAriHbufeXYLBcodKjfUdkCnaiggX1U/nEP08Zb5GA=="
      },
      "Microsoft.Build.Tasks.Git": {
        "type": "Transitive",
        "resolved": "8.0.0",
        "contentHash": "bZKfSIKJRXLTuSzLudMFte/8CempWjVamNUR5eHJizsy+iuOuO/k2gnh7W0dHJmYY0tBf+gUErfluCv5mySAOQ=="
      },
      "Microsoft.CodeCoverage": {
        "type": "Transitive",
        "resolved": "17.10.0",
        "contentHash": "yC7oSlnR54XO5kOuHlVOKtxomNNN1BWXX8lK1G2jaPXT9sUok7kCOoA4Pgs0qyFaCtMrNsprztYMeoEGqCm4uA=="
      },
      "Microsoft.CSharp": {
        "type": "Transitive",
        "resolved": "4.7.0",
        "contentHash": "pTj+D3uJWyN3My70i2Hqo+OXixq3Os2D1nJ2x92FFo6sk8fYS1m1WLNTs0Dc1uPaViH0YvEEwvzddQ7y4rhXmA=="
      },
      "Microsoft.Data.Sqlite": {
        "type": "Transitive",
        "resolved": "7.0.7",
        "contentHash": "tiNmV1oPy+Z2R7Wd0bPB/FxCr8B+/5q11OpDMG751GA/YuOL7MZrBFfzv5oFRlFe08K6sjrnbrauzzGIeNrzLQ==",
        "dependencies": {
          "Microsoft.Data.Sqlite.Core": "7.0.7",
          "SQLitePCLRaw.bundle_e_sqlite3": "2.1.4"
        }
      },
      "Microsoft.Data.Sqlite.Core": {
        "type": "Transitive",
        "resolved": "7.0.7",
        "contentHash": "21FRzcJhaTrlv7kTrqr/ltFcSQM2TyuTTPhUcjO8H73od7Bb3QraNW90c7lUucNI/245XPkKZG4fp7/7OsKCSg==",
        "dependencies": {
          "SQLitePCLRaw.core": "2.1.4"
        }
      },
      "Microsoft.SourceLink.Common": {
        "type": "Transitive",
        "resolved": "8.0.0",
        "contentHash": "dk9JPxTCIevS75HyEQ0E4OVAFhB2N+V9ShCXf8Q6FkUQZDkgLI12y679Nym1YqsiSysuQskT7Z+6nUf3yab6Vw=="
      },
      "Microsoft.TestPlatform.ObjectModel": {
        "type": "Transitive",
        "resolved": "17.10.0",
        "contentHash": "KkwhjQevuDj0aBRoPLY6OLAhGqbPUEBuKLbaCs0kUVw29qiOYncdORd4mLVJbn9vGZ7/iFGQ/+AoJl0Tu5Umdg==",
        "dependencies": {
          "System.Reflection.Metadata": "1.6.0"
        }
      },
      "Microsoft.TestPlatform.TestHost": {
        "type": "Transitive",
        "resolved": "17.10.0",
        "contentHash": "LWpMdfqhHvcUkeMCvNYJO8QlPLlYz9XPPb+ZbaXIKhdmjAV0wqTSrTiW5FLaf7RRZT50AQADDOYMOe0HxDxNgA==",
        "dependencies": {
          "Microsoft.TestPlatform.ObjectModel": "17.10.0",
          "Newtonsoft.Json": "13.0.1"
        }
      },
      "Microsoft.Win32.SystemEvents": {
        "type": "Transitive",
        "resolved": "8.0.0",
        "contentHash": "9opKRyOKMCi2xJ7Bj7kxtZ1r9vbzosMvRrdEhVhDz8j8MoBGgB+WmC94yH839NPH+BclAjtQ/pyagvi/8gDLkw=="
      },
      "Newtonsoft.Json": {
        "type": "Transitive",
        "resolved": "13.0.1",
        "contentHash": "ppPFpBcvxdsfUonNcvITKqLl3bqxWbDCZIzDWHzjpdAHRFfZe0Dw9HmA0+za13IdyrgJwpkDTDA9fHaxOrt20A=="
      },
      "Polly": {
        "type": "Transitive",
        "resolved": "7.2.3",
        "contentHash": "DeCY0OFbNdNxsjntr1gTXHJ5pKUwYzp04Er2LLeN3g6pWhffsGuKVfMBLe1lw7x76HrPkLxKEFxBlpRxS2nDEQ=="
      },
      "Polly.Contrib.WaitAndRetry": {
        "type": "Transitive",
        "resolved": "1.1.1",
        "contentHash": "1MUQLiSo4KDkQe6nzQRhIU05lm9jlexX5BVsbuw0SL82ynZ+GzAHQxJVDPVBboxV37Po3SG077aX8DuSy8TkaA=="
      },
      "Polly.Extensions.Http": {
        "type": "Transitive",
        "resolved": "3.0.0",
        "contentHash": "drrG+hB3pYFY7w1c3BD+lSGYvH2oIclH8GRSehgfyP5kjnFnHKQuuBhuHLv+PWyFuaTDyk/vfRpnxOzd11+J8g==",
        "dependencies": {
          "Polly": "7.1.0"
        }
      },
      "Speckle.DoubleNumerics": {
        "type": "Transitive",
        "resolved": "4.0.1",
        "contentHash": "MzEQ1Im0zTja+tEsdRIk/WlPiKqb22NmTOJcR1ZKm/mz46pezyyID3/wRz6vJUELMpSLnG7LhsxBL+nxbr7V0w=="
      },
      "Speckle.Newtonsoft.Json": {
        "type": "Transitive",
        "resolved": "13.0.2",
        "contentHash": "g1BejUZwax5PRfL6xHgLEK23sqHWOgOj9hE7RvfRRlN00AGt8GnPYt8HedSK7UB3HiRW8zCA9Pn0iiYxCK24BA=="
      },
      "Speckle.Sdk.Logging": {
        "type": "Transitive",
        "resolved": "3.1.0-dev.107",
        "contentHash": "phWGEyqiZlB5LichJtVA45xFFvxRxlU8rBTEag3llZeNIlSXRW0wzWmAq8gdQftHJyw59iupZwH2Tx+jglzp8w=="
      },
      "SQLitePCLRaw.bundle_e_sqlite3": {
        "type": "Transitive",
        "resolved": "2.1.4",
        "contentHash": "EWI1olKDjFEBMJu0+3wuxwziIAdWDVMYLhuZ3Qs84rrz+DHwD00RzWPZCa+bLnHCf3oJwuFZIRsHT5p236QXww==",
        "dependencies": {
          "SQLitePCLRaw.lib.e_sqlite3": "2.1.4",
          "SQLitePCLRaw.provider.e_sqlite3": "2.1.4"
        }
      },
      "SQLitePCLRaw.core": {
        "type": "Transitive",
        "resolved": "2.1.4",
        "contentHash": "inBjvSHo9UDKneGNzfUfDjK08JzlcIhn1+SP5Y3m6cgXpCxXKCJDy6Mka7LpgSV+UZmKSnC8rTwB0SQ0xKu5pA==",
        "dependencies": {
          "System.Memory": "4.5.3"
        }
      },
      "SQLitePCLRaw.lib.e_sqlite3": {
        "type": "Transitive",
        "resolved": "2.1.4",
        "contentHash": "2C9Q9eX7CPLveJA0rIhf9RXAvu+7nWZu1A2MdG6SD/NOu26TakGgL1nsbc0JAspGijFOo3HoN79xrx8a368fBg=="
      },
      "SQLitePCLRaw.provider.e_sqlite3": {
        "type": "Transitive",
        "resolved": "2.1.4",
        "contentHash": "CSlb5dUp1FMIkez9Iv5EXzpeq7rHryVNqwJMWnpq87j9zWZexaEMdisDktMsnnrzKM6ahNrsTkjqNodTBPBxtQ==",
        "dependencies": {
          "SQLitePCLRaw.core": "2.1.4"
        }
      },
      "System.Configuration.ConfigurationManager": {
        "type": "Transitive",
        "resolved": "4.4.0",
        "contentHash": "gWwQv/Ug1qWJmHCmN17nAbxJYmQBM/E94QxKLksvUiiKB1Ld3Sc/eK1lgmbSjDFxkQhVuayI/cGFZhpBSodLrg==",
        "dependencies": {
          "System.Security.Cryptography.ProtectedData": "4.4.0"
        }
      },
      "System.Diagnostics.EventLog": {
        "type": "Transitive",
        "resolved": "6.0.0",
        "contentHash": "lcyUiXTsETK2ALsZrX+nWuHSIQeazhqPphLfaRxzdGaG93+0kELqpgEHtwWOlQe7+jSFnKwaCAgL4kjeZCQJnw=="
      },
      "System.Drawing.Common": {
        "type": "Transitive",
        "resolved": "8.0.6",
        "contentHash": "aSwRnJzz6fZ73JvWMMG0KvBwOnXsBTFtfHLriQyAPrDIZ+NrDfl15GWbO/A35k0dtH77D7jfxzEcFF7RONtU/w==",
        "dependencies": {
          "Microsoft.Win32.SystemEvents": "8.0.0"
        }
      },
      "System.Memory": {
        "type": "Transitive",
        "resolved": "4.5.3",
        "contentHash": "3oDzvc/zzetpTKWMShs1AADwZjQ/36HnsufHRPcOjyRAAMLDlu2iD33MBI2opxnezcVUtXyqDXXjoFMOU9c7SA=="
      },
      "System.Reactive": {
        "type": "Transitive",
        "resolved": "5.0.0",
        "contentHash": "erBZjkQHWL9jpasCE/0qKAryzVBJFxGHVBAvgRN1bzM0q2s1S4oYREEEL0Vb+1kA/6BKb5FjUZMp5VXmy+gzkQ=="
      },
      "System.Reflection.Metadata": {
        "type": "Transitive",
        "resolved": "1.6.0",
        "contentHash": "COC1aiAJjCoA5GBF+QKL2uLqEBew4JsCkQmoHKbN3TlOZKa2fKLz5CpiRQKDz0RsAOEGsVKqOD5bomsXq/4STQ=="
      },
      "System.Security.Cryptography.ProtectedData": {
        "type": "Transitive",
        "resolved": "4.4.0",
        "contentHash": "cJV7ScGW7EhatRsjehfvvYVBvtiSMKgN8bOVI0bQhnF5bU7vnHVIsH49Kva7i7GWaWYvmEzkYVk1TC+gZYBEog=="
      },
      "System.Text.Json": {
        "type": "Transitive",
        "resolved": "5.0.2",
        "contentHash": "I47dVIGiV6SfAyppphxqupertT/5oZkYLDCX6vC3HpOI4ZLjyoKAreUoem2ie6G0RbRuFrlqz/PcTQjfb2DOfQ=="
      },
      "speckle.autofac": {
        "type": "Project",
        "dependencies": {
          "Autofac": "[5.2.0, )"
        }
      },
      "speckle.converters.common": {
        "type": "Project",
        "dependencies": {
          "Microsoft.Extensions.Logging.Abstractions": "[3.1.0, )",
          "Speckle.Autofac": "[1.0.0, )",
          "Speckle.Objects": "[3.1.0-dev.107, )"
        }
      },
      "speckle.testing": {
        "type": "Project",
        "dependencies": {
          "Moq": "[4.20.70, )",
          "NUnit": "[4.1.0, )"
        }
      },
      "Autofac": {
        "type": "CentralTransitive",
        "requested": "[5.2.0, )",
        "resolved": "5.2.0",
        "contentHash": "V8dBH0dsv75uDzl7Sw+HkhKDPUw2eXnlMjcSVMH+tLo2s67MpTKGyDj1pDcpR+IF2u4YRs0s3/x7R88YJzIWvg=="
      },
      "Microsoft.Extensions.Logging.Abstractions": {
        "type": "CentralTransitive",
        "requested": "[3.1.0, )",
        "resolved": "3.1.0",
        "contentHash": "jjo4YXRx6MIpv6DiRxJjSpl+sPP0+5VW0clMEdLyIAz44PPwrDTFrd5PZckIxIXl1kKZ2KK6IL2nkt0+ug2MQg=="
      },
      "Speckle.Objects": {
        "type": "CentralTransitive",
        "requested": "[3.1.0-dev.107, )",
        "resolved": "3.1.0-dev.107",
        "contentHash": "MTXyE6Gs63wEW2kzLAtGCtZU+heohj87piVHSzanPg5qznqw0TXcvYBAg1IfeAg0ya5KMZ2IqT05GtW8bda1pQ==",
        "dependencies": {
          "Speckle.Sdk": "3.1.0-dev.107"
        }
      },
      "Speckle.Sdk": {
        "type": "CentralTransitive",
        "requested": "[3.1.0-dev.107, )",
        "resolved": "3.1.0-dev.107",
        "contentHash": "3qaL0N8fIcliOeDszBIYR9q1w/YG7OQod95F5l0Ju1R/RlB2WVaAC4CElPe6jHvZl96cDKOJ6K55827omL7QTQ==",
        "dependencies": {
          "GraphQL.Client": "6.0.0",
          "Microsoft.CSharp": "4.7.0",
          "Microsoft.Data.Sqlite": "7.0.7",
          "Polly": "7.2.3",
          "Polly.Contrib.WaitAndRetry": "1.1.1",
          "Polly.Extensions.Http": "3.0.0",
          "Speckle.DoubleNumerics": "4.0.1",
          "Speckle.Newtonsoft.Json": "13.0.2",
          "Speckle.Sdk.Logging": "3.1.0-dev.107",
          "System.Text.Json": "5.0.2"
        }
      }
    }
  }
}