Microsoft Visual Studio Solution File, Format Version 12.00
Project("{2150E333-8FDC-42A3-9474-1A3956D46DE8}") = "Build", "Build", "{DEE5DD87-39C1-BF34-B639-A387DCCF972B}"
	ProjectSection(SolutionItems) = preProject
		.github\workflows\pr.yml = .github\workflows\pr.yml
		.github\workflows\release.yml = .github\workflows\release.yml
	EndProjectSection
EndProject
Project("{FAE04EC0-301F-11D3-BF4B-00C04F79EFBC}") = "Build", "Build\Build.csproj", "{7DF908B3-503D-51C2-3675-626DC2895B77}"
EndProject
Project("{2150E333-8FDC-42A3-9474-1A3956D46DE8}") = "Config", "Config", "{1AD244E0-696C-4A2A-31B1-1832C4FA60E4}"
	ProjectSection(SolutionItems) = preProject
		.config\dotnet-tools.json = .config\dotnet-tools.json
		.csharpierrc.yaml = .csharpierrc.yaml
		.editorconfig = .editorconfig
		codecov.yml = codecov.yml
		CodeMetricsConfig.txt = CodeMetricsConfig.txt
		Directory.Build.props = Directory.Build.props
		Directory.Packages.props = Directory.Packages.props
		global.json = global.json
		README.md = README.md
	EndProjectSection
EndProject
Project("{2150E333-8FDC-42A3-9474-1A3956D46DE8}") = "Connectors", "Connectors", "{A328B835-4990-6931-34B9-ABE689D5831A}"
EndProject
Project("{2150E333-8FDC-42A3-9474-1A3956D46DE8}") = "ArcGIS", "ArcGIS", "{442E1ED0-2003-2E40-BF08-E0DCF2C1BC13}"
EndProject
Project("{FAE04EC0-301F-11D3-BF4B-00C04F79EFBC}") = "Speckle.Connectors.ArcGIS3", "Connectors\ArcGIS\Speckle.Connectors.ArcGIS3\Speckle.Connectors.ArcGIS3.csproj", "{7D91B3D8-2244-F1FE-926B-20969A99C019}"
EndProject
Project("{FAE04EC0-301F-11D3-BF4B-00C04F79EFBC}") = "Speckle.Converters.ArcGIS3", "Converters\ArcGIS\Speckle.Converters.ArcGIS3\Speckle.Converters.ArcGIS3.csproj", "{52C8FD12-3D43-BF5A-AB69-09D419D88CE4}"
EndProject
Project("{2150E333-8FDC-42A3-9474-1A3956D46DE8}") = "Autocad", "Autocad", "{5A9CD48A-48CF-5B54-8AF9-3F8C642FBE24}"
	ProjectSection(SolutionItems) = preProject
		Connectors\Autocad\Directory.Build.targets = Connectors\Autocad\Directory.Build.targets
	EndProjectSection
EndProject
Project("{2150E333-8FDC-42A3-9474-1A3956D46DE8}") = "2022", "2022", "{307FCDBC-E645-23E4-EA43-E0F287BB678F}"
EndProject
Project("{FAE04EC0-301F-11D3-BF4B-00C04F79EFBC}") = "Speckle.Connectors.Autocad2022", "Connectors\Autocad\Speckle.Connectors.Autocad2022\Speckle.Connectors.Autocad2022.csproj", "{BAA574B9-A832-3321-694F-FE5DD723BC72}"
EndProject
Project("{FAE04EC0-301F-11D3-BF4B-00C04F79EFBC}") = "Speckle.Connectors.Civil3d2022", "Connectors\Autocad\Speckle.Connectors.Civil3d2022\Speckle.Connectors.Civil3d2022.csproj", "{B1F0D7B5-1E22-0EEA-8697-DB5F2EC74CC5}"
EndProject
Project("{FAE04EC0-301F-11D3-BF4B-00C04F79EFBC}") = "Speckle.Converters.Autocad2022", "Converters\Autocad\Speckle.Converters.Autocad2022\Speckle.Converters.Autocad2022.csproj", "{AAFFA200-4BDB-C6AC-5EF8-0ADE119A1896}"
EndProject
Project("{FAE04EC0-301F-11D3-BF4B-00C04F79EFBC}") = "Speckle.Converters.Civil3d2022", "Converters\Civil3d\Speckle.Converters.Civil3d2022\Speckle.Converters.Civil3d2022.csproj", "{48D5AA79-8214-79E7-4168-ABA7A93577D4}"
EndProject
Project("{2150E333-8FDC-42A3-9474-1A3956D46DE8}") = "2023", "2023", "{72C9EB55-380D-77E7-6675-AE6CB81D28C7}"
EndProject
Project("{FAE04EC0-301F-11D3-BF4B-00C04F79EFBC}") = "Speckle.Connectors.Autocad2023", "Connectors\Autocad\Speckle.Connectors.Autocad2023\Speckle.Connectors.Autocad2023.csproj", "{45A4D7E5-2E89-282A-C772-6734801B1823}"
EndProject
Project("{FAE04EC0-301F-11D3-BF4B-00C04F79EFBC}") = "Speckle.Connectors.Civil3d2023", "Connectors\Autocad\Speckle.Connectors.Civil3d2023\Speckle.Connectors.Civil3d2023.csproj", "{D830A926-621F-1342-5638-D05C4B47DE1E}"
EndProject
Project("{FAE04EC0-301F-11D3-BF4B-00C04F79EFBC}") = "Speckle.Converters.Autocad2023", "Converters\Autocad\Speckle.Converters.Autocad2023\Speckle.Converters.Autocad2023.csproj", "{2B945A0E-F059-43EA-B954-C68FD0829004}"
EndProject
Project("{FAE04EC0-301F-11D3-BF4B-00C04F79EFBC}") = "Speckle.Converters.Civil3d2023", "Converters\Civil3d\Speckle.Converters.Civil3d2023\Speckle.Converters.Civil3d2023.csproj", "{98B4CA4F-1056-FAB8-9A31-ED3033B185C1}"
EndProject
Project("{2150E333-8FDC-42A3-9474-1A3956D46DE8}") = "2024", "2024", "{19A2038A-8A9B-9E8E-828D-0394B1BC6BEF}"
EndProject
Project("{FAE04EC0-301F-11D3-BF4B-00C04F79EFBC}") = "Speckle.Connectors.Autocad2024", "Connectors\Autocad\Speckle.Connectors.Autocad2024\Speckle.Connectors.Autocad2024.csproj", "{9A91B55D-2001-EF41-CBAB-BC0B51F43B7C}"
EndProject
Project("{FAE04EC0-301F-11D3-BF4B-00C04F79EFBC}") = "Speckle.Connectors.Civil3d2024", "Connectors\Autocad\Speckle.Connectors.Civil3d2024\Speckle.Connectors.Civil3d2024.csproj", "{93F86E5B-3646-8AE2-A6AF-14BE759DED85}"
EndProject
Project("{FAE04EC0-301F-11D3-BF4B-00C04F79EFBC}") = "Speckle.Converters.Autocad2024", "Converters\Autocad\Speckle.Converters.Autocad2024\Speckle.Converters.Autocad2024.csproj", "{1942520A-51DF-33B5-3302-EFA8CE3C7D05}"
EndProject
Project("{FAE04EC0-301F-11D3-BF4B-00C04F79EFBC}") = "Speckle.Converters.Civil3d2024", "Converters\Civil3d\Speckle.Converters.Civil3d2024\Speckle.Converters.Civil3d2024.csproj", "{3593C8DB-3464-122D-25EB-F2D63D351D6D}"
EndProject
Project("{2150E333-8FDC-42A3-9474-1A3956D46DE8}") = "2025", "2025", "{09A00734-75D3-C3E0-299A-D8D93AA3F67B}"
EndProject
Project("{FAE04EC0-301F-11D3-BF4B-00C04F79EFBC}") = "Speckle.Connectors.Autocad2025", "Connectors\Autocad\Speckle.Connectors.Autocad2025\Speckle.Connectors.Autocad2025.csproj", "{DA72E952-40BD-0030-4813-D9B9CF884BD0}"
EndProject
Project("{FAE04EC0-301F-11D3-BF4B-00C04F79EFBC}") = "Speckle.Connectors.Civil3d2025", "Connectors\Autocad\Speckle.Connectors.Civil3d2025\Speckle.Connectors.Civil3d2025.csproj", "{B2289D6C-AA54-B7EC-7731-4498BBB3E3E7}"
EndProject
Project("{FAE04EC0-301F-11D3-BF4B-00C04F79EFBC}") = "Speckle.Converters.Autocad2025", "Converters\Autocad\Speckle.Converters.Autocad2025\Speckle.Converters.Autocad2025.csproj", "{844D5B87-6434-F901-D3DB-BA842046EE5D}"
EndProject
Project("{FAE04EC0-301F-11D3-BF4B-00C04F79EFBC}") = "Speckle.Converters.Civil3d2025", "Converters\Civil3d\Speckle.Converters.Civil3d2025\Speckle.Converters.Civil3d2025.csproj", "{9DC717CB-E0DA-B07A-5945-A10C6B39BA27}"
EndProject
Project("{2150E333-8FDC-42A3-9474-1A3956D46DE8}") = "2026", "2026", "{D3670C11-52FA-1950-6D7E-27C5DEA68A33}"
EndProject
Project("{FAE04EC0-301F-11D3-BF4B-00C04F79EFBC}") = "Speckle.Connectors.Autocad2026", "Connectors\Autocad\Speckle.Connectors.Autocad2026\Speckle.Connectors.Autocad2026.csproj", "{699B30E9-0CCF-286C-68C4-3FB69F46306B}"
EndProject
Project("{FAE04EC0-301F-11D3-BF4B-00C04F79EFBC}") = "Speckle.Connectors.Civil3d2026", "Connectors\Autocad\Speckle.Connectors.Civil3d2026\Speckle.Connectors.Civil3d2026.csproj", "{0E5BC6E1-A8EB-42DB-E8B1-C8DD86FF0F03}"
EndProject
Project("{FAE04EC0-301F-11D3-BF4B-00C04F79EFBC}") = "Speckle.Converters.Autocad2026", "Converters\Autocad\Speckle.Converters.Autocad2026\Speckle.Converters.Autocad2026.csproj", "{0E648E8C-84B5-BF60-0234-C707EF807337}"
EndProject
Project("{FAE04EC0-301F-11D3-BF4B-00C04F79EFBC}") = "Speckle.Converters.Civil3d2026", "Converters\Civil3d\Speckle.Converters.Civil3d2026\Speckle.Converters.Civil3d2026.csproj", "{86CD543C-06B5-824F-33FD-14DF067B81CF}"
EndProject
Project("{2150E333-8FDC-42A3-9474-1A3956D46DE8}") = "Shared", "Shared", "{A97EFA6B-D703-EF29-A34D-BAD7BA42B5BE}"
EndProject
Project("{D954291E-2A0B-460D-934E-DC6B0785DB48}") = "Speckle.Connectors.AutocadShared", "Connectors\Autocad\Speckle.Connectors.AutocadShared\Speckle.Connectors.AutocadShared.shproj", "{17DC8F52-9C7D-9294-B0F0-BAE81418C44A}"
EndProject
Project("{D954291E-2A0B-460D-934E-DC6B0785DB48}") = "Speckle.Connectors.Civil3dShared", "Connectors\Autocad\Speckle.Connectors.Civil3dShared\Speckle.Connectors.Civil3dShared.shproj", "{26258AD1-813E-89BC-9EB7-E7FDC6909ED5}"
EndProject
Project("{D954291E-2A0B-460D-934E-DC6B0785DB48}") = "Speckle.Converters.AutocadShared", "Converters\Autocad\Speckle.Converters.AutocadShared\Speckle.Converters.AutocadShared.shproj", "{50746897-0F6D-D90C-5FB7-21C473F1FF95}"
EndProject
Project("{D954291E-2A0B-460D-934E-DC6B0785DB48}") = "Speckle.Converters.Civil3dShared", "Converters\Civil3d\Speckle.Converters.Civil3dShared\Speckle.Converters.Civil3dShared.shproj", "{150DC893-184D-7D8A-0461-BB4F2BB22972}"
EndProject
Project("{2150E333-8FDC-42A3-9474-1A3956D46DE8}") = "CSi", "CSi", "{E96AA2F5-4153-D816-6F97-1802CAF887FE}"
EndProject
Project("{2150E333-8FDC-42A3-9474-1A3956D46DE8}") = "ETABS21", "ETABS21", "{A77C8991-632E-BA9D-4689-30ACFFECC9D8}"
EndProject
Project("{FAE04EC0-301F-11D3-BF4B-00C04F79EFBC}") = "Speckle.Connectors.ETABS21", "Connectors\CSi\Speckle.Connectors.ETABS21\Speckle.Connectors.ETABS21.csproj", "{8EC23945-486B-42E8-8BB8-91EB85E776F0}"
EndProject
Project("{FAE04EC0-301F-11D3-BF4B-00C04F79EFBC}") = "Speckle.Converters.ETABS21", "Converters\CSi\Speckle.Converters.ETABS21\Speckle.Converters.ETABS21.csproj", "{755BCF30-91DA-B5B4-577E-647DF4A0E373}"
EndProject
Project("{2150E333-8FDC-42A3-9474-1A3956D46DE8}") = "ETABS22", "ETABS22", "{25F527C3-D6C9-4948-9F51-8FEA995A6E90}"
EndProject
Project("{FAE04EC0-301F-11D3-BF4B-00C04F79EFBC}") = "Speckle.Connectors.ETABS22", "Connectors\CSi\Speckle.Connectors.ETABS22\Speckle.Connectors.ETABS22.csproj", "{E06661E5-E427-1F1B-08AB-4B2279C989DF}"
EndProject
Project("{FAE04EC0-301F-11D3-BF4B-00C04F79EFBC}") = "Speckle.Converters.ETABS22", "Converters\CSi\Speckle.Converters.ETABS22\Speckle.Converters.ETABS22.csproj", "{3760BC5C-713D-DEC6-36D9-1730AEED60CC}"
EndProject
Project("{2150E333-8FDC-42A3-9474-1A3956D46DE8}") = "Shared", "Shared", "{BCB0B8F0-CFDD-4F71-B43F-CC0EE215476A}"
EndProject
Project("{D954291E-2A0B-460D-934E-DC6B0785DB48}") = "Speckle.Connectors.CSiShared", "Connectors\CSi\Speckle.Connectors.CSiShared\Speckle.Connectors.CSiShared.shproj", "{178780B4-BDAE-53B3-D78A-2E6281E81E02}"
EndProject
Project("{D954291E-2A0B-460D-934E-DC6B0785DB48}") = "Speckle.Connectors.ETABSShared", "Connectors\CSi\Speckle.Connectors.ETABSShared\Speckle.Connectors.ETABSShared.shproj", "{693723AC-5615-2CBC-D6AC-16A8A5BECDC0}"
EndProject
Project("{D954291E-2A0B-460D-934E-DC6B0785DB48}") = "Speckle.Converters.CSiShared", "Converters\CSi\Speckle.Converters.CSiShared\Speckle.Converters.CSiShared.shproj", "{E48E3563-91E4-FFBB-A3CD-135955CDC9A2}"
EndProject
Project("{D954291E-2A0B-460D-934E-DC6B0785DB48}") = "Speckle.Converters.ETABSShared", "Converters\CSi\Speckle.Converters.ETABSShared\Speckle.Converters.ETABSShared.shproj", "{CEE48C42-4EE2-FDB0-26F6-A83366F4F8A0}"
EndProject
Project("{2150E333-8FDC-42A3-9474-1A3956D46DE8}") = "Navisworks", "Navisworks", "{9E455C61-71BC-51BE-4564-959D6BC2ADCA}"
	ProjectSection(SolutionItems) = preProject
		Connectors\Navisworks\Directory.Build.targets = Connectors\Navisworks\Directory.Build.targets
	EndProjectSection
EndProject
Project("{2150E333-8FDC-42A3-9474-1A3956D46DE8}") = "2020", "2020", "{5FCABD51-ED8F-37B6-BE70-1AD57013C498}"
EndProject
Project("{FAE04EC0-301F-11D3-BF4B-00C04F79EFBC}") = "Speckle.Connectors.Navisworks2020", "Connectors\Navisworks\Speckle.Connectors.Navisworks2020\Speckle.Connectors.Navisworks2020.csproj", "{40714D08-CFCD-00FB-BC62-699FB84AD347}"
EndProject
Project("{FAE04EC0-301F-11D3-BF4B-00C04F79EFBC}") = "Speckle.Converters.Navisworks2020", "Converters\Navisworks\Speckle.Converters.Navisworks2020\Speckle.Converters.Navisworks2020.csproj", "{EACC6C36-1584-8606-D452-29D9F67CFF57}"
EndProject
Project("{2150E333-8FDC-42A3-9474-1A3956D46DE8}") = "2021", "2021", "{F952D581-E293-3707-F03E-D215B8C3175D}"
EndProject
Project("{FAE04EC0-301F-11D3-BF4B-00C04F79EFBC}") = "Speckle.Connectors.Navisworks2021", "Connectors\Navisworks\Speckle.Connectors.Navisworks2021\Speckle.Connectors.Navisworks2021.csproj", "{631B1E84-D750-6107-59DB-6CA5D4911BBB}"
EndProject
Project("{FAE04EC0-301F-11D3-BF4B-00C04F79EFBC}") = "Speckle.Converters.Navisworks2021", "Converters\Navisworks\Speckle.Converters.Navisworks2021\Speckle.Converters.Navisworks2021.csproj", "{FC40CB99-A1CD-48C2-16AE-B774D1593C69}"
EndProject
Project("{2150E333-8FDC-42A3-9474-1A3956D46DE8}") = "2022", "2022", "{63279E00-B611-0027-A776-721DB4755808}"
EndProject
Project("{FAE04EC0-301F-11D3-BF4B-00C04F79EFBC}") = "Speckle.Connectors.Navisworks2022", "Connectors\Navisworks\Speckle.Connectors.Navisworks2022\Speckle.Connectors.Navisworks2022.csproj", "{A49D7F59-38DA-776A-CAB6-819953C273E8}"
EndProject
Project("{FAE04EC0-301F-11D3-BF4B-00C04F79EFBC}") = "Speckle.Converters.Navisworks2022", "Converters\Navisworks\Speckle.Converters.Navisworks2022\Speckle.Converters.Navisworks2022.csproj", "{D922D61A-DE94-8727-8A50-E44D4224134F}"
EndProject
Project("{2150E333-8FDC-42A3-9474-1A3956D46DE8}") = "2023", "2023", "{E920C2C0-FB23-6D74-11AC-D2832DAF905E}"
EndProject
Project("{FAE04EC0-301F-11D3-BF4B-00C04F79EFBC}") = "Speckle.Connectors.Navisworks2023", "Connectors\Navisworks\Speckle.Connectors.Navisworks2023\Speckle.Connectors.Navisworks2023.csproj", "{9D444BD0-FD6B-FB48-0CEF-E34C1295D920}"
EndProject
Project("{FAE04EC0-301F-11D3-BF4B-00C04F79EFBC}") = "Speckle.Converters.Navisworks2023", "Converters\Navisworks\Speckle.Converters.Navisworks2023\Speckle.Converters.Navisworks2023.csproj", "{A02DB8EA-E24C-7217-2CF7-A2885D8BCDCB}"
EndProject
Project("{2150E333-8FDC-42A3-9474-1A3956D46DE8}") = "2024", "2024", "{891A2C60-57B5-6335-9AD1-C932FC113B57}"
EndProject
Project("{FAE04EC0-301F-11D3-BF4B-00C04F79EFBC}") = "Speckle.Connectors.Navisworks2024", "Connectors\Navisworks\Speckle.Connectors.Navisworks2024\Speckle.Connectors.Navisworks2024.csproj", "{54E077BF-535F-6B68-8665-06391B61E0B4}"
EndProject
Project("{FAE04EC0-301F-11D3-BF4B-00C04F79EFBC}") = "Speckle.Converters.Navisworks2024", "Converters\Navisworks\Speckle.Converters.Navisworks2024\Speckle.Converters.Navisworks2024.csproj", "{F0DF73CD-4655-F367-B1B9-9EB909179EA6}"
EndProject
Project("{2150E333-8FDC-42A3-9474-1A3956D46DE8}") = "2025", "2025", "{22FB2530-8290-6FB2-C531-257C9FFDB5D5}"
EndProject
Project("{FAE04EC0-301F-11D3-BF4B-00C04F79EFBC}") = "Speckle.Connectors.Navisworks2025", "Connectors\Navisworks\Speckle.Connectors.Navisworks2025\Speckle.Connectors.Navisworks2025.csproj", "{C3E91877-7FCD-386A-AD5A-D6DA9BEDD85F}"
EndProject
Project("{FAE04EC0-301F-11D3-BF4B-00C04F79EFBC}") = "Speckle.Converters.Navisworks2025", "Converters\Navisworks\Speckle.Converters.Navisworks2025\Speckle.Converters.Navisworks2025.csproj", "{F7D6CE38-6A79-8A12-4A4F-1A21225F665C}"
EndProject
Project("{2150E333-8FDC-42A3-9474-1A3956D46DE8}") = "2026", "2026", "{D53418B4-4C5C-CAF8-5D41-D01F6D4A2555}"
EndProject
Project("{FAE04EC0-301F-11D3-BF4B-00C04F79EFBC}") = "Speckle.Connectors.Navisworks2026", "Connectors\Navisworks\Speckle.Connectors.Navisworks2026\Speckle.Connectors.Navisworks2026.csproj", "{41CFC7B4-DB85-E092-9CD1-370EED0FAB90}"
EndProject
Project("{FAE04EC0-301F-11D3-BF4B-00C04F79EFBC}") = "Speckle.Converters.Navisworks2026", "Converters\Navisworks\Speckle.Converters.Navisworks2026\Speckle.Converters.Navisworks2026.csproj", "{4AE99EB2-18DD-C8A5-49E2-A04B6D6220E2}"
EndProject
Project("{2150E333-8FDC-42A3-9474-1A3956D46DE8}") = "Shared", "Shared", "{1C2B88F5-F71C-E70C-9C82-1FD8280DB7B6}"
EndProject
Project("{D954291E-2A0B-460D-934E-DC6B0785DB48}") = "Speckle.Connectors.NavisworksShared", "Connectors\Navisworks\Speckle.Connectors.NavisworksShared\Speckle.Connectors.NavisworksShared.shproj", "{92F98BBA-8330-0A7E-4D9F-2CB52262C19F}"
EndProject
Project("{D954291E-2A0B-460D-934E-DC6B0785DB48}") = "Speckle.Converters.NavisworksShared", "Converters\Navisworks\Speckle.Converters.NavisworksShared\Speckle.Converters.NavisworksShared.shproj", "{274DA94B-C5AF-9B9F-C17C-B77D3EA02F9F}"
EndProject
Project("{2150E333-8FDC-42A3-9474-1A3956D46DE8}") = "Revit", "Revit", "{52FC46D7-C4E9-7E7C-EBB9-C005A75CABD5}"
	ProjectSection(SolutionItems) = preProject
		Connectors\Revit\Directory.Build.targets = Connectors\Revit\Directory.Build.targets
	EndProjectSection
EndProject
Project("{2150E333-8FDC-42A3-9474-1A3956D46DE8}") = "2022", "2022", "{6DA8383F-CA06-3146-837A-A8F30BE0CC4B}"
EndProject
Project("{FAE04EC0-301F-11D3-BF4B-00C04F79EFBC}") = "Speckle.Connectors.Revit2022", "Connectors\Revit\Speckle.Connectors.Revit2022\Speckle.Connectors.Revit2022.csproj", "{EE20BFF4-FDE8-8ABE-5A83-E86F08535A80}"
EndProject
Project("{FAE04EC0-301F-11D3-BF4B-00C04F79EFBC}") = "Speckle.Converters.Revit2022", "Converters\Revit\Speckle.Converters.Revit2022\Speckle.Converters.Revit2022.csproj", "{78936FE3-FEF1-D9B4-AFD4-9AD8A0638449}"
EndProject
Project("{2150E333-8FDC-42A3-9474-1A3956D46DE8}") = "2023", "2023", "{112F1EC9-3E3B-C974-860D-08C67E0FA6A8}"
EndProject
Project("{FAE04EC0-301F-11D3-BF4B-00C04F79EFBC}") = "Speckle.Connectors.Revit2023", "Connectors\Revit\Speckle.Connectors.Revit2023\Speckle.Connectors.Revit2023.csproj", "{F0395885-8A89-BD83-1153-B4F478875EB3}"
EndProject
Project("{FAE04EC0-301F-11D3-BF4B-00C04F79EFBC}") = "Speckle.Converters.Revit2023", "Converters\Revit\Speckle.Converters.Revit2023\Speckle.Converters.Revit2023.csproj", "{51CAC260-A076-7603-41E8-633D7FB666EF}"
EndProject
Project("{2150E333-8FDC-42A3-9474-1A3956D46DE8}") = "2024", "2024", "{01E578BA-0AD5-8F0D-B9C8-4768A40D7AD0}"
EndProject
Project("{FAE04EC0-301F-11D3-BF4B-00C04F79EFBC}") = "Speckle.Connectors.Revit2024", "Connectors\Revit\Speckle.Connectors.Revit2024\Speckle.Connectors.Revit2024.csproj", "{80D9EA46-ECA6-0010-CE8C-F3D79BD77AFC}"
EndProject
Project("{FAE04EC0-301F-11D3-BF4B-00C04F79EFBC}") = "Speckle.Converters.Revit2024", "Converters\Revit\Speckle.Converters.Revit2024\Speckle.Converters.Revit2024.csproj", "{68EF67B3-A0B4-63CD-33D3-CFDA0F20FE40}"
EndProject
Project("{2150E333-8FDC-42A3-9474-1A3956D46DE8}") = "2025", "2025", "{22F07F61-AC18-393A-7C88-9A7B616515E7}"
EndProject
Project("{FAE04EC0-301F-11D3-BF4B-00C04F79EFBC}") = "Speckle.Connectors.Revit2025", "Connectors\Revit\Speckle.Connectors.Revit2025\Speckle.Connectors.Revit2025.csproj", "{8294644E-C430-D787-2CEA-88DDB44B81C8}"
EndProject
Project("{FAE04EC0-301F-11D3-BF4B-00C04F79EFBC}") = "Speckle.Converters.Revit2025", "Converters\Revit\Speckle.Converters.Revit2025\Speckle.Converters.Revit2025.csproj", "{51A4A6DE-B1D1-A45A-8855-5841C80AE9EB}"
EndProject
Project("{2150E333-8FDC-42A3-9474-1A3956D46DE8}") = "2026", "2026", "{DBF68636-363B-71EB-1637-68ABF1280701}"
EndProject
Project("{FAE04EC0-301F-11D3-BF4B-00C04F79EFBC}") = "Speckle.Connectors.Revit2026", "Connectors\Revit\Speckle.Connectors.Revit2026\Speckle.Connectors.Revit2026.csproj", "{B3C73393-7B6B-2737-2890-5416CA0F0050}"
EndProject
Project("{FAE04EC0-301F-11D3-BF4B-00C04F79EFBC}") = "Speckle.Converters.Revit2026", "Converters\Revit\Speckle.Converters.Revit2026\Speckle.Converters.Revit2026.csproj", "{449EA116-1FCA-75A9-84C8-9C1CE5FFA1EA}"
EndProject
Project("{2150E333-8FDC-42A3-9474-1A3956D46DE8}") = "Shared", "Shared", "{B172469C-40AF-30EA-2325-BFCF14EC6583}"
EndProject
Project("{FAE04EC0-301F-11D3-BF4B-00C04F79EFBC}") = "Speckle.Connectors.Revit.Common", "Connectors\Revit\Speckle.Connectors.Revit.Common\Speckle.Connectors.Revit.Common.csproj", "{CB89FC6D-CA7E-FCC1-2C36-33B88D76CF1D}"
EndProject
Project("{D954291E-2A0B-460D-934E-DC6B0785DB48}") = "Speckle.Connectors.RevitShared.Cef", "Connectors\Revit\Speckle.Connectors.RevitShared.Cef\Speckle.Connectors.RevitShared.Cef.shproj", "{80B43499-5EF1-73B7-BACC-82FA8700AE9F}"
EndProject
Project("{D954291E-2A0B-460D-934E-DC6B0785DB48}") = "Speckle.Connectors.RevitShared", "Connectors\Revit\Speckle.Connectors.RevitShared\Speckle.Connectors.RevitShared.shproj", "{A2BAEB3C-981D-B94C-35AB-1C12514A7DDF}"
EndProject
Project("{D954291E-2A0B-460D-934E-DC6B0785DB48}") = "Speckle.Converters.RevitShared.Tests", "Converters\Revit\Speckle.Converters.RevitShared.Tests\Speckle.Converters.RevitShared.Tests.shproj", "{8D96B391-4BDA-D89E-ED64-A2D7B4337FCA}"
EndProject
Project("{D954291E-2A0B-460D-934E-DC6B0785DB48}") = "Speckle.Converters.RevitShared", "Converters\Revit\Speckle.Converters.RevitShared\Speckle.Converters.RevitShared.shproj", "{3D8FEA73-464C-1250-BDCE-042690E50504}"
EndProject
Project("{2150E333-8FDC-42A3-9474-1A3956D46DE8}") = "Rhino", "Rhino", "{1FE9B3A2-9228-8E78-261C-2221B28F0E7B}"
	ProjectSection(SolutionItems) = preProject
		Connectors\Rhino\Directory.Build.targets = Connectors\Rhino\Directory.Build.targets
	EndProjectSection
EndProject
Project("{2150E333-8FDC-42A3-9474-1A3956D46DE8}") = "7", "7", "{5F20C082-6B3A-41E7-938E-C2BCE80FA8D7}"
EndProject
Project("{FAE04EC0-301F-11D3-BF4B-00C04F79EFBC}") = "Speckle.Connectors.Grasshopper7", "Connectors\Rhino\Speckle.Connectors.Grasshopper7\Speckle.Connectors.Grasshopper7.csproj", "{590EA9DF-CFB8-602D-2651-F1C4E7AB2140}"
EndProject
Project("{FAE04EC0-301F-11D3-BF4B-00C04F79EFBC}") = "Speckle.Connectors.Rhino7", "Connectors\Rhino\Speckle.Connectors.Rhino7\Speckle.Connectors.Rhino7.csproj", "{47154A61-7B90-45CD-5A04-617125D0D2F8}"
EndProject
Project("{FAE04EC0-301F-11D3-BF4B-00C04F79EFBC}") = "Speckle.Converters.Rhino7", "Converters\Rhino\Speckle.Converters.Rhino7\Speckle.Converters.Rhino7.csproj", "{8A4F3FAE-4B5B-AABC-767A-39475C947824}"
EndProject
Project("{2150E333-8FDC-42A3-9474-1A3956D46DE8}") = "8", "8", "{DB77E488-CD1B-681C-687F-AFA935E8E6A8}"
EndProject
Project("{FAE04EC0-301F-11D3-BF4B-00C04F79EFBC}") = "Speckle.Connectors.Grasshopper8", "Connectors\Rhino\Speckle.Connectors.Grasshopper8\Speckle.Connectors.Grasshopper8.csproj", "{2DF824DD-0A2F-0B15-F225-B054C92BC4EA}"
EndProject
Project("{FAE04EC0-301F-11D3-BF4B-00C04F79EFBC}") = "Speckle.Connectors.Rhino8", "Connectors\Rhino\Speckle.Connectors.Rhino8\Speckle.Connectors.Rhino8.csproj", "{5807B4F7-5CCB-E01D-A024-0E8BEFE0D7F0}"
EndProject
Project("{FAE04EC0-301F-11D3-BF4B-00C04F79EFBC}") = "Speckle.Converters.Rhino8", "Converters\Rhino\Speckle.Converters.Rhino8\Speckle.Converters.Rhino8.csproj", "{0D2A2F22-EAB0-802A-7ECE-AB012CE69B8D}"
EndProject
Project("{2150E333-8FDC-42A3-9474-1A3956D46DE8}") = "Shared", "Shared", "{515D0695-DED8-6A19-72D5-7E987736EE52}"
EndProject
Project("{D954291E-2A0B-460D-934E-DC6B0785DB48}") = "Speckle.Connectors.GrasshopperShared", "Connectors\Rhino\Speckle.Connectors.GrasshopperShared\Speckle.Connectors.GrasshopperShared.shproj", "{66FDCF46-2365-F12E-9F40-92E86543B5A2}"
EndProject
Project("{D954291E-2A0B-460D-934E-DC6B0785DB48}") = "Speckle.Connectors.RhinoShared", "Connectors\Rhino\Speckle.Connectors.RhinoShared\Speckle.Connectors.RhinoShared.shproj", "{5656FFF1-BE6C-CADF-3C0E-B55BB5A8D420}"
EndProject
Project("{D954291E-2A0B-460D-934E-DC6B0785DB48}") = "Speckle.Converters.RhinoShared", "Converters\Rhino\Speckle.Converters.RhinoShared\Speckle.Converters.RhinoShared.shproj", "{D5E17E24-8C2E-BFBD-6DD6-04E2526F3AAD}"
EndProject
Project("{2150E333-8FDC-42A3-9474-1A3956D46DE8}") = "Tekla", "Tekla", "{1B231246-B9B0-FA75-34F3-A3EDE5646801}"
	ProjectSection(SolutionItems) = preProject
		Connectors\Tekla\Directory.Build.targets = Connectors\Tekla\Directory.Build.targets
	EndProjectSection
EndProject
Project("{2150E333-8FDC-42A3-9474-1A3956D46DE8}") = "2023", "2023", "{8CE9DB62-9F2A-1C8B-0F39-2ECF63A46F64}"
EndProject
Project("{FAE04EC0-301F-11D3-BF4B-00C04F79EFBC}") = "Speckle.Connector.Tekla2023", "Connectors\Tekla\Speckle.Connector.Tekla2023\Speckle.Connector.Tekla2023.csproj", "{F25007C0-8D07-C1E5-7B75-AA38E6631433}"
EndProject
Project("{FAE04EC0-301F-11D3-BF4B-00C04F79EFBC}") = "Speckle.Converter.Tekla2023", "Converters\Tekla\Speckle.Converter.Tekla2023\Speckle.Converter.Tekla2023.csproj", "{DE2BD7A5-73D7-2F13-B4D6-B7FBA4E555CE}"
EndProject
Project("{2150E333-8FDC-42A3-9474-1A3956D46DE8}") = "2024", "2024", "{AE2FA447-6C69-55EC-F768-10F7C886FDD4}"
EndProject
Project("{FAE04EC0-301F-11D3-BF4B-00C04F79EFBC}") = "Speckle.Connector.Tekla2024", "Connectors\Tekla\Speckle.Connector.Tekla2024\Speckle.Connector.Tekla2024.csproj", "{16D66817-84AC-6F98-43A3-B949FE43E7EB}"
EndProject
Project("{FAE04EC0-301F-11D3-BF4B-00C04F79EFBC}") = "Speckle.Converter.Tekla2024", "Converters\Tekla\Speckle.Converter.Tekla2024\Speckle.Converter.Tekla2024.csproj", "{8ECEBBA5-9937-1AA7-4559-B893636B7D9D}"
EndProject
Project("{2150E333-8FDC-42A3-9474-1A3956D46DE8}") = "Shared", "Shared", "{94F25D9A-B6F6-D28E-D0D2-505B0593377D}"
EndProject
Project("{D954291E-2A0B-460D-934E-DC6B0785DB48}") = "Speckle.Connectors.TeklaShared", "Connectors\Tekla\Speckle.Connector.TeklaShared\Speckle.Connectors.TeklaShared.shproj", "{AE2D5433-EF5A-C41F-57DA-7F068F42B44E}"
EndProject
Project("{D954291E-2A0B-460D-934E-DC6B0785DB48}") = "Speckle.Converters.TeklaShared", "Converters\Tekla\Speckle.Converters.TeklaShared\Speckle.Converters.TeklaShared.shproj", "{16595D42-4729-C996-36A3-A46843542782}"
EndProject
Project("{2150E333-8FDC-42A3-9474-1A3956D46DE8}") = "Importers", "Importers", "{0B7587C3-F447-44C0-7126-E1085C8A32F4}"
EndProject
Project("{2150E333-8FDC-42A3-9474-1A3956D46DE8}") = "Ifc", "Ifc", "{88E31408-0177-4235-0BE8-6C9C8103E392}"
EndProject
Project("{FAE04EC0-301F-11D3-BF4B-00C04F79EFBC}") = "Speckle.Importers.Ifc.Tester2", "Importers\Ifc\Speckle.Importers.Ifc.Tester2\Speckle.Importers.Ifc.Tester2.csproj", "{2209146E-0E51-36BC-A05C-0778B5EEBBA1}"
EndProject
Project("{FAE04EC0-301F-11D3-BF4B-00C04F79EFBC}") = "Speckle.Importers.Ifc.Tester", "Importers\Ifc\Speckle.Importers.Ifc.Tester\Speckle.Importers.Ifc.Tester.csproj", "{9DC47E2F-957F-CECC-82C0-1BAD872F8E13}"
EndProject
Project("{FAE04EC0-301F-11D3-BF4B-00C04F79EFBC}") = "Speckle.Importers.Ifc", "Importers\Ifc\Speckle.Importers.Ifc\Speckle.Importers.Ifc.csproj", "{9F11639F-3AB6-867F-7968-FFF8BFD8C410}"
EndProject
Project("{2150E333-8FDC-42A3-9474-1A3956D46DE8}") = "Sdk", "Sdk", "{FF13A09E-0E72-1904-124B-A4E979EF28D3}"
EndProject
Project("{FAE04EC0-301F-11D3-BF4B-00C04F79EFBC}") = "Speckle.Connectors.DUI.Tests", "DUI3\Speckle.Connectors.DUI.Tests\Speckle.Connectors.DUI.Tests.csproj", "{9AA81E7A-C9BC-C56B-BE8F-55BC1D85EEBF}"
EndProject
Project("{FAE04EC0-301F-11D3-BF4B-00C04F79EFBC}") = "Speckle.Connectors.DUI.WebView", "DUI3\Speckle.Connectors.DUI.WebView\Speckle.Connectors.DUI.WebView.csproj", "{1BD0E5FD-D4B8-8018-08FE-E7DD4ABA741F}"
EndProject
Project("{FAE04EC0-301F-11D3-BF4B-00C04F79EFBC}") = "Speckle.Connectors.DUI", "DUI3\Speckle.Connectors.DUI\Speckle.Connectors.DUI.csproj", "{DED02E6A-BF10-1170-C5BA-386908AB0111}"
EndProject
Project("{FAE04EC0-301F-11D3-BF4B-00C04F79EFBC}") = "Speckle.Common.MeshTriangulation", "Sdk\Speckle.Common.MeshTriangulation\Speckle.Common.MeshTriangulation.csproj", "{715A6E5F-401D-4689-99DD-4AAE36B81A6E}"
EndProject
Project("{FAE04EC0-301F-11D3-BF4B-00C04F79EFBC}") = "Speckle.Connectors.Common.Tests", "Sdk\Speckle.Connectors.Common.Tests\Speckle.Connectors.Common.Tests.csproj", "{7F39512A-3E84-55AC-A090-1BD235516851}"
EndProject
Project("{FAE04EC0-301F-11D3-BF4B-00C04F79EFBC}") = "Speckle.Connectors.Common", "Sdk\Speckle.Connectors.Common\Speckle.Connectors.Common.csproj", "{44E4BB0E-3840-E380-6B72-B8A9C6282870}"
EndProject
Project("{FAE04EC0-301F-11D3-BF4B-00C04F79EFBC}") = "Speckle.Connectors.Logging", "Sdk\Speckle.Connectors.Logging\Speckle.Connectors.Logging.csproj", "{A23FED16-9F68-2ACA-8EAE-45F24BE75BF4}"
EndProject
Project("{FAE04EC0-301F-11D3-BF4B-00C04F79EFBC}") = "Speckle.Converters.Common.Tests", "Sdk\Speckle.Converters.Common.Tests\Speckle.Converters.Common.Tests.csproj", "{B7F53593-F30A-ADD4-BD09-1EFE8F4E7453}"
EndProject
Project("{FAE04EC0-301F-11D3-BF4B-00C04F79EFBC}") = "Speckle.Converters.Common", "Sdk\Speckle.Converters.Common\Speckle.Converters.Common.csproj", "{37C78F74-1AFB-8865-7C2A-03B6B4262134}"
EndProject
Project("{FAE04EC0-301F-11D3-BF4B-00C04F79EFBC}") = "Speckle.Performance", "Sdk\Speckle.Performance\Speckle.Performance.csproj", "{C3BD4841-7C1F-23F7-20AB-C30A678001F5}"
EndProject
Project("{FAE04EC0-301F-11D3-BF4B-00C04F79EFBC}") = "Speckle.Testing", "Sdk\Speckle.Testing\Speckle.Testing.csproj", "{02E79865-6261-CDE0-77EA-3DD2E01DACBD}"
EndProject
Project("{FAE04EC0-301F-11D3-BF4B-00C04F79EFBC}") = "Speckle.Objects", "..\speckle-sharp-sdk\src\Speckle.Objects\Speckle.Objects.csproj", "{FBD58ABD-9704-C232-7CF3-D96EC5CFCBE6}"
EndProject
Project("{FAE04EC0-301F-11D3-BF4B-00C04F79EFBC}") = "Speckle.Sdk", "..\speckle-sharp-sdk\src\Speckle.Sdk\Speckle.Sdk.csproj", "{0201A282-BEFA-8897-C535-03EBAC94870B}"
EndProject
Project("{FAE04EC0-301F-11D3-BF4B-00C04F79EFBC}") = "Speckle.Sdk.Dependencies", "..\speckle-sharp-sdk\src\Speckle.Sdk.Dependencies\Speckle.Sdk.Dependencies.csproj", "{0677CA87-027F-D526-4463-3517F75B76EC}"
EndProject
Project("{2150E333-8FDC-42A3-9474-1A3956D46DE8}") = "2025", "2025", "{CCAFF012-8A10-421E-9FC3-94A2FC211C92}"
EndProject
Project("{FAE04EC0-301F-11D3-BF4B-00C04F79EFBC}") = "Speckle.Connector.Tekla2025", "Connectors\Tekla\Speckle.Connector.Tekla2025\Speckle.Connector.Tekla2025.csproj", "{EE95CAE5-E9C3-4225-9F2E-3748BED87289}"
EndProject
Project("{FAE04EC0-301F-11D3-BF4B-00C04F79EFBC}") = "Speckle.Converter.Tekla2025", "Converters\Tekla\Speckle.Converter.Tekla2025\Speckle.Converter.Tekla2025.csproj", "{4D003F80-5116-473E-879D-6D2280DEEB0D}"
EndProject
Global
	GlobalSection(SolutionConfigurationPlatforms) = preSolution
		Debug|Any CPU = Debug|Any CPU
		Local|Any CPU = Local|Any CPU
		Release|Any CPU = Release|Any CPU
	EndGlobalSection
	GlobalSection(ProjectConfigurationPlatforms) = postSolution
		{7DF908B3-503D-51C2-3675-626DC2895B77}.Debug|Any CPU.ActiveCfg = Debug|Any CPU
		{7DF908B3-503D-51C2-3675-626DC2895B77}.Debug|Any CPU.Build.0 = Debug|Any CPU
		{7DF908B3-503D-51C2-3675-626DC2895B77}.Local|Any CPU.ActiveCfg = Local|Any CPU
		{7DF908B3-503D-51C2-3675-626DC2895B77}.Local|Any CPU.Build.0 = Local|Any CPU
		{7DF908B3-503D-51C2-3675-626DC2895B77}.Release|Any CPU.ActiveCfg = Release|Any CPU
		{7DF908B3-503D-51C2-3675-626DC2895B77}.Release|Any CPU.Build.0 = Release|Any CPU
		{7D91B3D8-2244-F1FE-926B-20969A99C019}.Debug|Any CPU.ActiveCfg = Debug|Any CPU
		{7D91B3D8-2244-F1FE-926B-20969A99C019}.Debug|Any CPU.Build.0 = Debug|Any CPU
		{7D91B3D8-2244-F1FE-926B-20969A99C019}.Local|Any CPU.ActiveCfg = Local|Any CPU
		{7D91B3D8-2244-F1FE-926B-20969A99C019}.Local|Any CPU.Build.0 = Local|Any CPU
		{7D91B3D8-2244-F1FE-926B-20969A99C019}.Release|Any CPU.ActiveCfg = Release|Any CPU
		{7D91B3D8-2244-F1FE-926B-20969A99C019}.Release|Any CPU.Build.0 = Release|Any CPU
		{52C8FD12-3D43-BF5A-AB69-09D419D88CE4}.Debug|Any CPU.ActiveCfg = Debug|Any CPU
		{52C8FD12-3D43-BF5A-AB69-09D419D88CE4}.Debug|Any CPU.Build.0 = Debug|Any CPU
		{52C8FD12-3D43-BF5A-AB69-09D419D88CE4}.Local|Any CPU.ActiveCfg = Local|Any CPU
		{52C8FD12-3D43-BF5A-AB69-09D419D88CE4}.Local|Any CPU.Build.0 = Local|Any CPU
		{52C8FD12-3D43-BF5A-AB69-09D419D88CE4}.Release|Any CPU.ActiveCfg = Release|Any CPU
		{52C8FD12-3D43-BF5A-AB69-09D419D88CE4}.Release|Any CPU.Build.0 = Release|Any CPU
		{BAA574B9-A832-3321-694F-FE5DD723BC72}.Debug|Any CPU.ActiveCfg = Debug|Any CPU
		{BAA574B9-A832-3321-694F-FE5DD723BC72}.Debug|Any CPU.Build.0 = Debug|Any CPU
		{BAA574B9-A832-3321-694F-FE5DD723BC72}.Local|Any CPU.ActiveCfg = Local|Any CPU
		{BAA574B9-A832-3321-694F-FE5DD723BC72}.Local|Any CPU.Build.0 = Local|Any CPU
		{BAA574B9-A832-3321-694F-FE5DD723BC72}.Release|Any CPU.ActiveCfg = Release|Any CPU
		{BAA574B9-A832-3321-694F-FE5DD723BC72}.Release|Any CPU.Build.0 = Release|Any CPU
		{B1F0D7B5-1E22-0EEA-8697-DB5F2EC74CC5}.Debug|Any CPU.ActiveCfg = Debug|Any CPU
		{B1F0D7B5-1E22-0EEA-8697-DB5F2EC74CC5}.Debug|Any CPU.Build.0 = Debug|Any CPU
		{B1F0D7B5-1E22-0EEA-8697-DB5F2EC74CC5}.Local|Any CPU.ActiveCfg = Local|Any CPU
		{B1F0D7B5-1E22-0EEA-8697-DB5F2EC74CC5}.Local|Any CPU.Build.0 = Local|Any CPU
		{B1F0D7B5-1E22-0EEA-8697-DB5F2EC74CC5}.Release|Any CPU.ActiveCfg = Release|Any CPU
		{B1F0D7B5-1E22-0EEA-8697-DB5F2EC74CC5}.Release|Any CPU.Build.0 = Release|Any CPU
		{AAFFA200-4BDB-C6AC-5EF8-0ADE119A1896}.Debug|Any CPU.ActiveCfg = Debug|Any CPU
		{AAFFA200-4BDB-C6AC-5EF8-0ADE119A1896}.Debug|Any CPU.Build.0 = Debug|Any CPU
		{AAFFA200-4BDB-C6AC-5EF8-0ADE119A1896}.Local|Any CPU.ActiveCfg = Local|Any CPU
		{AAFFA200-4BDB-C6AC-5EF8-0ADE119A1896}.Local|Any CPU.Build.0 = Local|Any CPU
		{AAFFA200-4BDB-C6AC-5EF8-0ADE119A1896}.Release|Any CPU.ActiveCfg = Release|Any CPU
		{AAFFA200-4BDB-C6AC-5EF8-0ADE119A1896}.Release|Any CPU.Build.0 = Release|Any CPU
		{48D5AA79-8214-79E7-4168-ABA7A93577D4}.Debug|Any CPU.ActiveCfg = Debug|Any CPU
		{48D5AA79-8214-79E7-4168-ABA7A93577D4}.Debug|Any CPU.Build.0 = Debug|Any CPU
		{48D5AA79-8214-79E7-4168-ABA7A93577D4}.Local|Any CPU.ActiveCfg = Local|Any CPU
		{48D5AA79-8214-79E7-4168-ABA7A93577D4}.Local|Any CPU.Build.0 = Local|Any CPU
		{48D5AA79-8214-79E7-4168-ABA7A93577D4}.Release|Any CPU.ActiveCfg = Release|Any CPU
		{48D5AA79-8214-79E7-4168-ABA7A93577D4}.Release|Any CPU.Build.0 = Release|Any CPU
		{45A4D7E5-2E89-282A-C772-6734801B1823}.Debug|Any CPU.ActiveCfg = Debug|Any CPU
		{45A4D7E5-2E89-282A-C772-6734801B1823}.Debug|Any CPU.Build.0 = Debug|Any CPU
		{45A4D7E5-2E89-282A-C772-6734801B1823}.Local|Any CPU.ActiveCfg = Local|Any CPU
		{45A4D7E5-2E89-282A-C772-6734801B1823}.Local|Any CPU.Build.0 = Local|Any CPU
		{45A4D7E5-2E89-282A-C772-6734801B1823}.Release|Any CPU.ActiveCfg = Release|Any CPU
		{45A4D7E5-2E89-282A-C772-6734801B1823}.Release|Any CPU.Build.0 = Release|Any CPU
		{D830A926-621F-1342-5638-D05C4B47DE1E}.Debug|Any CPU.ActiveCfg = Debug|Any CPU
		{D830A926-621F-1342-5638-D05C4B47DE1E}.Debug|Any CPU.Build.0 = Debug|Any CPU
		{D830A926-621F-1342-5638-D05C4B47DE1E}.Local|Any CPU.ActiveCfg = Local|Any CPU
		{D830A926-621F-1342-5638-D05C4B47DE1E}.Local|Any CPU.Build.0 = Local|Any CPU
		{D830A926-621F-1342-5638-D05C4B47DE1E}.Release|Any CPU.ActiveCfg = Release|Any CPU
		{D830A926-621F-1342-5638-D05C4B47DE1E}.Release|Any CPU.Build.0 = Release|Any CPU
		{2B945A0E-F059-43EA-B954-C68FD0829004}.Debug|Any CPU.ActiveCfg = Debug|Any CPU
		{2B945A0E-F059-43EA-B954-C68FD0829004}.Debug|Any CPU.Build.0 = Debug|Any CPU
		{2B945A0E-F059-43EA-B954-C68FD0829004}.Local|Any CPU.ActiveCfg = Local|Any CPU
		{2B945A0E-F059-43EA-B954-C68FD0829004}.Local|Any CPU.Build.0 = Local|Any CPU
		{2B945A0E-F059-43EA-B954-C68FD0829004}.Release|Any CPU.ActiveCfg = Release|Any CPU
		{2B945A0E-F059-43EA-B954-C68FD0829004}.Release|Any CPU.Build.0 = Release|Any CPU
		{98B4CA4F-1056-FAB8-9A31-ED3033B185C1}.Debug|Any CPU.ActiveCfg = Debug|Any CPU
		{98B4CA4F-1056-FAB8-9A31-ED3033B185C1}.Debug|Any CPU.Build.0 = Debug|Any CPU
		{98B4CA4F-1056-FAB8-9A31-ED3033B185C1}.Local|Any CPU.ActiveCfg = Local|Any CPU
		{98B4CA4F-1056-FAB8-9A31-ED3033B185C1}.Local|Any CPU.Build.0 = Local|Any CPU
		{98B4CA4F-1056-FAB8-9A31-ED3033B185C1}.Release|Any CPU.ActiveCfg = Release|Any CPU
		{98B4CA4F-1056-FAB8-9A31-ED3033B185C1}.Release|Any CPU.Build.0 = Release|Any CPU
		{9A91B55D-2001-EF41-CBAB-BC0B51F43B7C}.Debug|Any CPU.ActiveCfg = Debug|Any CPU
		{9A91B55D-2001-EF41-CBAB-BC0B51F43B7C}.Debug|Any CPU.Build.0 = Debug|Any CPU
		{9A91B55D-2001-EF41-CBAB-BC0B51F43B7C}.Local|Any CPU.ActiveCfg = Local|Any CPU
		{9A91B55D-2001-EF41-CBAB-BC0B51F43B7C}.Local|Any CPU.Build.0 = Local|Any CPU
		{9A91B55D-2001-EF41-CBAB-BC0B51F43B7C}.Release|Any CPU.ActiveCfg = Release|Any CPU
		{9A91B55D-2001-EF41-CBAB-BC0B51F43B7C}.Release|Any CPU.Build.0 = Release|Any CPU
		{93F86E5B-3646-8AE2-A6AF-14BE759DED85}.Debug|Any CPU.ActiveCfg = Debug|Any CPU
		{93F86E5B-3646-8AE2-A6AF-14BE759DED85}.Debug|Any CPU.Build.0 = Debug|Any CPU
		{93F86E5B-3646-8AE2-A6AF-14BE759DED85}.Local|Any CPU.ActiveCfg = Local|Any CPU
		{93F86E5B-3646-8AE2-A6AF-14BE759DED85}.Local|Any CPU.Build.0 = Local|Any CPU
		{93F86E5B-3646-8AE2-A6AF-14BE759DED85}.Release|Any CPU.ActiveCfg = Release|Any CPU
		{93F86E5B-3646-8AE2-A6AF-14BE759DED85}.Release|Any CPU.Build.0 = Release|Any CPU
		{1942520A-51DF-33B5-3302-EFA8CE3C7D05}.Debug|Any CPU.ActiveCfg = Debug|Any CPU
		{1942520A-51DF-33B5-3302-EFA8CE3C7D05}.Debug|Any CPU.Build.0 = Debug|Any CPU
		{1942520A-51DF-33B5-3302-EFA8CE3C7D05}.Local|Any CPU.ActiveCfg = Local|Any CPU
		{1942520A-51DF-33B5-3302-EFA8CE3C7D05}.Local|Any CPU.Build.0 = Local|Any CPU
		{1942520A-51DF-33B5-3302-EFA8CE3C7D05}.Release|Any CPU.ActiveCfg = Release|Any CPU
		{1942520A-51DF-33B5-3302-EFA8CE3C7D05}.Release|Any CPU.Build.0 = Release|Any CPU
		{3593C8DB-3464-122D-25EB-F2D63D351D6D}.Debug|Any CPU.ActiveCfg = Debug|Any CPU
		{3593C8DB-3464-122D-25EB-F2D63D351D6D}.Debug|Any CPU.Build.0 = Debug|Any CPU
		{3593C8DB-3464-122D-25EB-F2D63D351D6D}.Local|Any CPU.ActiveCfg = Local|Any CPU
		{3593C8DB-3464-122D-25EB-F2D63D351D6D}.Local|Any CPU.Build.0 = Local|Any CPU
		{3593C8DB-3464-122D-25EB-F2D63D351D6D}.Release|Any CPU.ActiveCfg = Release|Any CPU
		{3593C8DB-3464-122D-25EB-F2D63D351D6D}.Release|Any CPU.Build.0 = Release|Any CPU
		{DA72E952-40BD-0030-4813-D9B9CF884BD0}.Debug|Any CPU.ActiveCfg = Debug|Any CPU
		{DA72E952-40BD-0030-4813-D9B9CF884BD0}.Debug|Any CPU.Build.0 = Debug|Any CPU
		{DA72E952-40BD-0030-4813-D9B9CF884BD0}.Local|Any CPU.ActiveCfg = Local|Any CPU
		{DA72E952-40BD-0030-4813-D9B9CF884BD0}.Local|Any CPU.Build.0 = Local|Any CPU
		{DA72E952-40BD-0030-4813-D9B9CF884BD0}.Release|Any CPU.ActiveCfg = Release|Any CPU
		{DA72E952-40BD-0030-4813-D9B9CF884BD0}.Release|Any CPU.Build.0 = Release|Any CPU
		{B2289D6C-AA54-B7EC-7731-4498BBB3E3E7}.Debug|Any CPU.ActiveCfg = Debug|Any CPU
		{B2289D6C-AA54-B7EC-7731-4498BBB3E3E7}.Debug|Any CPU.Build.0 = Debug|Any CPU
		{B2289D6C-AA54-B7EC-7731-4498BBB3E3E7}.Local|Any CPU.ActiveCfg = Local|Any CPU
		{B2289D6C-AA54-B7EC-7731-4498BBB3E3E7}.Local|Any CPU.Build.0 = Local|Any CPU
		{B2289D6C-AA54-B7EC-7731-4498BBB3E3E7}.Release|Any CPU.ActiveCfg = Release|Any CPU
		{B2289D6C-AA54-B7EC-7731-4498BBB3E3E7}.Release|Any CPU.Build.0 = Release|Any CPU
		{844D5B87-6434-F901-D3DB-BA842046EE5D}.Debug|Any CPU.ActiveCfg = Debug|Any CPU
		{844D5B87-6434-F901-D3DB-BA842046EE5D}.Debug|Any CPU.Build.0 = Debug|Any CPU
		{844D5B87-6434-F901-D3DB-BA842046EE5D}.Local|Any CPU.ActiveCfg = Local|Any CPU
		{844D5B87-6434-F901-D3DB-BA842046EE5D}.Local|Any CPU.Build.0 = Local|Any CPU
		{844D5B87-6434-F901-D3DB-BA842046EE5D}.Release|Any CPU.ActiveCfg = Release|Any CPU
		{844D5B87-6434-F901-D3DB-BA842046EE5D}.Release|Any CPU.Build.0 = Release|Any CPU
		{9DC717CB-E0DA-B07A-5945-A10C6B39BA27}.Debug|Any CPU.ActiveCfg = Debug|Any CPU
		{9DC717CB-E0DA-B07A-5945-A10C6B39BA27}.Debug|Any CPU.Build.0 = Debug|Any CPU
		{9DC717CB-E0DA-B07A-5945-A10C6B39BA27}.Local|Any CPU.ActiveCfg = Local|Any CPU
		{9DC717CB-E0DA-B07A-5945-A10C6B39BA27}.Local|Any CPU.Build.0 = Local|Any CPU
		{9DC717CB-E0DA-B07A-5945-A10C6B39BA27}.Release|Any CPU.ActiveCfg = Release|Any CPU
		{9DC717CB-E0DA-B07A-5945-A10C6B39BA27}.Release|Any CPU.Build.0 = Release|Any CPU
		{699B30E9-0CCF-286C-68C4-3FB69F46306B}.Debug|Any CPU.ActiveCfg = Debug|Any CPU
		{699B30E9-0CCF-286C-68C4-3FB69F46306B}.Debug|Any CPU.Build.0 = Debug|Any CPU
		{699B30E9-0CCF-286C-68C4-3FB69F46306B}.Local|Any CPU.ActiveCfg = Local|Any CPU
		{699B30E9-0CCF-286C-68C4-3FB69F46306B}.Local|Any CPU.Build.0 = Local|Any CPU
		{699B30E9-0CCF-286C-68C4-3FB69F46306B}.Release|Any CPU.ActiveCfg = Release|Any CPU
		{699B30E9-0CCF-286C-68C4-3FB69F46306B}.Release|Any CPU.Build.0 = Release|Any CPU
		{0E5BC6E1-A8EB-42DB-E8B1-C8DD86FF0F03}.Debug|Any CPU.ActiveCfg = Debug|Any CPU
		{0E5BC6E1-A8EB-42DB-E8B1-C8DD86FF0F03}.Debug|Any CPU.Build.0 = Debug|Any CPU
		{0E5BC6E1-A8EB-42DB-E8B1-C8DD86FF0F03}.Local|Any CPU.ActiveCfg = Local|Any CPU
		{0E5BC6E1-A8EB-42DB-E8B1-C8DD86FF0F03}.Local|Any CPU.Build.0 = Local|Any CPU
		{0E5BC6E1-A8EB-42DB-E8B1-C8DD86FF0F03}.Release|Any CPU.ActiveCfg = Release|Any CPU
		{0E5BC6E1-A8EB-42DB-E8B1-C8DD86FF0F03}.Release|Any CPU.Build.0 = Release|Any CPU
		{0E648E8C-84B5-BF60-0234-C707EF807337}.Debug|Any CPU.ActiveCfg = Debug|Any CPU
		{0E648E8C-84B5-BF60-0234-C707EF807337}.Debug|Any CPU.Build.0 = Debug|Any CPU
		{0E648E8C-84B5-BF60-0234-C707EF807337}.Local|Any CPU.ActiveCfg = Local|Any CPU
		{0E648E8C-84B5-BF60-0234-C707EF807337}.Local|Any CPU.Build.0 = Local|Any CPU
		{0E648E8C-84B5-BF60-0234-C707EF807337}.Release|Any CPU.ActiveCfg = Release|Any CPU
		{0E648E8C-84B5-BF60-0234-C707EF807337}.Release|Any CPU.Build.0 = Release|Any CPU
		{86CD543C-06B5-824F-33FD-14DF067B81CF}.Debug|Any CPU.ActiveCfg = Debug|Any CPU
		{86CD543C-06B5-824F-33FD-14DF067B81CF}.Debug|Any CPU.Build.0 = Debug|Any CPU
		{86CD543C-06B5-824F-33FD-14DF067B81CF}.Local|Any CPU.ActiveCfg = Local|Any CPU
		{86CD543C-06B5-824F-33FD-14DF067B81CF}.Local|Any CPU.Build.0 = Local|Any CPU
		{86CD543C-06B5-824F-33FD-14DF067B81CF}.Release|Any CPU.ActiveCfg = Release|Any CPU
		{86CD543C-06B5-824F-33FD-14DF067B81CF}.Release|Any CPU.Build.0 = Release|Any CPU
		{8EC23945-486B-42E8-8BB8-91EB85E776F0}.Debug|Any CPU.ActiveCfg = Debug|Any CPU
		{8EC23945-486B-42E8-8BB8-91EB85E776F0}.Debug|Any CPU.Build.0 = Debug|Any CPU
		{8EC23945-486B-42E8-8BB8-91EB85E776F0}.Local|Any CPU.ActiveCfg = Local|Any CPU
		{8EC23945-486B-42E8-8BB8-91EB85E776F0}.Local|Any CPU.Build.0 = Local|Any CPU
		{8EC23945-486B-42E8-8BB8-91EB85E776F0}.Release|Any CPU.ActiveCfg = Release|Any CPU
		{8EC23945-486B-42E8-8BB8-91EB85E776F0}.Release|Any CPU.Build.0 = Release|Any CPU
		{755BCF30-91DA-B5B4-577E-647DF4A0E373}.Debug|Any CPU.ActiveCfg = Debug|Any CPU
		{755BCF30-91DA-B5B4-577E-647DF4A0E373}.Debug|Any CPU.Build.0 = Debug|Any CPU
		{755BCF30-91DA-B5B4-577E-647DF4A0E373}.Local|Any CPU.ActiveCfg = Local|Any CPU
		{755BCF30-91DA-B5B4-577E-647DF4A0E373}.Local|Any CPU.Build.0 = Local|Any CPU
		{755BCF30-91DA-B5B4-577E-647DF4A0E373}.Release|Any CPU.ActiveCfg = Release|Any CPU
		{755BCF30-91DA-B5B4-577E-647DF4A0E373}.Release|Any CPU.Build.0 = Release|Any CPU
		{E06661E5-E427-1F1B-08AB-4B2279C989DF}.Debug|Any CPU.ActiveCfg = Debug|Any CPU
		{E06661E5-E427-1F1B-08AB-4B2279C989DF}.Debug|Any CPU.Build.0 = Debug|Any CPU
		{E06661E5-E427-1F1B-08AB-4B2279C989DF}.Local|Any CPU.ActiveCfg = Local|Any CPU
		{E06661E5-E427-1F1B-08AB-4B2279C989DF}.Local|Any CPU.Build.0 = Local|Any CPU
		{E06661E5-E427-1F1B-08AB-4B2279C989DF}.Release|Any CPU.ActiveCfg = Release|Any CPU
		{E06661E5-E427-1F1B-08AB-4B2279C989DF}.Release|Any CPU.Build.0 = Release|Any CPU
		{3760BC5C-713D-DEC6-36D9-1730AEED60CC}.Debug|Any CPU.ActiveCfg = Debug|Any CPU
		{3760BC5C-713D-DEC6-36D9-1730AEED60CC}.Debug|Any CPU.Build.0 = Debug|Any CPU
		{3760BC5C-713D-DEC6-36D9-1730AEED60CC}.Local|Any CPU.ActiveCfg = Local|Any CPU
		{3760BC5C-713D-DEC6-36D9-1730AEED60CC}.Local|Any CPU.Build.0 = Local|Any CPU
		{3760BC5C-713D-DEC6-36D9-1730AEED60CC}.Release|Any CPU.ActiveCfg = Release|Any CPU
		{3760BC5C-713D-DEC6-36D9-1730AEED60CC}.Release|Any CPU.Build.0 = Release|Any CPU
		{40714D08-CFCD-00FB-BC62-699FB84AD347}.Debug|Any CPU.ActiveCfg = Debug|Any CPU
		{40714D08-CFCD-00FB-BC62-699FB84AD347}.Debug|Any CPU.Build.0 = Debug|Any CPU
		{40714D08-CFCD-00FB-BC62-699FB84AD347}.Local|Any CPU.ActiveCfg = Local|Any CPU
		{40714D08-CFCD-00FB-BC62-699FB84AD347}.Local|Any CPU.Build.0 = Local|Any CPU
		{40714D08-CFCD-00FB-BC62-699FB84AD347}.Release|Any CPU.ActiveCfg = Release|Any CPU
		{40714D08-CFCD-00FB-BC62-699FB84AD347}.Release|Any CPU.Build.0 = Release|Any CPU
		{EACC6C36-1584-8606-D452-29D9F67CFF57}.Debug|Any CPU.ActiveCfg = Debug|Any CPU
		{EACC6C36-1584-8606-D452-29D9F67CFF57}.Debug|Any CPU.Build.0 = Debug|Any CPU
		{EACC6C36-1584-8606-D452-29D9F67CFF57}.Local|Any CPU.ActiveCfg = Local|Any CPU
		{EACC6C36-1584-8606-D452-29D9F67CFF57}.Local|Any CPU.Build.0 = Local|Any CPU
		{EACC6C36-1584-8606-D452-29D9F67CFF57}.Release|Any CPU.ActiveCfg = Release|Any CPU
		{EACC6C36-1584-8606-D452-29D9F67CFF57}.Release|Any CPU.Build.0 = Release|Any CPU
		{631B1E84-D750-6107-59DB-6CA5D4911BBB}.Debug|Any CPU.ActiveCfg = Debug|Any CPU
		{631B1E84-D750-6107-59DB-6CA5D4911BBB}.Debug|Any CPU.Build.0 = Debug|Any CPU
		{631B1E84-D750-6107-59DB-6CA5D4911BBB}.Local|Any CPU.ActiveCfg = Local|Any CPU
		{631B1E84-D750-6107-59DB-6CA5D4911BBB}.Local|Any CPU.Build.0 = Local|Any CPU
		{631B1E84-D750-6107-59DB-6CA5D4911BBB}.Release|Any CPU.ActiveCfg = Release|Any CPU
		{631B1E84-D750-6107-59DB-6CA5D4911BBB}.Release|Any CPU.Build.0 = Release|Any CPU
		{FC40CB99-A1CD-48C2-16AE-B774D1593C69}.Debug|Any CPU.ActiveCfg = Debug|Any CPU
		{FC40CB99-A1CD-48C2-16AE-B774D1593C69}.Debug|Any CPU.Build.0 = Debug|Any CPU
		{FC40CB99-A1CD-48C2-16AE-B774D1593C69}.Local|Any CPU.ActiveCfg = Local|Any CPU
		{FC40CB99-A1CD-48C2-16AE-B774D1593C69}.Local|Any CPU.Build.0 = Local|Any CPU
		{FC40CB99-A1CD-48C2-16AE-B774D1593C69}.Release|Any CPU.ActiveCfg = Release|Any CPU
		{FC40CB99-A1CD-48C2-16AE-B774D1593C69}.Release|Any CPU.Build.0 = Release|Any CPU
		{A49D7F59-38DA-776A-CAB6-819953C273E8}.Debug|Any CPU.ActiveCfg = Debug|Any CPU
		{A49D7F59-38DA-776A-CAB6-819953C273E8}.Debug|Any CPU.Build.0 = Debug|Any CPU
		{A49D7F59-38DA-776A-CAB6-819953C273E8}.Local|Any CPU.ActiveCfg = Local|Any CPU
		{A49D7F59-38DA-776A-CAB6-819953C273E8}.Local|Any CPU.Build.0 = Local|Any CPU
		{A49D7F59-38DA-776A-CAB6-819953C273E8}.Release|Any CPU.ActiveCfg = Release|Any CPU
		{A49D7F59-38DA-776A-CAB6-819953C273E8}.Release|Any CPU.Build.0 = Release|Any CPU
		{D922D61A-DE94-8727-8A50-E44D4224134F}.Debug|Any CPU.ActiveCfg = Debug|Any CPU
		{D922D61A-DE94-8727-8A50-E44D4224134F}.Debug|Any CPU.Build.0 = Debug|Any CPU
		{D922D61A-DE94-8727-8A50-E44D4224134F}.Local|Any CPU.ActiveCfg = Local|Any CPU
		{D922D61A-DE94-8727-8A50-E44D4224134F}.Local|Any CPU.Build.0 = Local|Any CPU
		{D922D61A-DE94-8727-8A50-E44D4224134F}.Release|Any CPU.ActiveCfg = Release|Any CPU
		{D922D61A-DE94-8727-8A50-E44D4224134F}.Release|Any CPU.Build.0 = Release|Any CPU
		{9D444BD0-FD6B-FB48-0CEF-E34C1295D920}.Debug|Any CPU.ActiveCfg = Debug|Any CPU
		{9D444BD0-FD6B-FB48-0CEF-E34C1295D920}.Debug|Any CPU.Build.0 = Debug|Any CPU
		{9D444BD0-FD6B-FB48-0CEF-E34C1295D920}.Local|Any CPU.ActiveCfg = Local|Any CPU
		{9D444BD0-FD6B-FB48-0CEF-E34C1295D920}.Local|Any CPU.Build.0 = Local|Any CPU
		{9D444BD0-FD6B-FB48-0CEF-E34C1295D920}.Release|Any CPU.ActiveCfg = Release|Any CPU
		{9D444BD0-FD6B-FB48-0CEF-E34C1295D920}.Release|Any CPU.Build.0 = Release|Any CPU
		{A02DB8EA-E24C-7217-2CF7-A2885D8BCDCB}.Debug|Any CPU.ActiveCfg = Debug|Any CPU
		{A02DB8EA-E24C-7217-2CF7-A2885D8BCDCB}.Debug|Any CPU.Build.0 = Debug|Any CPU
		{A02DB8EA-E24C-7217-2CF7-A2885D8BCDCB}.Local|Any CPU.ActiveCfg = Local|Any CPU
		{A02DB8EA-E24C-7217-2CF7-A2885D8BCDCB}.Local|Any CPU.Build.0 = Local|Any CPU
		{A02DB8EA-E24C-7217-2CF7-A2885D8BCDCB}.Release|Any CPU.ActiveCfg = Release|Any CPU
		{A02DB8EA-E24C-7217-2CF7-A2885D8BCDCB}.Release|Any CPU.Build.0 = Release|Any CPU
		{54E077BF-535F-6B68-8665-06391B61E0B4}.Debug|Any CPU.ActiveCfg = Debug|Any CPU
		{54E077BF-535F-6B68-8665-06391B61E0B4}.Debug|Any CPU.Build.0 = Debug|Any CPU
		{54E077BF-535F-6B68-8665-06391B61E0B4}.Local|Any CPU.ActiveCfg = Local|Any CPU
		{54E077BF-535F-6B68-8665-06391B61E0B4}.Local|Any CPU.Build.0 = Local|Any CPU
		{54E077BF-535F-6B68-8665-06391B61E0B4}.Release|Any CPU.ActiveCfg = Release|Any CPU
		{54E077BF-535F-6B68-8665-06391B61E0B4}.Release|Any CPU.Build.0 = Release|Any CPU
		{F0DF73CD-4655-F367-B1B9-9EB909179EA6}.Debug|Any CPU.ActiveCfg = Debug|Any CPU
		{F0DF73CD-4655-F367-B1B9-9EB909179EA6}.Debug|Any CPU.Build.0 = Debug|Any CPU
		{F0DF73CD-4655-F367-B1B9-9EB909179EA6}.Local|Any CPU.ActiveCfg = Local|Any CPU
		{F0DF73CD-4655-F367-B1B9-9EB909179EA6}.Local|Any CPU.Build.0 = Local|Any CPU
		{F0DF73CD-4655-F367-B1B9-9EB909179EA6}.Release|Any CPU.ActiveCfg = Release|Any CPU
		{F0DF73CD-4655-F367-B1B9-9EB909179EA6}.Release|Any CPU.Build.0 = Release|Any CPU
		{C3E91877-7FCD-386A-AD5A-D6DA9BEDD85F}.Debug|Any CPU.ActiveCfg = Debug|Any CPU
		{C3E91877-7FCD-386A-AD5A-D6DA9BEDD85F}.Debug|Any CPU.Build.0 = Debug|Any CPU
		{C3E91877-7FCD-386A-AD5A-D6DA9BEDD85F}.Local|Any CPU.ActiveCfg = Local|Any CPU
		{C3E91877-7FCD-386A-AD5A-D6DA9BEDD85F}.Local|Any CPU.Build.0 = Local|Any CPU
		{C3E91877-7FCD-386A-AD5A-D6DA9BEDD85F}.Release|Any CPU.ActiveCfg = Release|Any CPU
		{C3E91877-7FCD-386A-AD5A-D6DA9BEDD85F}.Release|Any CPU.Build.0 = Release|Any CPU
		{F7D6CE38-6A79-8A12-4A4F-1A21225F665C}.Debug|Any CPU.ActiveCfg = Debug|Any CPU
		{F7D6CE38-6A79-8A12-4A4F-1A21225F665C}.Debug|Any CPU.Build.0 = Debug|Any CPU
		{F7D6CE38-6A79-8A12-4A4F-1A21225F665C}.Local|Any CPU.ActiveCfg = Local|Any CPU
		{F7D6CE38-6A79-8A12-4A4F-1A21225F665C}.Local|Any CPU.Build.0 = Local|Any CPU
		{F7D6CE38-6A79-8A12-4A4F-1A21225F665C}.Release|Any CPU.ActiveCfg = Release|Any CPU
		{F7D6CE38-6A79-8A12-4A4F-1A21225F665C}.Release|Any CPU.Build.0 = Release|Any CPU
		{41CFC7B4-DB85-E092-9CD1-370EED0FAB90}.Debug|Any CPU.ActiveCfg = Debug|Any CPU
		{41CFC7B4-DB85-E092-9CD1-370EED0FAB90}.Debug|Any CPU.Build.0 = Debug|Any CPU
		{41CFC7B4-DB85-E092-9CD1-370EED0FAB90}.Local|Any CPU.ActiveCfg = Local|Any CPU
		{41CFC7B4-DB85-E092-9CD1-370EED0FAB90}.Local|Any CPU.Build.0 = Local|Any CPU
		{41CFC7B4-DB85-E092-9CD1-370EED0FAB90}.Release|Any CPU.ActiveCfg = Release|Any CPU
		{41CFC7B4-DB85-E092-9CD1-370EED0FAB90}.Release|Any CPU.Build.0 = Release|Any CPU
		{4AE99EB2-18DD-C8A5-49E2-A04B6D6220E2}.Debug|Any CPU.ActiveCfg = Debug|Any CPU
		{4AE99EB2-18DD-C8A5-49E2-A04B6D6220E2}.Debug|Any CPU.Build.0 = Debug|Any CPU
		{4AE99EB2-18DD-C8A5-49E2-A04B6D6220E2}.Local|Any CPU.ActiveCfg = Local|Any CPU
		{4AE99EB2-18DD-C8A5-49E2-A04B6D6220E2}.Local|Any CPU.Build.0 = Local|Any CPU
		{4AE99EB2-18DD-C8A5-49E2-A04B6D6220E2}.Release|Any CPU.ActiveCfg = Release|Any CPU
		{4AE99EB2-18DD-C8A5-49E2-A04B6D6220E2}.Release|Any CPU.Build.0 = Release|Any CPU
		{EE20BFF4-FDE8-8ABE-5A83-E86F08535A80}.Debug|Any CPU.ActiveCfg = Debug|Any CPU
		{EE20BFF4-FDE8-8ABE-5A83-E86F08535A80}.Debug|Any CPU.Build.0 = Debug|Any CPU
		{EE20BFF4-FDE8-8ABE-5A83-E86F08535A80}.Local|Any CPU.ActiveCfg = Local|Any CPU
		{EE20BFF4-FDE8-8ABE-5A83-E86F08535A80}.Local|Any CPU.Build.0 = Local|Any CPU
		{EE20BFF4-FDE8-8ABE-5A83-E86F08535A80}.Release|Any CPU.ActiveCfg = Release|Any CPU
		{EE20BFF4-FDE8-8ABE-5A83-E86F08535A80}.Release|Any CPU.Build.0 = Release|Any CPU
		{78936FE3-FEF1-D9B4-AFD4-9AD8A0638449}.Debug|Any CPU.ActiveCfg = Debug|Any CPU
		{78936FE3-FEF1-D9B4-AFD4-9AD8A0638449}.Debug|Any CPU.Build.0 = Debug|Any CPU
		{78936FE3-FEF1-D9B4-AFD4-9AD8A0638449}.Local|Any CPU.ActiveCfg = Local|Any CPU
		{78936FE3-FEF1-D9B4-AFD4-9AD8A0638449}.Local|Any CPU.Build.0 = Local|Any CPU
		{78936FE3-FEF1-D9B4-AFD4-9AD8A0638449}.Release|Any CPU.ActiveCfg = Release|Any CPU
		{78936FE3-FEF1-D9B4-AFD4-9AD8A0638449}.Release|Any CPU.Build.0 = Release|Any CPU
		{F0395885-8A89-BD83-1153-B4F478875EB3}.Debug|Any CPU.ActiveCfg = Debug|Any CPU
		{F0395885-8A89-BD83-1153-B4F478875EB3}.Debug|Any CPU.Build.0 = Debug|Any CPU
		{F0395885-8A89-BD83-1153-B4F478875EB3}.Local|Any CPU.ActiveCfg = Local|Any CPU
		{F0395885-8A89-BD83-1153-B4F478875EB3}.Local|Any CPU.Build.0 = Local|Any CPU
		{F0395885-8A89-BD83-1153-B4F478875EB3}.Release|Any CPU.ActiveCfg = Release|Any CPU
		{F0395885-8A89-BD83-1153-B4F478875EB3}.Release|Any CPU.Build.0 = Release|Any CPU
		{51CAC260-A076-7603-41E8-633D7FB666EF}.Debug|Any CPU.ActiveCfg = Debug|Any CPU
		{51CAC260-A076-7603-41E8-633D7FB666EF}.Debug|Any CPU.Build.0 = Debug|Any CPU
		{51CAC260-A076-7603-41E8-633D7FB666EF}.Local|Any CPU.ActiveCfg = Local|Any CPU
		{51CAC260-A076-7603-41E8-633D7FB666EF}.Local|Any CPU.Build.0 = Local|Any CPU
		{51CAC260-A076-7603-41E8-633D7FB666EF}.Release|Any CPU.ActiveCfg = Release|Any CPU
		{51CAC260-A076-7603-41E8-633D7FB666EF}.Release|Any CPU.Build.0 = Release|Any CPU
		{80D9EA46-ECA6-0010-CE8C-F3D79BD77AFC}.Debug|Any CPU.ActiveCfg = Debug|Any CPU
		{80D9EA46-ECA6-0010-CE8C-F3D79BD77AFC}.Debug|Any CPU.Build.0 = Debug|Any CPU
		{80D9EA46-ECA6-0010-CE8C-F3D79BD77AFC}.Local|Any CPU.ActiveCfg = Local|Any CPU
		{80D9EA46-ECA6-0010-CE8C-F3D79BD77AFC}.Local|Any CPU.Build.0 = Local|Any CPU
		{80D9EA46-ECA6-0010-CE8C-F3D79BD77AFC}.Release|Any CPU.ActiveCfg = Release|Any CPU
		{80D9EA46-ECA6-0010-CE8C-F3D79BD77AFC}.Release|Any CPU.Build.0 = Release|Any CPU
		{68EF67B3-A0B4-63CD-33D3-CFDA0F20FE40}.Debug|Any CPU.ActiveCfg = Debug|Any CPU
		{68EF67B3-A0B4-63CD-33D3-CFDA0F20FE40}.Debug|Any CPU.Build.0 = Debug|Any CPU
		{68EF67B3-A0B4-63CD-33D3-CFDA0F20FE40}.Local|Any CPU.ActiveCfg = Local|Any CPU
		{68EF67B3-A0B4-63CD-33D3-CFDA0F20FE40}.Local|Any CPU.Build.0 = Local|Any CPU
		{68EF67B3-A0B4-63CD-33D3-CFDA0F20FE40}.Release|Any CPU.ActiveCfg = Release|Any CPU
		{68EF67B3-A0B4-63CD-33D3-CFDA0F20FE40}.Release|Any CPU.Build.0 = Release|Any CPU
		{8294644E-C430-D787-2CEA-88DDB44B81C8}.Debug|Any CPU.ActiveCfg = Debug|Any CPU
		{8294644E-C430-D787-2CEA-88DDB44B81C8}.Debug|Any CPU.Build.0 = Debug|Any CPU
		{8294644E-C430-D787-2CEA-88DDB44B81C8}.Local|Any CPU.ActiveCfg = Local|Any CPU
		{8294644E-C430-D787-2CEA-88DDB44B81C8}.Local|Any CPU.Build.0 = Local|Any CPU
		{8294644E-C430-D787-2CEA-88DDB44B81C8}.Release|Any CPU.ActiveCfg = Release|Any CPU
		{8294644E-C430-D787-2CEA-88DDB44B81C8}.Release|Any CPU.Build.0 = Release|Any CPU
		{51A4A6DE-B1D1-A45A-8855-5841C80AE9EB}.Debug|Any CPU.ActiveCfg = Debug|Any CPU
		{51A4A6DE-B1D1-A45A-8855-5841C80AE9EB}.Debug|Any CPU.Build.0 = Debug|Any CPU
		{51A4A6DE-B1D1-A45A-8855-5841C80AE9EB}.Local|Any CPU.ActiveCfg = Local|Any CPU
		{51A4A6DE-B1D1-A45A-8855-5841C80AE9EB}.Local|Any CPU.Build.0 = Local|Any CPU
		{51A4A6DE-B1D1-A45A-8855-5841C80AE9EB}.Release|Any CPU.ActiveCfg = Release|Any CPU
		{51A4A6DE-B1D1-A45A-8855-5841C80AE9EB}.Release|Any CPU.Build.0 = Release|Any CPU
		{B3C73393-7B6B-2737-2890-5416CA0F0050}.Debug|Any CPU.ActiveCfg = Debug|Any CPU
		{B3C73393-7B6B-2737-2890-5416CA0F0050}.Debug|Any CPU.Build.0 = Debug|Any CPU
		{B3C73393-7B6B-2737-2890-5416CA0F0050}.Local|Any CPU.ActiveCfg = Local|Any CPU
		{B3C73393-7B6B-2737-2890-5416CA0F0050}.Local|Any CPU.Build.0 = Local|Any CPU
		{B3C73393-7B6B-2737-2890-5416CA0F0050}.Release|Any CPU.ActiveCfg = Release|Any CPU
		{B3C73393-7B6B-2737-2890-5416CA0F0050}.Release|Any CPU.Build.0 = Release|Any CPU
		{449EA116-1FCA-75A9-84C8-9C1CE5FFA1EA}.Debug|Any CPU.ActiveCfg = Debug|Any CPU
		{449EA116-1FCA-75A9-84C8-9C1CE5FFA1EA}.Debug|Any CPU.Build.0 = Debug|Any CPU
		{449EA116-1FCA-75A9-84C8-9C1CE5FFA1EA}.Local|Any CPU.ActiveCfg = Local|Any CPU
		{449EA116-1FCA-75A9-84C8-9C1CE5FFA1EA}.Local|Any CPU.Build.0 = Local|Any CPU
		{449EA116-1FCA-75A9-84C8-9C1CE5FFA1EA}.Release|Any CPU.ActiveCfg = Release|Any CPU
		{449EA116-1FCA-75A9-84C8-9C1CE5FFA1EA}.Release|Any CPU.Build.0 = Release|Any CPU
		{CB89FC6D-CA7E-FCC1-2C36-33B88D76CF1D}.Debug|Any CPU.ActiveCfg = Debug|Any CPU
		{CB89FC6D-CA7E-FCC1-2C36-33B88D76CF1D}.Debug|Any CPU.Build.0 = Debug|Any CPU
		{CB89FC6D-CA7E-FCC1-2C36-33B88D76CF1D}.Local|Any CPU.ActiveCfg = Local|Any CPU
		{CB89FC6D-CA7E-FCC1-2C36-33B88D76CF1D}.Local|Any CPU.Build.0 = Local|Any CPU
		{CB89FC6D-CA7E-FCC1-2C36-33B88D76CF1D}.Release|Any CPU.ActiveCfg = Release|Any CPU
		{CB89FC6D-CA7E-FCC1-2C36-33B88D76CF1D}.Release|Any CPU.Build.0 = Release|Any CPU
		{590EA9DF-CFB8-602D-2651-F1C4E7AB2140}.Debug|Any CPU.ActiveCfg = Debug|Any CPU
		{590EA9DF-CFB8-602D-2651-F1C4E7AB2140}.Debug|Any CPU.Build.0 = Debug|Any CPU
		{590EA9DF-CFB8-602D-2651-F1C4E7AB2140}.Local|Any CPU.ActiveCfg = Local|Any CPU
		{590EA9DF-CFB8-602D-2651-F1C4E7AB2140}.Local|Any CPU.Build.0 = Local|Any CPU
		{590EA9DF-CFB8-602D-2651-F1C4E7AB2140}.Release|Any CPU.ActiveCfg = Release|Any CPU
		{590EA9DF-CFB8-602D-2651-F1C4E7AB2140}.Release|Any CPU.Build.0 = Release|Any CPU
		{47154A61-7B90-45CD-5A04-617125D0D2F8}.Debug|Any CPU.ActiveCfg = Debug|Any CPU
		{47154A61-7B90-45CD-5A04-617125D0D2F8}.Debug|Any CPU.Build.0 = Debug|Any CPU
		{47154A61-7B90-45CD-5A04-617125D0D2F8}.Local|Any CPU.ActiveCfg = Local|Any CPU
		{47154A61-7B90-45CD-5A04-617125D0D2F8}.Local|Any CPU.Build.0 = Local|Any CPU
		{47154A61-7B90-45CD-5A04-617125D0D2F8}.Release|Any CPU.ActiveCfg = Release|Any CPU
		{47154A61-7B90-45CD-5A04-617125D0D2F8}.Release|Any CPU.Build.0 = Release|Any CPU
		{8A4F3FAE-4B5B-AABC-767A-39475C947824}.Debug|Any CPU.ActiveCfg = Debug|Any CPU
		{8A4F3FAE-4B5B-AABC-767A-39475C947824}.Debug|Any CPU.Build.0 = Debug|Any CPU
		{8A4F3FAE-4B5B-AABC-767A-39475C947824}.Local|Any CPU.ActiveCfg = Local|Any CPU
		{8A4F3FAE-4B5B-AABC-767A-39475C947824}.Local|Any CPU.Build.0 = Local|Any CPU
		{8A4F3FAE-4B5B-AABC-767A-39475C947824}.Release|Any CPU.ActiveCfg = Release|Any CPU
		{8A4F3FAE-4B5B-AABC-767A-39475C947824}.Release|Any CPU.Build.0 = Release|Any CPU
		{2DF824DD-0A2F-0B15-F225-B054C92BC4EA}.Debug|Any CPU.ActiveCfg = Debug|Any CPU
		{2DF824DD-0A2F-0B15-F225-B054C92BC4EA}.Debug|Any CPU.Build.0 = Debug|Any CPU
		{2DF824DD-0A2F-0B15-F225-B054C92BC4EA}.Local|Any CPU.ActiveCfg = Local|Any CPU
		{2DF824DD-0A2F-0B15-F225-B054C92BC4EA}.Local|Any CPU.Build.0 = Local|Any CPU
		{2DF824DD-0A2F-0B15-F225-B054C92BC4EA}.Release|Any CPU.ActiveCfg = Release|Any CPU
		{2DF824DD-0A2F-0B15-F225-B054C92BC4EA}.Release|Any CPU.Build.0 = Release|Any CPU
		{5807B4F7-5CCB-E01D-A024-0E8BEFE0D7F0}.Debug|Any CPU.ActiveCfg = Debug|Any CPU
		{5807B4F7-5CCB-E01D-A024-0E8BEFE0D7F0}.Debug|Any CPU.Build.0 = Debug|Any CPU
		{5807B4F7-5CCB-E01D-A024-0E8BEFE0D7F0}.Local|Any CPU.ActiveCfg = Local|Any CPU
		{5807B4F7-5CCB-E01D-A024-0E8BEFE0D7F0}.Local|Any CPU.Build.0 = Local|Any CPU
		{5807B4F7-5CCB-E01D-A024-0E8BEFE0D7F0}.Release|Any CPU.ActiveCfg = Release|Any CPU
		{5807B4F7-5CCB-E01D-A024-0E8BEFE0D7F0}.Release|Any CPU.Build.0 = Release|Any CPU
		{0D2A2F22-EAB0-802A-7ECE-AB012CE69B8D}.Debug|Any CPU.ActiveCfg = Debug|Any CPU
		{0D2A2F22-EAB0-802A-7ECE-AB012CE69B8D}.Debug|Any CPU.Build.0 = Debug|Any CPU
		{0D2A2F22-EAB0-802A-7ECE-AB012CE69B8D}.Local|Any CPU.ActiveCfg = Local|Any CPU
		{0D2A2F22-EAB0-802A-7ECE-AB012CE69B8D}.Local|Any CPU.Build.0 = Local|Any CPU
		{0D2A2F22-EAB0-802A-7ECE-AB012CE69B8D}.Release|Any CPU.ActiveCfg = Release|Any CPU
		{0D2A2F22-EAB0-802A-7ECE-AB012CE69B8D}.Release|Any CPU.Build.0 = Release|Any CPU
		{F25007C0-8D07-C1E5-7B75-AA38E6631433}.Debug|Any CPU.ActiveCfg = Debug|Any CPU
		{F25007C0-8D07-C1E5-7B75-AA38E6631433}.Debug|Any CPU.Build.0 = Debug|Any CPU
		{F25007C0-8D07-C1E5-7B75-AA38E6631433}.Local|Any CPU.ActiveCfg = Local|Any CPU
		{F25007C0-8D07-C1E5-7B75-AA38E6631433}.Local|Any CPU.Build.0 = Local|Any CPU
		{F25007C0-8D07-C1E5-7B75-AA38E6631433}.Release|Any CPU.ActiveCfg = Release|Any CPU
		{F25007C0-8D07-C1E5-7B75-AA38E6631433}.Release|Any CPU.Build.0 = Release|Any CPU
		{DE2BD7A5-73D7-2F13-B4D6-B7FBA4E555CE}.Debug|Any CPU.ActiveCfg = Debug|Any CPU
		{DE2BD7A5-73D7-2F13-B4D6-B7FBA4E555CE}.Debug|Any CPU.Build.0 = Debug|Any CPU
		{DE2BD7A5-73D7-2F13-B4D6-B7FBA4E555CE}.Local|Any CPU.ActiveCfg = Local|Any CPU
		{DE2BD7A5-73D7-2F13-B4D6-B7FBA4E555CE}.Local|Any CPU.Build.0 = Local|Any CPU
		{DE2BD7A5-73D7-2F13-B4D6-B7FBA4E555CE}.Release|Any CPU.ActiveCfg = Release|Any CPU
		{DE2BD7A5-73D7-2F13-B4D6-B7FBA4E555CE}.Release|Any CPU.Build.0 = Release|Any CPU
		{16D66817-84AC-6F98-43A3-B949FE43E7EB}.Debug|Any CPU.ActiveCfg = Debug|Any CPU
		{16D66817-84AC-6F98-43A3-B949FE43E7EB}.Debug|Any CPU.Build.0 = Debug|Any CPU
		{16D66817-84AC-6F98-43A3-B949FE43E7EB}.Local|Any CPU.ActiveCfg = Local|Any CPU
		{16D66817-84AC-6F98-43A3-B949FE43E7EB}.Local|Any CPU.Build.0 = Local|Any CPU
		{16D66817-84AC-6F98-43A3-B949FE43E7EB}.Release|Any CPU.ActiveCfg = Release|Any CPU
		{16D66817-84AC-6F98-43A3-B949FE43E7EB}.Release|Any CPU.Build.0 = Release|Any CPU
		{8ECEBBA5-9937-1AA7-4559-B893636B7D9D}.Debug|Any CPU.ActiveCfg = Debug|Any CPU
		{8ECEBBA5-9937-1AA7-4559-B893636B7D9D}.Debug|Any CPU.Build.0 = Debug|Any CPU
		{8ECEBBA5-9937-1AA7-4559-B893636B7D9D}.Local|Any CPU.ActiveCfg = Local|Any CPU
		{8ECEBBA5-9937-1AA7-4559-B893636B7D9D}.Local|Any CPU.Build.0 = Local|Any CPU
		{8ECEBBA5-9937-1AA7-4559-B893636B7D9D}.Release|Any CPU.ActiveCfg = Release|Any CPU
		{8ECEBBA5-9937-1AA7-4559-B893636B7D9D}.Release|Any CPU.Build.0 = Release|Any CPU
		{2209146E-0E51-36BC-A05C-0778B5EEBBA1}.Debug|Any CPU.ActiveCfg = Debug|Any CPU
		{2209146E-0E51-36BC-A05C-0778B5EEBBA1}.Debug|Any CPU.Build.0 = Debug|Any CPU
		{2209146E-0E51-36BC-A05C-0778B5EEBBA1}.Local|Any CPU.ActiveCfg = Local|Any CPU
		{2209146E-0E51-36BC-A05C-0778B5EEBBA1}.Local|Any CPU.Build.0 = Local|Any CPU
		{2209146E-0E51-36BC-A05C-0778B5EEBBA1}.Release|Any CPU.ActiveCfg = Release|Any CPU
		{2209146E-0E51-36BC-A05C-0778B5EEBBA1}.Release|Any CPU.Build.0 = Release|Any CPU
		{9DC47E2F-957F-CECC-82C0-1BAD872F8E13}.Debug|Any CPU.ActiveCfg = Debug|Any CPU
		{9DC47E2F-957F-CECC-82C0-1BAD872F8E13}.Debug|Any CPU.Build.0 = Debug|Any CPU
		{9DC47E2F-957F-CECC-82C0-1BAD872F8E13}.Local|Any CPU.ActiveCfg = Local|Any CPU
		{9DC47E2F-957F-CECC-82C0-1BAD872F8E13}.Local|Any CPU.Build.0 = Local|Any CPU
		{9DC47E2F-957F-CECC-82C0-1BAD872F8E13}.Release|Any CPU.ActiveCfg = Release|Any CPU
		{9DC47E2F-957F-CECC-82C0-1BAD872F8E13}.Release|Any CPU.Build.0 = Release|Any CPU
		{9F11639F-3AB6-867F-7968-FFF8BFD8C410}.Debug|Any CPU.ActiveCfg = Debug|Any CPU
		{9F11639F-3AB6-867F-7968-FFF8BFD8C410}.Debug|Any CPU.Build.0 = Debug|Any CPU
		{9F11639F-3AB6-867F-7968-FFF8BFD8C410}.Local|Any CPU.ActiveCfg = Local|Any CPU
		{9F11639F-3AB6-867F-7968-FFF8BFD8C410}.Local|Any CPU.Build.0 = Local|Any CPU
		{9F11639F-3AB6-867F-7968-FFF8BFD8C410}.Release|Any CPU.ActiveCfg = Release|Any CPU
		{9F11639F-3AB6-867F-7968-FFF8BFD8C410}.Release|Any CPU.Build.0 = Release|Any CPU
		{9AA81E7A-C9BC-C56B-BE8F-55BC1D85EEBF}.Debug|Any CPU.ActiveCfg = Debug|Any CPU
		{9AA81E7A-C9BC-C56B-BE8F-55BC1D85EEBF}.Debug|Any CPU.Build.0 = Debug|Any CPU
		{9AA81E7A-C9BC-C56B-BE8F-55BC1D85EEBF}.Local|Any CPU.ActiveCfg = Local|Any CPU
		{9AA81E7A-C9BC-C56B-BE8F-55BC1D85EEBF}.Local|Any CPU.Build.0 = Local|Any CPU
		{9AA81E7A-C9BC-C56B-BE8F-55BC1D85EEBF}.Release|Any CPU.ActiveCfg = Release|Any CPU
		{9AA81E7A-C9BC-C56B-BE8F-55BC1D85EEBF}.Release|Any CPU.Build.0 = Release|Any CPU
		{1BD0E5FD-D4B8-8018-08FE-E7DD4ABA741F}.Debug|Any CPU.ActiveCfg = Debug|Any CPU
		{1BD0E5FD-D4B8-8018-08FE-E7DD4ABA741F}.Debug|Any CPU.Build.0 = Debug|Any CPU
		{1BD0E5FD-D4B8-8018-08FE-E7DD4ABA741F}.Local|Any CPU.ActiveCfg = Local|Any CPU
		{1BD0E5FD-D4B8-8018-08FE-E7DD4ABA741F}.Local|Any CPU.Build.0 = Local|Any CPU
		{1BD0E5FD-D4B8-8018-08FE-E7DD4ABA741F}.Release|Any CPU.ActiveCfg = Release|Any CPU
		{1BD0E5FD-D4B8-8018-08FE-E7DD4ABA741F}.Release|Any CPU.Build.0 = Release|Any CPU
		{DED02E6A-BF10-1170-C5BA-386908AB0111}.Debug|Any CPU.ActiveCfg = Debug|Any CPU
		{DED02E6A-BF10-1170-C5BA-386908AB0111}.Debug|Any CPU.Build.0 = Debug|Any CPU
		{DED02E6A-BF10-1170-C5BA-386908AB0111}.Local|Any CPU.ActiveCfg = Local|Any CPU
		{DED02E6A-BF10-1170-C5BA-386908AB0111}.Local|Any CPU.Build.0 = Local|Any CPU
		{DED02E6A-BF10-1170-C5BA-386908AB0111}.Release|Any CPU.ActiveCfg = Release|Any CPU
		{DED02E6A-BF10-1170-C5BA-386908AB0111}.Release|Any CPU.Build.0 = Release|Any CPU
		{715A6E5F-401D-4689-99DD-4AAE36B81A6E}.Debug|Any CPU.ActiveCfg = Debug|Any CPU
		{715A6E5F-401D-4689-99DD-4AAE36B81A6E}.Debug|Any CPU.Build.0 = Debug|Any CPU
		{715A6E5F-401D-4689-99DD-4AAE36B81A6E}.Local|Any CPU.ActiveCfg = Local|Any CPU
		{715A6E5F-401D-4689-99DD-4AAE36B81A6E}.Local|Any CPU.Build.0 = Local|Any CPU
		{715A6E5F-401D-4689-99DD-4AAE36B81A6E}.Release|Any CPU.ActiveCfg = Release|Any CPU
		{715A6E5F-401D-4689-99DD-4AAE36B81A6E}.Release|Any CPU.Build.0 = Release|Any CPU
		{7F39512A-3E84-55AC-A090-1BD235516851}.Debug|Any CPU.ActiveCfg = Debug|Any CPU
		{7F39512A-3E84-55AC-A090-1BD235516851}.Debug|Any CPU.Build.0 = Debug|Any CPU
		{7F39512A-3E84-55AC-A090-1BD235516851}.Local|Any CPU.ActiveCfg = Local|Any CPU
		{7F39512A-3E84-55AC-A090-1BD235516851}.Local|Any CPU.Build.0 = Local|Any CPU
		{7F39512A-3E84-55AC-A090-1BD235516851}.Release|Any CPU.ActiveCfg = Release|Any CPU
		{7F39512A-3E84-55AC-A090-1BD235516851}.Release|Any CPU.Build.0 = Release|Any CPU
		{44E4BB0E-3840-E380-6B72-B8A9C6282870}.Debug|Any CPU.ActiveCfg = Debug|Any CPU
		{44E4BB0E-3840-E380-6B72-B8A9C6282870}.Debug|Any CPU.Build.0 = Debug|Any CPU
		{44E4BB0E-3840-E380-6B72-B8A9C6282870}.Local|Any CPU.ActiveCfg = Local|Any CPU
		{44E4BB0E-3840-E380-6B72-B8A9C6282870}.Local|Any CPU.Build.0 = Local|Any CPU
		{44E4BB0E-3840-E380-6B72-B8A9C6282870}.Release|Any CPU.ActiveCfg = Release|Any CPU
		{44E4BB0E-3840-E380-6B72-B8A9C6282870}.Release|Any CPU.Build.0 = Release|Any CPU
		{A23FED16-9F68-2ACA-8EAE-45F24BE75BF4}.Debug|Any CPU.ActiveCfg = Debug|Any CPU
		{A23FED16-9F68-2ACA-8EAE-45F24BE75BF4}.Debug|Any CPU.Build.0 = Debug|Any CPU
		{A23FED16-9F68-2ACA-8EAE-45F24BE75BF4}.Local|Any CPU.ActiveCfg = Local|Any CPU
		{A23FED16-9F68-2ACA-8EAE-45F24BE75BF4}.Local|Any CPU.Build.0 = Local|Any CPU
		{A23FED16-9F68-2ACA-8EAE-45F24BE75BF4}.Release|Any CPU.ActiveCfg = Release|Any CPU
		{A23FED16-9F68-2ACA-8EAE-45F24BE75BF4}.Release|Any CPU.Build.0 = Release|Any CPU
		{B7F53593-F30A-ADD4-BD09-1EFE8F4E7453}.Debug|Any CPU.ActiveCfg = Debug|Any CPU
		{B7F53593-F30A-ADD4-BD09-1EFE8F4E7453}.Debug|Any CPU.Build.0 = Debug|Any CPU
		{B7F53593-F30A-ADD4-BD09-1EFE8F4E7453}.Local|Any CPU.ActiveCfg = Local|Any CPU
		{B7F53593-F30A-ADD4-BD09-1EFE8F4E7453}.Local|Any CPU.Build.0 = Local|Any CPU
		{B7F53593-F30A-ADD4-BD09-1EFE8F4E7453}.Release|Any CPU.ActiveCfg = Release|Any CPU
		{B7F53593-F30A-ADD4-BD09-1EFE8F4E7453}.Release|Any CPU.Build.0 = Release|Any CPU
		{37C78F74-1AFB-8865-7C2A-03B6B4262134}.Debug|Any CPU.ActiveCfg = Debug|Any CPU
		{37C78F74-1AFB-8865-7C2A-03B6B4262134}.Debug|Any CPU.Build.0 = Debug|Any CPU
		{37C78F74-1AFB-8865-7C2A-03B6B4262134}.Local|Any CPU.ActiveCfg = Local|Any CPU
		{37C78F74-1AFB-8865-7C2A-03B6B4262134}.Local|Any CPU.Build.0 = Local|Any CPU
		{37C78F74-1AFB-8865-7C2A-03B6B4262134}.Release|Any CPU.ActiveCfg = Release|Any CPU
		{37C78F74-1AFB-8865-7C2A-03B6B4262134}.Release|Any CPU.Build.0 = Release|Any CPU
		{C3BD4841-7C1F-23F7-20AB-C30A678001F5}.Debug|Any CPU.ActiveCfg = Debug|Any CPU
		{C3BD4841-7C1F-23F7-20AB-C30A678001F5}.Debug|Any CPU.Build.0 = Debug|Any CPU
		{C3BD4841-7C1F-23F7-20AB-C30A678001F5}.Local|Any CPU.ActiveCfg = Local|Any CPU
		{C3BD4841-7C1F-23F7-20AB-C30A678001F5}.Local|Any CPU.Build.0 = Local|Any CPU
		{C3BD4841-7C1F-23F7-20AB-C30A678001F5}.Release|Any CPU.ActiveCfg = Release|Any CPU
		{C3BD4841-7C1F-23F7-20AB-C30A678001F5}.Release|Any CPU.Build.0 = Release|Any CPU
		{02E79865-6261-CDE0-77EA-3DD2E01DACBD}.Debug|Any CPU.ActiveCfg = Debug|Any CPU
		{02E79865-6261-CDE0-77EA-3DD2E01DACBD}.Debug|Any CPU.Build.0 = Debug|Any CPU
		{02E79865-6261-CDE0-77EA-3DD2E01DACBD}.Local|Any CPU.ActiveCfg = Local|Any CPU
		{02E79865-6261-CDE0-77EA-3DD2E01DACBD}.Local|Any CPU.Build.0 = Local|Any CPU
		{02E79865-6261-CDE0-77EA-3DD2E01DACBD}.Release|Any CPU.ActiveCfg = Release|Any CPU
		{02E79865-6261-CDE0-77EA-3DD2E01DACBD}.Release|Any CPU.Build.0 = Release|Any CPU
		{FBD58ABD-9704-C232-7CF3-D96EC5CFCBE6}.Debug|Any CPU.ActiveCfg = Debug|Any CPU
		{FBD58ABD-9704-C232-7CF3-D96EC5CFCBE6}.Debug|Any CPU.Build.0 = Debug|Any CPU
		{FBD58ABD-9704-C232-7CF3-D96EC5CFCBE6}.Local|Any CPU.ActiveCfg = Local|Any CPU
		{FBD58ABD-9704-C232-7CF3-D96EC5CFCBE6}.Local|Any CPU.Build.0 = Local|Any CPU
		{FBD58ABD-9704-C232-7CF3-D96EC5CFCBE6}.Release|Any CPU.ActiveCfg = Release|Any CPU
		{FBD58ABD-9704-C232-7CF3-D96EC5CFCBE6}.Release|Any CPU.Build.0 = Release|Any CPU
		{0201A282-BEFA-8897-C535-03EBAC94870B}.Debug|Any CPU.ActiveCfg = Debug|Any CPU
		{0201A282-BEFA-8897-C535-03EBAC94870B}.Debug|Any CPU.Build.0 = Debug|Any CPU
		{0201A282-BEFA-8897-C535-03EBAC94870B}.Local|Any CPU.ActiveCfg = Local|Any CPU
		{0201A282-BEFA-8897-C535-03EBAC94870B}.Local|Any CPU.Build.0 = Local|Any CPU
		{0201A282-BEFA-8897-C535-03EBAC94870B}.Release|Any CPU.ActiveCfg = Release|Any CPU
		{0201A282-BEFA-8897-C535-03EBAC94870B}.Release|Any CPU.Build.0 = Release|Any CPU
		{0677CA87-027F-D526-4463-3517F75B76EC}.Debug|Any CPU.ActiveCfg = Debug|Any CPU
		{0677CA87-027F-D526-4463-3517F75B76EC}.Debug|Any CPU.Build.0 = Debug|Any CPU
		{0677CA87-027F-D526-4463-3517F75B76EC}.Local|Any CPU.ActiveCfg = Local|Any CPU
		{0677CA87-027F-D526-4463-3517F75B76EC}.Local|Any CPU.Build.0 = Local|Any CPU
		{0677CA87-027F-D526-4463-3517F75B76EC}.Release|Any CPU.ActiveCfg = Release|Any CPU
		{0677CA87-027F-D526-4463-3517F75B76EC}.Release|Any CPU.Build.0 = Release|Any CPU
		{EE95CAE5-E9C3-4225-9F2E-3748BED87289}.Debug|Any CPU.ActiveCfg = Debug|Any CPU
		{EE95CAE5-E9C3-4225-9F2E-3748BED87289}.Debug|Any CPU.Build.0 = Debug|Any CPU
		{EE95CAE5-E9C3-4225-9F2E-3748BED87289}.Local|Any CPU.ActiveCfg = Local|Any CPU
		{EE95CAE5-E9C3-4225-9F2E-3748BED87289}.Local|Any CPU.Build.0 = Local|Any CPU
		{EE95CAE5-E9C3-4225-9F2E-3748BED87289}.Release|Any CPU.ActiveCfg = Release|Any CPU
		{EE95CAE5-E9C3-4225-9F2E-3748BED87289}.Release|Any CPU.Build.0 = Release|Any CPU
		{4D003F80-5116-473E-879D-6D2280DEEB0D}.Debug|Any CPU.ActiveCfg = Debug|Any CPU
		{4D003F80-5116-473E-879D-6D2280DEEB0D}.Debug|Any CPU.Build.0 = Debug|Any CPU
		{4D003F80-5116-473E-879D-6D2280DEEB0D}.Local|Any CPU.ActiveCfg = Local|Any CPU
		{4D003F80-5116-473E-879D-6D2280DEEB0D}.Local|Any CPU.Build.0 = Local|Any CPU
		{4D003F80-5116-473E-879D-6D2280DEEB0D}.Release|Any CPU.ActiveCfg = Release|Any CPU
		{4D003F80-5116-473E-879D-6D2280DEEB0D}.Release|Any CPU.Build.0 = Release|Any CPU
	EndGlobalSection
	GlobalSection(SolutionProperties) = preSolution
		HideSolutionNode = FALSE
	EndGlobalSection
	GlobalSection(NestedProjects) = preSolution
		{7DF908B3-503D-51C2-3675-626DC2895B77} = {DEE5DD87-39C1-BF34-B639-A387DCCF972B}
		{442E1ED0-2003-2E40-BF08-E0DCF2C1BC13} = {A328B835-4990-6931-34B9-ABE689D5831A}
		{7D91B3D8-2244-F1FE-926B-20969A99C019} = {442E1ED0-2003-2E40-BF08-E0DCF2C1BC13}
		{52C8FD12-3D43-BF5A-AB69-09D419D88CE4} = {442E1ED0-2003-2E40-BF08-E0DCF2C1BC13}
		{5A9CD48A-48CF-5B54-8AF9-3F8C642FBE24} = {A328B835-4990-6931-34B9-ABE689D5831A}
		{307FCDBC-E645-23E4-EA43-E0F287BB678F} = {5A9CD48A-48CF-5B54-8AF9-3F8C642FBE24}
		{BAA574B9-A832-3321-694F-FE5DD723BC72} = {307FCDBC-E645-23E4-EA43-E0F287BB678F}
		{B1F0D7B5-1E22-0EEA-8697-DB5F2EC74CC5} = {307FCDBC-E645-23E4-EA43-E0F287BB678F}
		{AAFFA200-4BDB-C6AC-5EF8-0ADE119A1896} = {307FCDBC-E645-23E4-EA43-E0F287BB678F}
		{48D5AA79-8214-79E7-4168-ABA7A93577D4} = {307FCDBC-E645-23E4-EA43-E0F287BB678F}
		{72C9EB55-380D-77E7-6675-AE6CB81D28C7} = {5A9CD48A-48CF-5B54-8AF9-3F8C642FBE24}
		{45A4D7E5-2E89-282A-C772-6734801B1823} = {72C9EB55-380D-77E7-6675-AE6CB81D28C7}
		{D830A926-621F-1342-5638-D05C4B47DE1E} = {72C9EB55-380D-77E7-6675-AE6CB81D28C7}
		{2B945A0E-F059-43EA-B954-C68FD0829004} = {72C9EB55-380D-77E7-6675-AE6CB81D28C7}
		{98B4CA4F-1056-FAB8-9A31-ED3033B185C1} = {72C9EB55-380D-77E7-6675-AE6CB81D28C7}
		{19A2038A-8A9B-9E8E-828D-0394B1BC6BEF} = {5A9CD48A-48CF-5B54-8AF9-3F8C642FBE24}
		{9A91B55D-2001-EF41-CBAB-BC0B51F43B7C} = {19A2038A-8A9B-9E8E-828D-0394B1BC6BEF}
		{93F86E5B-3646-8AE2-A6AF-14BE759DED85} = {19A2038A-8A9B-9E8E-828D-0394B1BC6BEF}
		{1942520A-51DF-33B5-3302-EFA8CE3C7D05} = {19A2038A-8A9B-9E8E-828D-0394B1BC6BEF}
		{3593C8DB-3464-122D-25EB-F2D63D351D6D} = {19A2038A-8A9B-9E8E-828D-0394B1BC6BEF}
		{09A00734-75D3-C3E0-299A-D8D93AA3F67B} = {5A9CD48A-48CF-5B54-8AF9-3F8C642FBE24}
		{DA72E952-40BD-0030-4813-D9B9CF884BD0} = {09A00734-75D3-C3E0-299A-D8D93AA3F67B}
		{B2289D6C-AA54-B7EC-7731-4498BBB3E3E7} = {09A00734-75D3-C3E0-299A-D8D93AA3F67B}
		{844D5B87-6434-F901-D3DB-BA842046EE5D} = {09A00734-75D3-C3E0-299A-D8D93AA3F67B}
		{9DC717CB-E0DA-B07A-5945-A10C6B39BA27} = {09A00734-75D3-C3E0-299A-D8D93AA3F67B}
		{D3670C11-52FA-1950-6D7E-27C5DEA68A33} = {5A9CD48A-48CF-5B54-8AF9-3F8C642FBE24}
		{699B30E9-0CCF-286C-68C4-3FB69F46306B} = {D3670C11-52FA-1950-6D7E-27C5DEA68A33}
		{0E5BC6E1-A8EB-42DB-E8B1-C8DD86FF0F03} = {D3670C11-52FA-1950-6D7E-27C5DEA68A33}
		{0E648E8C-84B5-BF60-0234-C707EF807337} = {D3670C11-52FA-1950-6D7E-27C5DEA68A33}
		{86CD543C-06B5-824F-33FD-14DF067B81CF} = {D3670C11-52FA-1950-6D7E-27C5DEA68A33}
		{A97EFA6B-D703-EF29-A34D-BAD7BA42B5BE} = {5A9CD48A-48CF-5B54-8AF9-3F8C642FBE24}
		{17DC8F52-9C7D-9294-B0F0-BAE81418C44A} = {A97EFA6B-D703-EF29-A34D-BAD7BA42B5BE}
		{26258AD1-813E-89BC-9EB7-E7FDC6909ED5} = {A97EFA6B-D703-EF29-A34D-BAD7BA42B5BE}
		{50746897-0F6D-D90C-5FB7-21C473F1FF95} = {A97EFA6B-D703-EF29-A34D-BAD7BA42B5BE}
		{150DC893-184D-7D8A-0461-BB4F2BB22972} = {A97EFA6B-D703-EF29-A34D-BAD7BA42B5BE}
		{E96AA2F5-4153-D816-6F97-1802CAF887FE} = {A328B835-4990-6931-34B9-ABE689D5831A}
		{A77C8991-632E-BA9D-4689-30ACFFECC9D8} = {E96AA2F5-4153-D816-6F97-1802CAF887FE}
		{8EC23945-486B-42E8-8BB8-91EB85E776F0} = {A77C8991-632E-BA9D-4689-30ACFFECC9D8}
		{755BCF30-91DA-B5B4-577E-647DF4A0E373} = {A77C8991-632E-BA9D-4689-30ACFFECC9D8}
		{25F527C3-D6C9-4948-9F51-8FEA995A6E90} = {E96AA2F5-4153-D816-6F97-1802CAF887FE}
		{E06661E5-E427-1F1B-08AB-4B2279C989DF} = {25F527C3-D6C9-4948-9F51-8FEA995A6E90}
		{3760BC5C-713D-DEC6-36D9-1730AEED60CC} = {25F527C3-D6C9-4948-9F51-8FEA995A6E90}
		{BCB0B8F0-CFDD-4F71-B43F-CC0EE215476A} = {E96AA2F5-4153-D816-6F97-1802CAF887FE}
		{178780B4-BDAE-53B3-D78A-2E6281E81E02} = {BCB0B8F0-CFDD-4F71-B43F-CC0EE215476A}
		{693723AC-5615-2CBC-D6AC-16A8A5BECDC0} = {BCB0B8F0-CFDD-4F71-B43F-CC0EE215476A}
		{E48E3563-91E4-FFBB-A3CD-135955CDC9A2} = {BCB0B8F0-CFDD-4F71-B43F-CC0EE215476A}
		{CEE48C42-4EE2-FDB0-26F6-A83366F4F8A0} = {BCB0B8F0-CFDD-4F71-B43F-CC0EE215476A}
		{9E455C61-71BC-51BE-4564-959D6BC2ADCA} = {A328B835-4990-6931-34B9-ABE689D5831A}
		{5FCABD51-ED8F-37B6-BE70-1AD57013C498} = {9E455C61-71BC-51BE-4564-959D6BC2ADCA}
		{40714D08-CFCD-00FB-BC62-699FB84AD347} = {5FCABD51-ED8F-37B6-BE70-1AD57013C498}
		{EACC6C36-1584-8606-D452-29D9F67CFF57} = {5FCABD51-ED8F-37B6-BE70-1AD57013C498}
		{F952D581-E293-3707-F03E-D215B8C3175D} = {9E455C61-71BC-51BE-4564-959D6BC2ADCA}
		{631B1E84-D750-6107-59DB-6CA5D4911BBB} = {F952D581-E293-3707-F03E-D215B8C3175D}
		{FC40CB99-A1CD-48C2-16AE-B774D1593C69} = {F952D581-E293-3707-F03E-D215B8C3175D}
		{63279E00-B611-0027-A776-721DB4755808} = {9E455C61-71BC-51BE-4564-959D6BC2ADCA}
		{A49D7F59-38DA-776A-CAB6-819953C273E8} = {63279E00-B611-0027-A776-721DB4755808}
		{D922D61A-DE94-8727-8A50-E44D4224134F} = {63279E00-B611-0027-A776-721DB4755808}
		{E920C2C0-FB23-6D74-11AC-D2832DAF905E} = {9E455C61-71BC-51BE-4564-959D6BC2ADCA}
		{9D444BD0-FD6B-FB48-0CEF-E34C1295D920} = {E920C2C0-FB23-6D74-11AC-D2832DAF905E}
		{A02DB8EA-E24C-7217-2CF7-A2885D8BCDCB} = {E920C2C0-FB23-6D74-11AC-D2832DAF905E}
		{891A2C60-57B5-6335-9AD1-C932FC113B57} = {9E455C61-71BC-51BE-4564-959D6BC2ADCA}
		{54E077BF-535F-6B68-8665-06391B61E0B4} = {891A2C60-57B5-6335-9AD1-C932FC113B57}
		{F0DF73CD-4655-F367-B1B9-9EB909179EA6} = {891A2C60-57B5-6335-9AD1-C932FC113B57}
		{22FB2530-8290-6FB2-C531-257C9FFDB5D5} = {9E455C61-71BC-51BE-4564-959D6BC2ADCA}
		{C3E91877-7FCD-386A-AD5A-D6DA9BEDD85F} = {22FB2530-8290-6FB2-C531-257C9FFDB5D5}
		{F7D6CE38-6A79-8A12-4A4F-1A21225F665C} = {22FB2530-8290-6FB2-C531-257C9FFDB5D5}
		{D53418B4-4C5C-CAF8-5D41-D01F6D4A2555} = {9E455C61-71BC-51BE-4564-959D6BC2ADCA}
		{41CFC7B4-DB85-E092-9CD1-370EED0FAB90} = {D53418B4-4C5C-CAF8-5D41-D01F6D4A2555}
		{4AE99EB2-18DD-C8A5-49E2-A04B6D6220E2} = {D53418B4-4C5C-CAF8-5D41-D01F6D4A2555}
		{1C2B88F5-F71C-E70C-9C82-1FD8280DB7B6} = {9E455C61-71BC-51BE-4564-959D6BC2ADCA}
		{92F98BBA-8330-0A7E-4D9F-2CB52262C19F} = {1C2B88F5-F71C-E70C-9C82-1FD8280DB7B6}
		{274DA94B-C5AF-9B9F-C17C-B77D3EA02F9F} = {1C2B88F5-F71C-E70C-9C82-1FD8280DB7B6}
		{52FC46D7-C4E9-7E7C-EBB9-C005A75CABD5} = {A328B835-4990-6931-34B9-ABE689D5831A}
		{6DA8383F-CA06-3146-837A-A8F30BE0CC4B} = {52FC46D7-C4E9-7E7C-EBB9-C005A75CABD5}
		{EE20BFF4-FDE8-8ABE-5A83-E86F08535A80} = {6DA8383F-CA06-3146-837A-A8F30BE0CC4B}
		{78936FE3-FEF1-D9B4-AFD4-9AD8A0638449} = {6DA8383F-CA06-3146-837A-A8F30BE0CC4B}
		{112F1EC9-3E3B-C974-860D-08C67E0FA6A8} = {52FC46D7-C4E9-7E7C-EBB9-C005A75CABD5}
		{F0395885-8A89-BD83-1153-B4F478875EB3} = {112F1EC9-3E3B-C974-860D-08C67E0FA6A8}
		{51CAC260-A076-7603-41E8-633D7FB666EF} = {112F1EC9-3E3B-C974-860D-08C67E0FA6A8}
		{01E578BA-0AD5-8F0D-B9C8-4768A40D7AD0} = {52FC46D7-C4E9-7E7C-EBB9-C005A75CABD5}
		{80D9EA46-ECA6-0010-CE8C-F3D79BD77AFC} = {01E578BA-0AD5-8F0D-B9C8-4768A40D7AD0}
		{68EF67B3-A0B4-63CD-33D3-CFDA0F20FE40} = {01E578BA-0AD5-8F0D-B9C8-4768A40D7AD0}
		{22F07F61-AC18-393A-7C88-9A7B616515E7} = {52FC46D7-C4E9-7E7C-EBB9-C005A75CABD5}
		{8294644E-C430-D787-2CEA-88DDB44B81C8} = {22F07F61-AC18-393A-7C88-9A7B616515E7}
		{51A4A6DE-B1D1-A45A-8855-5841C80AE9EB} = {22F07F61-AC18-393A-7C88-9A7B616515E7}
		{DBF68636-363B-71EB-1637-68ABF1280701} = {52FC46D7-C4E9-7E7C-EBB9-C005A75CABD5}
		{B3C73393-7B6B-2737-2890-5416CA0F0050} = {DBF68636-363B-71EB-1637-68ABF1280701}
		{449EA116-1FCA-75A9-84C8-9C1CE5FFA1EA} = {DBF68636-363B-71EB-1637-68ABF1280701}
		{B172469C-40AF-30EA-2325-BFCF14EC6583} = {52FC46D7-C4E9-7E7C-EBB9-C005A75CABD5}
		{CB89FC6D-CA7E-FCC1-2C36-33B88D76CF1D} = {B172469C-40AF-30EA-2325-BFCF14EC6583}
		{80B43499-5EF1-73B7-BACC-82FA8700AE9F} = {B172469C-40AF-30EA-2325-BFCF14EC6583}
		{A2BAEB3C-981D-B94C-35AB-1C12514A7DDF} = {B172469C-40AF-30EA-2325-BFCF14EC6583}
		{8D96B391-4BDA-D89E-ED64-A2D7B4337FCA} = {B172469C-40AF-30EA-2325-BFCF14EC6583}
		{3D8FEA73-464C-1250-BDCE-042690E50504} = {B172469C-40AF-30EA-2325-BFCF14EC6583}
		{1FE9B3A2-9228-8E78-261C-2221B28F0E7B} = {A328B835-4990-6931-34B9-ABE689D5831A}
		{5F20C082-6B3A-41E7-938E-C2BCE80FA8D7} = {1FE9B3A2-9228-8E78-261C-2221B28F0E7B}
		{590EA9DF-CFB8-602D-2651-F1C4E7AB2140} = {5F20C082-6B3A-41E7-938E-C2BCE80FA8D7}
		{47154A61-7B90-45CD-5A04-617125D0D2F8} = {5F20C082-6B3A-41E7-938E-C2BCE80FA8D7}
		{8A4F3FAE-4B5B-AABC-767A-39475C947824} = {5F20C082-6B3A-41E7-938E-C2BCE80FA8D7}
		{DB77E488-CD1B-681C-687F-AFA935E8E6A8} = {1FE9B3A2-9228-8E78-261C-2221B28F0E7B}
		{2DF824DD-0A2F-0B15-F225-B054C92BC4EA} = {DB77E488-CD1B-681C-687F-AFA935E8E6A8}
		{5807B4F7-5CCB-E01D-A024-0E8BEFE0D7F0} = {DB77E488-CD1B-681C-687F-AFA935E8E6A8}
		{0D2A2F22-EAB0-802A-7ECE-AB012CE69B8D} = {DB77E488-CD1B-681C-687F-AFA935E8E6A8}
		{515D0695-DED8-6A19-72D5-7E987736EE52} = {1FE9B3A2-9228-8E78-261C-2221B28F0E7B}
		{66FDCF46-2365-F12E-9F40-92E86543B5A2} = {515D0695-DED8-6A19-72D5-7E987736EE52}
		{5656FFF1-BE6C-CADF-3C0E-B55BB5A8D420} = {515D0695-DED8-6A19-72D5-7E987736EE52}
		{D5E17E24-8C2E-BFBD-6DD6-04E2526F3AAD} = {515D0695-DED8-6A19-72D5-7E987736EE52}
		{1B231246-B9B0-FA75-34F3-A3EDE5646801} = {A328B835-4990-6931-34B9-ABE689D5831A}
		{8CE9DB62-9F2A-1C8B-0F39-2ECF63A46F64} = {1B231246-B9B0-FA75-34F3-A3EDE5646801}
		{F25007C0-8D07-C1E5-7B75-AA38E6631433} = {8CE9DB62-9F2A-1C8B-0F39-2ECF63A46F64}
		{DE2BD7A5-73D7-2F13-B4D6-B7FBA4E555CE} = {8CE9DB62-9F2A-1C8B-0F39-2ECF63A46F64}
		{AE2FA447-6C69-55EC-F768-10F7C886FDD4} = {1B231246-B9B0-FA75-34F3-A3EDE5646801}
		{16D66817-84AC-6F98-43A3-B949FE43E7EB} = {AE2FA447-6C69-55EC-F768-10F7C886FDD4}
		{8ECEBBA5-9937-1AA7-4559-B893636B7D9D} = {AE2FA447-6C69-55EC-F768-10F7C886FDD4}
		{94F25D9A-B6F6-D28E-D0D2-505B0593377D} = {1B231246-B9B0-FA75-34F3-A3EDE5646801}
		{AE2D5433-EF5A-C41F-57DA-7F068F42B44E} = {94F25D9A-B6F6-D28E-D0D2-505B0593377D}
		{16595D42-4729-C996-36A3-A46843542782} = {94F25D9A-B6F6-D28E-D0D2-505B0593377D}
		{88E31408-0177-4235-0BE8-6C9C8103E392} = {0B7587C3-F447-44C0-7126-E1085C8A32F4}
		{2209146E-0E51-36BC-A05C-0778B5EEBBA1} = {88E31408-0177-4235-0BE8-6C9C8103E392}
		{9DC47E2F-957F-CECC-82C0-1BAD872F8E13} = {88E31408-0177-4235-0BE8-6C9C8103E392}
		{9F11639F-3AB6-867F-7968-FFF8BFD8C410} = {88E31408-0177-4235-0BE8-6C9C8103E392}
		{9AA81E7A-C9BC-C56B-BE8F-55BC1D85EEBF} = {FF13A09E-0E72-1904-124B-A4E979EF28D3}
		{1BD0E5FD-D4B8-8018-08FE-E7DD4ABA741F} = {FF13A09E-0E72-1904-124B-A4E979EF28D3}
		{DED02E6A-BF10-1170-C5BA-386908AB0111} = {FF13A09E-0E72-1904-124B-A4E979EF28D3}
		{715A6E5F-401D-4689-99DD-4AAE36B81A6E} = {FF13A09E-0E72-1904-124B-A4E979EF28D3}
		{7F39512A-3E84-55AC-A090-1BD235516851} = {FF13A09E-0E72-1904-124B-A4E979EF28D3}
		{44E4BB0E-3840-E380-6B72-B8A9C6282870} = {FF13A09E-0E72-1904-124B-A4E979EF28D3}
		{A23FED16-9F68-2ACA-8EAE-45F24BE75BF4} = {FF13A09E-0E72-1904-124B-A4E979EF28D3}
		{B7F53593-F30A-ADD4-BD09-1EFE8F4E7453} = {FF13A09E-0E72-1904-124B-A4E979EF28D3}
		{37C78F74-1AFB-8865-7C2A-03B6B4262134} = {FF13A09E-0E72-1904-124B-A4E979EF28D3}
		{C3BD4841-7C1F-23F7-20AB-C30A678001F5} = {FF13A09E-0E72-1904-124B-A4E979EF28D3}
		{02E79865-6261-CDE0-77EA-3DD2E01DACBD} = {FF13A09E-0E72-1904-124B-A4E979EF28D3}
		{CCAFF012-8A10-421E-9FC3-94A2FC211C92} = {1B231246-B9B0-FA75-34F3-A3EDE5646801}
		{EE95CAE5-E9C3-4225-9F2E-3748BED87289} = {CCAFF012-8A10-421E-9FC3-94A2FC211C92}
		{4D003F80-5116-473E-879D-6D2280DEEB0D} = {CCAFF012-8A10-421E-9FC3-94A2FC211C92}
	EndGlobalSection
EndGlobal
