Microsoft Visual Studio Solution File, Format Version 12.00
Project("{2150E333-8FDC-42A3-9474-1A3956D46DE8}") = "Build", "Build", "{DEE5DD87-39C1-BF34-B639-A387DCCF972B}"
	ProjectSection(SolutionItems) = preProject
		.github\workflows\pr.yml = .github\workflows\pr.yml
		.github\workflows\release.yml = .github\workflows\release.yml
	EndProjectSection
EndProject
Project("{FAE04EC0-301F-11D3-BF4B-00C04F79EFBC}") = "Build", "Build\Build.csproj", "{7DF908B3-503D-51C2-3675-626DC2895B77}"
EndProject
Project("{2150E333-8FDC-42A3-9474-1A3956D46DE8}") = "Config", "Config", "{1AD244E0-696C-4A2A-31B1-1832C4FA60E4}"
	ProjectSection(SolutionItems) = preProject
		.config\dotnet-tools.json = .config\dotnet-tools.json
		.csharpierrc.yaml = .csharpierrc.yaml
		.editorconfig = .editorconfig
		codecov.yml = codecov.yml
		CodeMetricsConfig.txt = CodeMetricsConfig.txt
		Directory.Build.props = Directory.Build.props
		Directory.Packages.props = Directory.Packages.props
		global.json = global.json
		README.md = README.md
	EndProjectSection
EndProject
Project("{2150E333-8FDC-42A3-9474-1A3956D46DE8}") = "Connectors", "Connectors", "{A328B835-4990-6931-34B9-ABE689D5831A}"
EndProject
Project("{2150E333-8FDC-42A3-9474-1A3956D46DE8}") = "Autocad", "Autocad", "{5A9CD48A-48CF-5B54-8AF9-3F8C642FBE24}"
	ProjectSection(SolutionItems) = preProject
		Connectors\Autocad\Directory.Build.targets = Connectors\Autocad\Directory.Build.targets
	EndProjectSection
EndProject
Project("{2150E333-8FDC-42A3-9474-1A3956D46DE8}") = "2022", "2022", "{307FCDBC-E645-23E4-EA43-E0F287BB678F}"
EndProject
Project("{FAE04EC0-301F-11D3-BF4B-00C04F79EFBC}") = "Speckle.Connectors.Autocad2022", "Connectors\Autocad\Speckle.Connectors.Autocad2022\Speckle.Connectors.Autocad2022.csproj", "{BAA574B9-A832-3321-694F-FE5DD723BC72}"
EndProject
Project("{FAE04EC0-301F-11D3-BF4B-00C04F79EFBC}") = "Speckle.Connectors.Civil3d2022", "Connectors\Autocad\Speckle.Connectors.Civil3d2022\Speckle.Connectors.Civil3d2022.csproj", "{B1F0D7B5-1E22-0EEA-8697-DB5F2EC74CC5}"
EndProject
Project("{FAE04EC0-301F-11D3-BF4B-00C04F79EFBC}") = "Speckle.Converters.Autocad2022", "Converters\Autocad\Speckle.Converters.Autocad2022\Speckle.Converters.Autocad2022.csproj", "{AAFFA200-4BDB-C6AC-5EF8-0ADE119A1896}"
EndProject
Project("{FAE04EC0-301F-11D3-BF4B-00C04F79EFBC}") = "Speckle.Converters.Civil3d2022", "Converters\Civil3d\Speckle.Converters.Civil3d2022\Speckle.Converters.Civil3d2022.csproj", "{48D5AA79-8214-79E7-4168-ABA7A93577D4}"
EndProject
Project("{2150E333-8FDC-42A3-9474-1A3956D46DE8}") = "2023", "2023", "{72C9EB55-380D-77E7-6675-AE6CB81D28C7}"
EndProject
Project("{FAE04EC0-301F-11D3-BF4B-00C04F79EFBC}") = "Speckle.Connectors.Autocad2023", "Connectors\Autocad\Speckle.Connectors.Autocad2023\Speckle.Connectors.Autocad2023.csproj", "{45A4D7E5-2E89-282A-C772-6734801B1823}"
EndProject
Project("{FAE04EC0-301F-11D3-BF4B-00C04F79EFBC}") = "Speckle.Connectors.Civil3d2023", "Connectors\Autocad\Speckle.Connectors.Civil3d2023\Speckle.Connectors.Civil3d2023.csproj", "{D830A926-621F-1342-5638-D05C4B47DE1E}"
EndProject
Project("{FAE04EC0-301F-11D3-BF4B-00C04F79EFBC}") = "Speckle.Converters.Autocad2023", "Converters\Autocad\Speckle.Converters.Autocad2023\Speckle.Converters.Autocad2023.csproj", "{2B945A0E-F059-43EA-B954-C68FD0829004}"
EndProject
Project("{FAE04EC0-301F-11D3-BF4B-00C04F79EFBC}") = "Speckle.Converters.Civil3d2023", "Converters\Civil3d\Speckle.Converters.Civil3d2023\Speckle.Converters.Civil3d2023.csproj", "{98B4CA4F-1056-FAB8-9A31-ED3033B185C1}"
EndProject
Project("{2150E333-8FDC-42A3-9474-1A3956D46DE8}") = "2024", "2024", "{19A2038A-8A9B-9E8E-828D-0394B1BC6BEF}"
EndProject
Project("{FAE04EC0-301F-11D3-BF4B-00C04F79EFBC}") = "Speckle.Connectors.Autocad2024", "Connectors\Autocad\Speckle.Connectors.Autocad2024\Speckle.Connectors.Autocad2024.csproj", "{9A91B55D-2001-EF41-CBAB-BC0B51F43B7C}"
EndProject
Project("{FAE04EC0-301F-11D3-BF4B-00C04F79EFBC}") = "Speckle.Connectors.Civil3d2024", "Connectors\Autocad\Speckle.Connectors.Civil3d2024\Speckle.Connectors.Civil3d2024.csproj", "{93F86E5B-3646-8AE2-A6AF-14BE759DED85}"
EndProject
Project("{FAE04EC0-301F-11D3-BF4B-00C04F79EFBC}") = "Speckle.Converters.Autocad2024", "Converters\Autocad\Speckle.Converters.Autocad2024\Speckle.Converters.Autocad2024.csproj", "{1942520A-51DF-33B5-3302-EFA8CE3C7D05}"
EndProject
Project("{FAE04EC0-301F-11D3-BF4B-00C04F79EFBC}") = "Speckle.Converters.Civil3d2024", "Converters\Civil3d\Speckle.Converters.Civil3d2024\Speckle.Converters.Civil3d2024.csproj", "{3593C8DB-3464-122D-25EB-F2D63D351D6D}"
EndProject
Project("{2150E333-8FDC-42A3-9474-1A3956D46DE8}") = "2025", "2025", "{09A00734-75D3-C3E0-299A-D8D93AA3F67B}"
EndProject
Project("{FAE04EC0-301F-11D3-BF4B-00C04F79EFBC}") = "Speckle.Connectors.Autocad2025", "Connectors\Autocad\Speckle.Connectors.Autocad2025\Speckle.Connectors.Autocad2025.csproj", "{DA72E952-40BD-0030-4813-D9B9CF884BD0}"
EndProject
Project("{FAE04EC0-301F-11D3-BF4B-00C04F79EFBC}") = "Speckle.Connectors.Civil3d2025", "Connectors\Autocad\Speckle.Connectors.Civil3d2025\Speckle.Connectors.Civil3d2025.csproj", "{B2289D6C-AA54-B7EC-7731-4498BBB3E3E7}"
EndProject
Project("{FAE04EC0-301F-11D3-BF4B-00C04F79EFBC}") = "Speckle.Converters.Autocad2025", "Converters\Autocad\Speckle.Converters.Autocad2025\Speckle.Converters.Autocad2025.csproj", "{844D5B87-6434-F901-D3DB-BA842046EE5D}"
EndProject
Project("{FAE04EC0-301F-11D3-BF4B-00C04F79EFBC}") = "Speckle.Converters.Civil3d2025", "Converters\Civil3d\Speckle.Converters.Civil3d2025\Speckle.Converters.Civil3d2025.csproj", "{9DC717CB-E0DA-B07A-5945-A10C6B39BA27}"
EndProject
Project("{2150E333-8FDC-42A3-9474-1A3956D46DE8}") = "2026", "2026", "{D3670C11-52FA-1950-6D7E-27C5DEA68A33}"
EndProject
Project("{FAE04EC0-301F-11D3-BF4B-00C04F79EFBC}") = "Speckle.Connectors.Autocad2026", "Connectors\Autocad\Speckle.Connectors.Autocad2026\Speckle.Connectors.Autocad2026.csproj", "{699B30E9-0CCF-286C-68C4-3FB69F46306B}"
EndProject
Project("{FAE04EC0-301F-11D3-BF4B-00C04F79EFBC}") = "Speckle.Connectors.Civil3d2026", "Connectors\Autocad\Speckle.Connectors.Civil3d2026\Speckle.Connectors.Civil3d2026.csproj", "{0E5BC6E1-A8EB-42DB-E8B1-C8DD86FF0F03}"
EndProject
Project("{FAE04EC0-301F-11D3-BF4B-00C04F79EFBC}") = "Speckle.Converters.Autocad2026", "Converters\Autocad\Speckle.Converters.Autocad2026\Speckle.Converters.Autocad2026.csproj", "{0E648E8C-84B5-BF60-0234-C707EF807337}"
EndProject
Project("{FAE04EC0-301F-11D3-BF4B-00C04F79EFBC}") = "Speckle.Converters.Civil3d2026", "Converters\Civil3d\Speckle.Converters.Civil3d2026\Speckle.Converters.Civil3d2026.csproj", "{86CD543C-06B5-824F-33FD-14DF067B81CF}"
EndProject
Project("{2150E333-8FDC-42A3-9474-1A3956D46DE8}") = "Shared", "Shared", "{A97EFA6B-D703-EF29-A34D-BAD7BA42B5BE}"
EndProject
Project("{D954291E-2A0B-460D-934E-DC6B0785DB48}") = "Speckle.Connectors.AutocadShared", "Connectors\Autocad\Speckle.Connectors.AutocadShared\Speckle.Connectors.AutocadShared.shproj", "{17DC8F52-9C7D-9294-B0F0-BAE81418C44A}"
EndProject
Project("{D954291E-2A0B-460D-934E-DC6B0785DB48}") = "Speckle.Connectors.Civil3dShared", "Connectors\Autocad\Speckle.Connectors.Civil3dShared\Speckle.Connectors.Civil3dShared.shproj", "{26258AD1-813E-89BC-9EB7-E7FDC6909ED5}"
EndProject
Project("{D954291E-2A0B-460D-934E-DC6B0785DB48}") = "Speckle.Converters.AutocadShared", "Converters\Autocad\Speckle.Converters.AutocadShared\Speckle.Converters.AutocadShared.shproj", "{50746897-0F6D-D90C-5FB7-21C473F1FF95}"
EndProject
Project("{D954291E-2A0B-460D-934E-DC6B0785DB48}") = "Speckle.Converters.Civil3dShared", "Converters\Civil3d\Speckle.Converters.Civil3dShared\Speckle.Converters.Civil3dShared.shproj", "{150DC893-184D-7D8A-0461-BB4F2BB22972}"
EndProject
Project("{2150E333-8FDC-42A3-9474-1A3956D46DE8}") = "Importers", "Importers", "{0B7587C3-F447-44C0-7126-E1085C8A32F4}"
EndProject
Project("{2150E333-8FDC-42A3-9474-1A3956D46DE8}") = "Ifc", "Ifc", "{88E31408-0177-4235-0BE8-6C9C8103E392}"
EndProject
Project("{FAE04EC0-301F-11D3-BF4B-00C04F79EFBC}") = "Speckle.Importers.Ifc.Tester", "Importers\Ifc\Speckle.Importers.Ifc.Tester\Speckle.Importers.Ifc.Tester.csproj", "{9DC47E2F-957F-CECC-82C0-1BAD872F8E13}"
EndProject
Project("{FAE04EC0-301F-11D3-BF4B-00C04F79EFBC}") = "Speckle.Importers.Ifc.Tester2", "Importers\Ifc\Speckle.Importers.Ifc.Tester2\Speckle.Importers.Ifc.Tester2.csproj", "{2209146E-0E51-36BC-A05C-0778B5EEBBA1}"
EndProject
Project("{FAE04EC0-301F-11D3-BF4B-00C04F79EFBC}") = "Speckle.Importers.Ifc", "Importers\Ifc\Speckle.Importers.Ifc\Speckle.Importers.Ifc.csproj", "{9F11639F-3AB6-867F-7968-FFF8BFD8C410}"
EndProject
Project("{2150E333-8FDC-42A3-9474-1A3956D46DE8}") = "Sdk", "Sdk", "{FF13A09E-0E72-1904-124B-A4E979EF28D3}"
EndProject
Project("{FAE04EC0-301F-11D3-BF4B-00C04F79EFBC}") = "Speckle.Connectors.DUI.Tests", "DUI3\Speckle.Connectors.DUI.Tests\Speckle.Connectors.DUI.Tests.csproj", "{9AA81E7A-C9BC-C56B-BE8F-55BC1D85EEBF}"
EndProject
Project("{FAE04EC0-301F-11D3-BF4B-00C04F79EFBC}") = "Speckle.Connectors.DUI.WebView", "DUI3\Speckle.Connectors.DUI.WebView\Speckle.Connectors.DUI.WebView.csproj", "{1BD0E5FD-D4B8-8018-08FE-E7DD4ABA741F}"
EndProject
Project("{FAE04EC0-301F-11D3-BF4B-00C04F79EFBC}") = "Speckle.Connectors.DUI", "DUI3\Speckle.Connectors.DUI\Speckle.Connectors.DUI.csproj", "{DED02E6A-BF10-1170-C5BA-386908AB0111}"
EndProject
Project("{FAE04EC0-301F-11D3-BF4B-00C04F79EFBC}") = "Speckle.Common.MeshTriangulation", "Sdk\Speckle.Common.MeshTriangulation\Speckle.Common.MeshTriangulation.csproj", "{715A6E5F-401D-4689-99DD-4AAE36B81A6E}"
EndProject
Project("{FAE04EC0-301F-11D3-BF4B-00C04F79EFBC}") = "Speckle.Connectors.Common.Tests", "Sdk\Speckle.Connectors.Common.Tests\Speckle.Connectors.Common.Tests.csproj", "{7F39512A-3E84-55AC-A090-1BD235516851}"
EndProject
Project("{FAE04EC0-301F-11D3-BF4B-00C04F79EFBC}") = "Speckle.Connectors.Common", "Sdk\Speckle.Connectors.Common\Speckle.Connectors.Common.csproj", "{44E4BB0E-3840-E380-6B72-B8A9C6282870}"
EndProject
Project("{FAE04EC0-301F-11D3-BF4B-00C04F79EFBC}") = "Speckle.Connectors.Logging", "Sdk\Speckle.Connectors.Logging\Speckle.Connectors.Logging.csproj", "{A23FED16-9F68-2ACA-8EAE-45F24BE75BF4}"
EndProject
Project("{FAE04EC0-301F-11D3-BF4B-00C04F79EFBC}") = "Speckle.Converters.Common.Tests", "Sdk\Speckle.Converters.Common.Tests\Speckle.Converters.Common.Tests.csproj", "{B7F53593-F30A-ADD4-BD09-1EFE8F4E7453}"
EndProject
Project("{FAE04EC0-301F-11D3-BF4B-00C04F79EFBC}") = "Speckle.Converters.Common", "Sdk\Speckle.Converters.Common\Speckle.Converters.Common.csproj", "{37C78F74-1AFB-8865-7C2A-03B6B4262134}"
EndProject
Project("{FAE04EC0-301F-11D3-BF4B-00C04F79EFBC}") = "Speckle.Performance", "Sdk\Speckle.Performance\Speckle.Performance.csproj", "{C3BD4841-7C1F-23F7-20AB-C30A678001F5}"
EndProject
Project("{FAE04EC0-301F-11D3-BF4B-00C04F79EFBC}") = "Speckle.Testing", "Sdk\Speckle.Testing\Speckle.Testing.csproj", "{02E79865-6261-CDE0-77EA-3DD2E01DACBD}"
EndProject
Global
	GlobalSection(SolutionConfigurationPlatforms) = preSolution
		Debug|Any CPU = Debug|Any CPU
		Local|Any CPU = Local|Any CPU
		Release|Any CPU = Release|Any CPU
	EndGlobalSection
	GlobalSection(ProjectConfigurationPlatforms) = postSolution
		{7DF908B3-503D-51C2-3675-626DC2895B77}.Debug|Any CPU.ActiveCfg = Debug|Any CPU
		{7DF908B3-503D-51C2-3675-626DC2895B77}.Debug|Any CPU.Build.0 = Debug|Any CPU
		{7DF908B3-503D-51C2-3675-626DC2895B77}.Local|Any CPU.ActiveCfg = Local|Any CPU
		{7DF908B3-503D-51C2-3675-626DC2895B77}.Local|Any CPU.Build.0 = Local|Any CPU
		{7DF908B3-503D-51C2-3675-626DC2895B77}.Release|Any CPU.ActiveCfg = Release|Any CPU
		{7DF908B3-503D-51C2-3675-626DC2895B77}.Release|Any CPU.Build.0 = Release|Any CPU
		{BAA574B9-A832-3321-694F-FE5DD723BC72}.Debug|Any CPU.ActiveCfg = Debug|Any CPU
		{BAA574B9-A832-3321-694F-FE5DD723BC72}.Debug|Any CPU.Build.0 = Debug|Any CPU
		{BAA574B9-A832-3321-694F-FE5DD723BC72}.Local|Any CPU.ActiveCfg = Local|Any CPU
		{BAA574B9-A832-3321-694F-FE5DD723BC72}.Local|Any CPU.Build.0 = Local|Any CPU
		{BAA574B9-A832-3321-694F-FE5DD723BC72}.Release|Any CPU.ActiveCfg = Release|Any CPU
		{BAA574B9-A832-3321-694F-FE5DD723BC72}.Release|Any CPU.Build.0 = Release|Any CPU
		{B1F0D7B5-1E22-0EEA-8697-DB5F2EC74CC5}.Debug|Any CPU.ActiveCfg = Debug|Any CPU
		{B1F0D7B5-1E22-0EEA-8697-DB5F2EC74CC5}.Debug|Any CPU.Build.0 = Debug|Any CPU
		{B1F0D7B5-1E22-0EEA-8697-DB5F2EC74CC5}.Local|Any CPU.ActiveCfg = Local|Any CPU
		{B1F0D7B5-1E22-0EEA-8697-DB5F2EC74CC5}.Local|Any CPU.Build.0 = Local|Any CPU
		{B1F0D7B5-1E22-0EEA-8697-DB5F2EC74CC5}.Release|Any CPU.ActiveCfg = Release|Any CPU
		{B1F0D7B5-1E22-0EEA-8697-DB5F2EC74CC5}.Release|Any CPU.Build.0 = Release|Any CPU
		{AAFFA200-4BDB-C6AC-5EF8-0ADE119A1896}.Debug|Any CPU.ActiveCfg = Debug|Any CPU
		{AAFFA200-4BDB-C6AC-5EF8-0ADE119A1896}.Debug|Any CPU.Build.0 = Debug|Any CPU
		{AAFFA200-4BDB-C6AC-5EF8-0ADE119A1896}.Local|Any CPU.ActiveCfg = Local|Any CPU
		{AAFFA200-4BDB-C6AC-5EF8-0ADE119A1896}.Local|Any CPU.Build.0 = Local|Any CPU
		{AAFFA200-4BDB-C6AC-5EF8-0ADE119A1896}.Release|Any CPU.ActiveCfg = Release|Any CPU
		{AAFFA200-4BDB-C6AC-5EF8-0ADE119A1896}.Release|Any CPU.Build.0 = Release|Any CPU
		{48D5AA79-8214-79E7-4168-ABA7A93577D4}.Debug|Any CPU.ActiveCfg = Debug|Any CPU
		{48D5AA79-8214-79E7-4168-ABA7A93577D4}.Debug|Any CPU.Build.0 = Debug|Any CPU
		{48D5AA79-8214-79E7-4168-ABA7A93577D4}.Local|Any CPU.ActiveCfg = Local|Any CPU
		{48D5AA79-8214-79E7-4168-ABA7A93577D4}.Local|Any CPU.Build.0 = Local|Any CPU
		{48D5AA79-8214-79E7-4168-ABA7A93577D4}.Release|Any CPU.ActiveCfg = Release|Any CPU
		{48D5AA79-8214-79E7-4168-ABA7A93577D4}.Release|Any CPU.Build.0 = Release|Any CPU
		{45A4D7E5-2E89-282A-C772-6734801B1823}.Debug|Any CPU.ActiveCfg = Debug|Any CPU
		{45A4D7E5-2E89-282A-C772-6734801B1823}.Debug|Any CPU.Build.0 = Debug|Any CPU
		{45A4D7E5-2E89-282A-C772-6734801B1823}.Local|Any CPU.ActiveCfg = Local|Any CPU
		{45A4D7E5-2E89-282A-C772-6734801B1823}.Local|Any CPU.Build.0 = Local|Any CPU
		{45A4D7E5-2E89-282A-C772-6734801B1823}.Release|Any CPU.ActiveCfg = Release|Any CPU
		{45A4D7E5-2E89-282A-C772-6734801B1823}.Release|Any CPU.Build.0 = Release|Any CPU
		{D830A926-621F-1342-5638-D05C4B47DE1E}.Debug|Any CPU.ActiveCfg = Debug|Any CPU
		{D830A926-621F-1342-5638-D05C4B47DE1E}.Debug|Any CPU.Build.0 = Debug|Any CPU
		{D830A926-621F-1342-5638-D05C4B47DE1E}.Local|Any CPU.ActiveCfg = Local|Any CPU
		{D830A926-621F-1342-5638-D05C4B47DE1E}.Local|Any CPU.Build.0 = Local|Any CPU
		{D830A926-621F-1342-5638-D05C4B47DE1E}.Release|Any CPU.ActiveCfg = Release|Any CPU
		{D830A926-621F-1342-5638-D05C4B47DE1E}.Release|Any CPU.Build.0 = Release|Any CPU
		{2B945A0E-F059-43EA-B954-C68FD0829004}.Debug|Any CPU.ActiveCfg = Debug|Any CPU
		{2B945A0E-F059-43EA-B954-C68FD0829004}.Debug|Any CPU.Build.0 = Debug|Any CPU
		{2B945A0E-F059-43EA-B954-C68FD0829004}.Local|Any CPU.ActiveCfg = Local|Any CPU
		{2B945A0E-F059-43EA-B954-C68FD0829004}.Local|Any CPU.Build.0 = Local|Any CPU
		{2B945A0E-F059-43EA-B954-C68FD0829004}.Release|Any CPU.ActiveCfg = Release|Any CPU
		{2B945A0E-F059-43EA-B954-C68FD0829004}.Release|Any CPU.Build.0 = Release|Any CPU
		{98B4CA4F-1056-FAB8-9A31-ED3033B185C1}.Debug|Any CPU.ActiveCfg = Debug|Any CPU
		{98B4CA4F-1056-FAB8-9A31-ED3033B185C1}.Debug|Any CPU.Build.0 = Debug|Any CPU
		{98B4CA4F-1056-FAB8-9A31-ED3033B185C1}.Local|Any CPU.ActiveCfg = Local|Any CPU
		{98B4CA4F-1056-FAB8-9A31-ED3033B185C1}.Local|Any CPU.Build.0 = Local|Any CPU
		{98B4CA4F-1056-FAB8-9A31-ED3033B185C1}.Release|Any CPU.ActiveCfg = Release|Any CPU
		{98B4CA4F-1056-FAB8-9A31-ED3033B185C1}.Release|Any CPU.Build.0 = Release|Any CPU
		{9A91B55D-2001-EF41-CBAB-BC0B51F43B7C}.Debug|Any CPU.ActiveCfg = Debug|Any CPU
		{9A91B55D-2001-EF41-CBAB-BC0B51F43B7C}.Debug|Any CPU.Build.0 = Debug|Any CPU
		{9A91B55D-2001-EF41-CBAB-BC0B51F43B7C}.Local|Any CPU.ActiveCfg = Local|Any CPU
		{9A91B55D-2001-EF41-CBAB-BC0B51F43B7C}.Local|Any CPU.Build.0 = Local|Any CPU
		{9A91B55D-2001-EF41-CBAB-BC0B51F43B7C}.Release|Any CPU.ActiveCfg = Release|Any CPU
		{9A91B55D-2001-EF41-CBAB-BC0B51F43B7C}.Release|Any CPU.Build.0 = Release|Any CPU
		{93F86E5B-3646-8AE2-A6AF-14BE759DED85}.Debug|Any CPU.ActiveCfg = Debug|Any CPU
		{93F86E5B-3646-8AE2-A6AF-14BE759DED85}.Debug|Any CPU.Build.0 = Debug|Any CPU
		{93F86E5B-3646-8AE2-A6AF-14BE759DED85}.Local|Any CPU.ActiveCfg = Local|Any CPU
		{93F86E5B-3646-8AE2-A6AF-14BE759DED85}.Local|Any CPU.Build.0 = Local|Any CPU
		{93F86E5B-3646-8AE2-A6AF-14BE759DED85}.Release|Any CPU.ActiveCfg = Release|Any CPU
		{93F86E5B-3646-8AE2-A6AF-14BE759DED85}.Release|Any CPU.Build.0 = Release|Any CPU
		{1942520A-51DF-33B5-3302-EFA8CE3C7D05}.Debug|Any CPU.ActiveCfg = Debug|Any CPU
		{1942520A-51DF-33B5-3302-EFA8CE3C7D05}.Debug|Any CPU.Build.0 = Debug|Any CPU
		{1942520A-51DF-33B5-3302-EFA8CE3C7D05}.Local|Any CPU.ActiveCfg = Local|Any CPU
		{1942520A-51DF-33B5-3302-EFA8CE3C7D05}.Local|Any CPU.Build.0 = Local|Any CPU
		{1942520A-51DF-33B5-3302-EFA8CE3C7D05}.Release|Any CPU.ActiveCfg = Release|Any CPU
		{1942520A-51DF-33B5-3302-EFA8CE3C7D05}.Release|Any CPU.Build.0 = Release|Any CPU
		{3593C8DB-3464-122D-25EB-F2D63D351D6D}.Debug|Any CPU.ActiveCfg = Debug|Any CPU
		{3593C8DB-3464-122D-25EB-F2D63D351D6D}.Debug|Any CPU.Build.0 = Debug|Any CPU
		{3593C8DB-3464-122D-25EB-F2D63D351D6D}.Local|Any CPU.ActiveCfg = Local|Any CPU
		{3593C8DB-3464-122D-25EB-F2D63D351D6D}.Local|Any CPU.Build.0 = Local|Any CPU
		{3593C8DB-3464-122D-25EB-F2D63D351D6D}.Release|Any CPU.ActiveCfg = Release|Any CPU
		{3593C8DB-3464-122D-25EB-F2D63D351D6D}.Release|Any CPU.Build.0 = Release|Any CPU
		{DA72E952-40BD-0030-4813-D9B9CF884BD0}.Debug|Any CPU.ActiveCfg = Debug|Any CPU
		{DA72E952-40BD-0030-4813-D9B9CF884BD0}.Debug|Any CPU.Build.0 = Debug|Any CPU
		{DA72E952-40BD-0030-4813-D9B9CF884BD0}.Local|Any CPU.ActiveCfg = Local|Any CPU
		{DA72E952-40BD-0030-4813-D9B9CF884BD0}.Local|Any CPU.Build.0 = Local|Any CPU
		{DA72E952-40BD-0030-4813-D9B9CF884BD0}.Release|Any CPU.ActiveCfg = Release|Any CPU
		{DA72E952-40BD-0030-4813-D9B9CF884BD0}.Release|Any CPU.Build.0 = Release|Any CPU
		{B2289D6C-AA54-B7EC-7731-4498BBB3E3E7}.Debug|Any CPU.ActiveCfg = Debug|Any CPU
		{B2289D6C-AA54-B7EC-7731-4498BBB3E3E7}.Debug|Any CPU.Build.0 = Debug|Any CPU
		{B2289D6C-AA54-B7EC-7731-4498BBB3E3E7}.Local|Any CPU.ActiveCfg = Local|Any CPU
		{B2289D6C-AA54-B7EC-7731-4498BBB3E3E7}.Local|Any CPU.Build.0 = Local|Any CPU
		{B2289D6C-AA54-B7EC-7731-4498BBB3E3E7}.Release|Any CPU.ActiveCfg = Release|Any CPU
		{B2289D6C-AA54-B7EC-7731-4498BBB3E3E7}.Release|Any CPU.Build.0 = Release|Any CPU
		{844D5B87-6434-F901-D3DB-BA842046EE5D}.Debug|Any CPU.ActiveCfg = Debug|Any CPU
		{844D5B87-6434-F901-D3DB-BA842046EE5D}.Debug|Any CPU.Build.0 = Debug|Any CPU
		{844D5B87-6434-F901-D3DB-BA842046EE5D}.Local|Any CPU.ActiveCfg = Local|Any CPU
		{844D5B87-6434-F901-D3DB-BA842046EE5D}.Local|Any CPU.Build.0 = Local|Any CPU
		{844D5B87-6434-F901-D3DB-BA842046EE5D}.Release|Any CPU.ActiveCfg = Release|Any CPU
		{844D5B87-6434-F901-D3DB-BA842046EE5D}.Release|Any CPU.Build.0 = Release|Any CPU
		{9DC717CB-E0DA-B07A-5945-A10C6B39BA27}.Debug|Any CPU.ActiveCfg = Debug|Any CPU
		{9DC717CB-E0DA-B07A-5945-A10C6B39BA27}.Debug|Any CPU.Build.0 = Debug|Any CPU
		{9DC717CB-E0DA-B07A-5945-A10C6B39BA27}.Local|Any CPU.ActiveCfg = Local|Any CPU
		{9DC717CB-E0DA-B07A-5945-A10C6B39BA27}.Local|Any CPU.Build.0 = Local|Any CPU
		{9DC717CB-E0DA-B07A-5945-A10C6B39BA27}.Release|Any CPU.ActiveCfg = Release|Any CPU
		{9DC717CB-E0DA-B07A-5945-A10C6B39BA27}.Release|Any CPU.Build.0 = Release|Any CPU
		{699B30E9-0CCF-286C-68C4-3FB69F46306B}.Debug|Any CPU.ActiveCfg = Debug|Any CPU
		{699B30E9-0CCF-286C-68C4-3FB69F46306B}.Debug|Any CPU.Build.0 = Debug|Any CPU
		{699B30E9-0CCF-286C-68C4-3FB69F46306B}.Local|Any CPU.ActiveCfg = Local|Any CPU
		{699B30E9-0CCF-286C-68C4-3FB69F46306B}.Local|Any CPU.Build.0 = Local|Any CPU
		{699B30E9-0CCF-286C-68C4-3FB69F46306B}.Release|Any CPU.ActiveCfg = Release|Any CPU
		{699B30E9-0CCF-286C-68C4-3FB69F46306B}.Release|Any CPU.Build.0 = Release|Any CPU
		{0E5BC6E1-A8EB-42DB-E8B1-C8DD86FF0F03}.Debug|Any CPU.ActiveCfg = Debug|Any CPU
		{0E5BC6E1-A8EB-42DB-E8B1-C8DD86FF0F03}.Debug|Any CPU.Build.0 = Debug|Any CPU
		{0E5BC6E1-A8EB-42DB-E8B1-C8DD86FF0F03}.Local|Any CPU.ActiveCfg = Local|Any CPU
		{0E5BC6E1-A8EB-42DB-E8B1-C8DD86FF0F03}.Local|Any CPU.Build.0 = Local|Any CPU
		{0E5BC6E1-A8EB-42DB-E8B1-C8DD86FF0F03}.Release|Any CPU.ActiveCfg = Release|Any CPU
		{0E5BC6E1-A8EB-42DB-E8B1-C8DD86FF0F03}.Release|Any CPU.Build.0 = Release|Any CPU
		{0E648E8C-84B5-BF60-0234-C707EF807337}.Debug|Any CPU.ActiveCfg = Debug|Any CPU
		{0E648E8C-84B5-BF60-0234-C707EF807337}.Debug|Any CPU.Build.0 = Debug|Any CPU
		{0E648E8C-84B5-BF60-0234-C707EF807337}.Local|Any CPU.ActiveCfg = Local|Any CPU
		{0E648E8C-84B5-BF60-0234-C707EF807337}.Local|Any CPU.Build.0 = Local|Any CPU
		{0E648E8C-84B5-BF60-0234-C707EF807337}.Release|Any CPU.ActiveCfg = Release|Any CPU
		{0E648E8C-84B5-BF60-0234-C707EF807337}.Release|Any CPU.Build.0 = Release|Any CPU
		{86CD543C-06B5-824F-33FD-14DF067B81CF}.Debug|Any CPU.ActiveCfg = Debug|Any CPU
		{86CD543C-06B5-824F-33FD-14DF067B81CF}.Debug|Any CPU.Build.0 = Debug|Any CPU
		{86CD543C-06B5-824F-33FD-14DF067B81CF}.Local|Any CPU.ActiveCfg = Local|Any CPU
		{86CD543C-06B5-824F-33FD-14DF067B81CF}.Local|Any CPU.Build.0 = Local|Any CPU
		{86CD543C-06B5-824F-33FD-14DF067B81CF}.Release|Any CPU.ActiveCfg = Release|Any CPU
		{86CD543C-06B5-824F-33FD-14DF067B81CF}.Release|Any CPU.Build.0 = Release|Any CPU
		{9DC47E2F-957F-CECC-82C0-1BAD872F8E13}.Debug|Any CPU.ActiveCfg = Debug|Any CPU
		{9DC47E2F-957F-CECC-82C0-1BAD872F8E13}.Debug|Any CPU.Build.0 = Debug|Any CPU
		{9DC47E2F-957F-CECC-82C0-1BAD872F8E13}.Local|Any CPU.ActiveCfg = Local|Any CPU
		{9DC47E2F-957F-CECC-82C0-1BAD872F8E13}.Local|Any CPU.Build.0 = Local|Any CPU
		{9DC47E2F-957F-CECC-82C0-1BAD872F8E13}.Release|Any CPU.ActiveCfg = Release|Any CPU
		{9DC47E2F-957F-CECC-82C0-1BAD872F8E13}.Release|Any CPU.Build.0 = Release|Any CPU
		{2209146E-0E51-36BC-A05C-0778B5EEBBA1}.Debug|Any CPU.ActiveCfg = Debug|Any CPU
		{2209146E-0E51-36BC-A05C-0778B5EEBBA1}.Debug|Any CPU.Build.0 = Debug|Any CPU
		{2209146E-0E51-36BC-A05C-0778B5EEBBA1}.Local|Any CPU.ActiveCfg = Local|Any CPU
		{2209146E-0E51-36BC-A05C-0778B5EEBBA1}.Local|Any CPU.Build.0 = Local|Any CPU
		{2209146E-0E51-36BC-A05C-0778B5EEBBA1}.Release|Any CPU.ActiveCfg = Release|Any CPU
		{2209146E-0E51-36BC-A05C-0778B5EEBBA1}.Release|Any CPU.Build.0 = Release|Any CPU
		{9F11639F-3AB6-867F-7968-FFF8BFD8C410}.Debug|Any CPU.ActiveCfg = Debug|Any CPU
		{9F11639F-3AB6-867F-7968-FFF8BFD8C410}.Debug|Any CPU.Build.0 = Debug|Any CPU
		{9F11639F-3AB6-867F-7968-FFF8BFD8C410}.Local|Any CPU.ActiveCfg = Local|Any CPU
		{9F11639F-3AB6-867F-7968-FFF8BFD8C410}.Local|Any CPU.Build.0 = Local|Any CPU
		{9F11639F-3AB6-867F-7968-FFF8BFD8C410}.Release|Any CPU.ActiveCfg = Release|Any CPU
		{9F11639F-3AB6-867F-7968-FFF8BFD8C410}.Release|Any CPU.Build.0 = Release|Any CPU
		{9AA81E7A-C9BC-C56B-BE8F-55BC1D85EEBF}.Debug|Any CPU.ActiveCfg = Debug|Any CPU
		{9AA81E7A-C9BC-C56B-BE8F-55BC1D85EEBF}.Debug|Any CPU.Build.0 = Debug|Any CPU
		{9AA81E7A-C9BC-C56B-BE8F-55BC1D85EEBF}.Local|Any CPU.ActiveCfg = Local|Any CPU
		{9AA81E7A-C9BC-C56B-BE8F-55BC1D85EEBF}.Local|Any CPU.Build.0 = Local|Any CPU
		{9AA81E7A-C9BC-C56B-BE8F-55BC1D85EEBF}.Release|Any CPU.ActiveCfg = Release|Any CPU
		{9AA81E7A-C9BC-C56B-BE8F-55BC1D85EEBF}.Release|Any CPU.Build.0 = Release|Any CPU
		{1BD0E5FD-D4B8-8018-08FE-E7DD4ABA741F}.Debug|Any CPU.ActiveCfg = Debug|Any CPU
		{1BD0E5FD-D4B8-8018-08FE-E7DD4ABA741F}.Debug|Any CPU.Build.0 = Debug|Any CPU
		{1BD0E5FD-D4B8-8018-08FE-E7DD4ABA741F}.Local|Any CPU.ActiveCfg = Local|Any CPU
		{1BD0E5FD-D4B8-8018-08FE-E7DD4ABA741F}.Local|Any CPU.Build.0 = Local|Any CPU
		{1BD0E5FD-D4B8-8018-08FE-E7DD4ABA741F}.Release|Any CPU.ActiveCfg = Release|Any CPU
		{1BD0E5FD-D4B8-8018-08FE-E7DD4ABA741F}.Release|Any CPU.Build.0 = Release|Any CPU
		{DED02E6A-BF10-1170-C5BA-386908AB0111}.Debug|Any CPU.ActiveCfg = Debug|Any CPU
		{DED02E6A-BF10-1170-C5BA-386908AB0111}.Debug|Any CPU.Build.0 = Debug|Any CPU
		{DED02E6A-BF10-1170-C5BA-386908AB0111}.Local|Any CPU.ActiveCfg = Local|Any CPU
		{DED02E6A-BF10-1170-C5BA-386908AB0111}.Local|Any CPU.Build.0 = Local|Any CPU
		{DED02E6A-BF10-1170-C5BA-386908AB0111}.Release|Any CPU.ActiveCfg = Release|Any CPU
		{DED02E6A-BF10-1170-C5BA-386908AB0111}.Release|Any CPU.Build.0 = Release|Any CPU
		{715A6E5F-401D-4689-99DD-4AAE36B81A6E}.Debug|Any CPU.ActiveCfg = Debug|Any CPU
		{715A6E5F-401D-4689-99DD-4AAE36B81A6E}.Debug|Any CPU.Build.0 = Debug|Any CPU
		{715A6E5F-401D-4689-99DD-4AAE36B81A6E}.Local|Any CPU.ActiveCfg = Local|Any CPU
		{715A6E5F-401D-4689-99DD-4AAE36B81A6E}.Local|Any CPU.Build.0 = Local|Any CPU
		{715A6E5F-401D-4689-99DD-4AAE36B81A6E}.Release|Any CPU.ActiveCfg = Release|Any CPU
		{715A6E5F-401D-4689-99DD-4AAE36B81A6E}.Release|Any CPU.Build.0 = Release|Any CPU
		{7F39512A-3E84-55AC-A090-1BD235516851}.Debug|Any CPU.ActiveCfg = Debug|Any CPU
		{7F39512A-3E84-55AC-A090-1BD235516851}.Debug|Any CPU.Build.0 = Debug|Any CPU
		{7F39512A-3E84-55AC-A090-1BD235516851}.Local|Any CPU.ActiveCfg = Local|Any CPU
		{7F39512A-3E84-55AC-A090-1BD235516851}.Local|Any CPU.Build.0 = Local|Any CPU
		{7F39512A-3E84-55AC-A090-1BD235516851}.Release|Any CPU.ActiveCfg = Release|Any CPU
		{7F39512A-3E84-55AC-A090-1BD235516851}.Release|Any CPU.Build.0 = Release|Any CPU
		{44E4BB0E-3840-E380-6B72-B8A9C6282870}.Debug|Any CPU.ActiveCfg = Debug|Any CPU
		{44E4BB0E-3840-E380-6B72-B8A9C6282870}.Debug|Any CPU.Build.0 = Debug|Any CPU
		{44E4BB0E-3840-E380-6B72-B8A9C6282870}.Local|Any CPU.ActiveCfg = Local|Any CPU
		{44E4BB0E-3840-E380-6B72-B8A9C6282870}.Local|Any CPU.Build.0 = Local|Any CPU
		{44E4BB0E-3840-E380-6B72-B8A9C6282870}.Release|Any CPU.ActiveCfg = Release|Any CPU
		{44E4BB0E-3840-E380-6B72-B8A9C6282870}.Release|Any CPU.Build.0 = Release|Any CPU
		{A23FED16-9F68-2ACA-8EAE-45F24BE75BF4}.Debug|Any CPU.ActiveCfg = Debug|Any CPU
		{A23FED16-9F68-2ACA-8EAE-45F24BE75BF4}.Debug|Any CPU.Build.0 = Debug|Any CPU
		{A23FED16-9F68-2ACA-8EAE-45F24BE75BF4}.Local|Any CPU.ActiveCfg = Local|Any CPU
		{A23FED16-9F68-2ACA-8EAE-45F24BE75BF4}.Local|Any CPU.Build.0 = Local|Any CPU
		{A23FED16-9F68-2ACA-8EAE-45F24BE75BF4}.Release|Any CPU.ActiveCfg = Release|Any CPU
		{A23FED16-9F68-2ACA-8EAE-45F24BE75BF4}.Release|Any CPU.Build.0 = Release|Any CPU
		{B7F53593-F30A-ADD4-BD09-1EFE8F4E7453}.Debug|Any CPU.ActiveCfg = Debug|Any CPU
		{B7F53593-F30A-ADD4-BD09-1EFE8F4E7453}.Debug|Any CPU.Build.0 = Debug|Any CPU
		{B7F53593-F30A-ADD4-BD09-1EFE8F4E7453}.Local|Any CPU.ActiveCfg = Local|Any CPU
		{B7F53593-F30A-ADD4-BD09-1EFE8F4E7453}.Local|Any CPU.Build.0 = Local|Any CPU
		{B7F53593-F30A-ADD4-BD09-1EFE8F4E7453}.Release|Any CPU.ActiveCfg = Release|Any CPU
		{B7F53593-F30A-ADD4-BD09-1EFE8F4E7453}.Release|Any CPU.Build.0 = Release|Any CPU
		{37C78F74-1AFB-8865-7C2A-03B6B4262134}.Debug|Any CPU.ActiveCfg = Debug|Any CPU
		{37C78F74-1AFB-8865-7C2A-03B6B4262134}.Debug|Any CPU.Build.0 = Debug|Any CPU
		{37C78F74-1AFB-8865-7C2A-03B6B4262134}.Local|Any CPU.ActiveCfg = Local|Any CPU
		{37C78F74-1AFB-8865-7C2A-03B6B4262134}.Local|Any CPU.Build.0 = Local|Any CPU
		{37C78F74-1AFB-8865-7C2A-03B6B4262134}.Release|Any CPU.ActiveCfg = Release|Any CPU
		{37C78F74-1AFB-8865-7C2A-03B6B4262134}.Release|Any CPU.Build.0 = Release|Any CPU
		{C3BD4841-7C1F-23F7-20AB-C30A678001F5}.Debug|Any CPU.ActiveCfg = Debug|Any CPU
		{C3BD4841-7C1F-23F7-20AB-C30A678001F5}.Debug|Any CPU.Build.0 = Debug|Any CPU
		{C3BD4841-7C1F-23F7-20AB-C30A678001F5}.Local|Any CPU.ActiveCfg = Local|Any CPU
		{C3BD4841-7C1F-23F7-20AB-C30A678001F5}.Local|Any CPU.Build.0 = Local|Any CPU
		{C3BD4841-7C1F-23F7-20AB-C30A678001F5}.Release|Any CPU.ActiveCfg = Release|Any CPU
		{C3BD4841-7C1F-23F7-20AB-C30A678001F5}.Release|Any CPU.Build.0 = Release|Any CPU
		{02E79865-6261-CDE0-77EA-3DD2E01DACBD}.Debug|Any CPU.ActiveCfg = Debug|Any CPU
		{02E79865-6261-CDE0-77EA-3DD2E01DACBD}.Debug|Any CPU.Build.0 = Debug|Any CPU
		{02E79865-6261-CDE0-77EA-3DD2E01DACBD}.Local|Any CPU.ActiveCfg = Local|Any CPU
		{02E79865-6261-CDE0-77EA-3DD2E01DACBD}.Local|Any CPU.Build.0 = Local|Any CPU
		{02E79865-6261-CDE0-77EA-3DD2E01DACBD}.Release|Any CPU.ActiveCfg = Release|Any CPU
		{02E79865-6261-CDE0-77EA-3DD2E01DACBD}.Release|Any CPU.Build.0 = Release|Any CPU
	EndGlobalSection
	GlobalSection(SolutionProperties) = preSolution
		HideSolutionNode = FALSE
	EndGlobalSection
	GlobalSection(NestedProjects) = preSolution
		{7DF908B3-503D-51C2-3675-626DC2895B77} = {DEE5DD87-39C1-BF34-B639-A387DCCF972B}
		{5A9CD48A-48CF-5B54-8AF9-3F8C642FBE24} = {A328B835-4990-6931-34B9-ABE689D5831A}
		{307FCDBC-E645-23E4-EA43-E0F287BB678F} = {5A9CD48A-48CF-5B54-8AF9-3F8C642FBE24}
		{BAA574B9-A832-3321-694F-FE5DD723BC72} = {307FCDBC-E645-23E4-EA43-E0F287BB678F}
		{B1F0D7B5-1E22-0EEA-8697-DB5F2EC74CC5} = {307FCDBC-E645-23E4-EA43-E0F287BB678F}
		{AAFFA200-4BDB-C6AC-5EF8-0ADE119A1896} = {307FCDBC-E645-23E4-EA43-E0F287BB678F}
		{48D5AA79-8214-79E7-4168-ABA7A93577D4} = {307FCDBC-E645-23E4-EA43-E0F287BB678F}
		{72C9EB55-380D-77E7-6675-AE6CB81D28C7} = {5A9CD48A-48CF-5B54-8AF9-3F8C642FBE24}
		{45A4D7E5-2E89-282A-C772-6734801B1823} = {72C9EB55-380D-77E7-6675-AE6CB81D28C7}
		{D830A926-621F-1342-5638-D05C4B47DE1E} = {72C9EB55-380D-77E7-6675-AE6CB81D28C7}
		{2B945A0E-F059-43EA-B954-C68FD0829004} = {72C9EB55-380D-77E7-6675-AE6CB81D28C7}
		{98B4CA4F-1056-FAB8-9A31-ED3033B185C1} = {72C9EB55-380D-77E7-6675-AE6CB81D28C7}
		{19A2038A-8A9B-9E8E-828D-0394B1BC6BEF} = {5A9CD48A-48CF-5B54-8AF9-3F8C642FBE24}
		{9A91B55D-2001-EF41-CBAB-BC0B51F43B7C} = {19A2038A-8A9B-9E8E-828D-0394B1BC6BEF}
		{93F86E5B-3646-8AE2-A6AF-14BE759DED85} = {19A2038A-8A9B-9E8E-828D-0394B1BC6BEF}
		{1942520A-51DF-33B5-3302-EFA8CE3C7D05} = {19A2038A-8A9B-9E8E-828D-0394B1BC6BEF}
		{3593C8DB-3464-122D-25EB-F2D63D351D6D} = {19A2038A-8A9B-9E8E-828D-0394B1BC6BEF}
		{09A00734-75D3-C3E0-299A-D8D93AA3F67B} = {5A9CD48A-48CF-5B54-8AF9-3F8C642FBE24}
		{DA72E952-40BD-0030-4813-D9B9CF884BD0} = {09A00734-75D3-C3E0-299A-D8D93AA3F67B}
		{B2289D6C-AA54-B7EC-7731-4498BBB3E3E7} = {09A00734-75D3-C3E0-299A-D8D93AA3F67B}
		{844D5B87-6434-F901-D3DB-BA842046EE5D} = {09A00734-75D3-C3E0-299A-D8D93AA3F67B}
		{9DC717CB-E0DA-B07A-5945-A10C6B39BA27} = {09A00734-75D3-C3E0-299A-D8D93AA3F67B}
		{D3670C11-52FA-1950-6D7E-27C5DEA68A33} = {5A9CD48A-48CF-5B54-8AF9-3F8C642FBE24}
		{699B30E9-0CCF-286C-68C4-3FB69F46306B} = {D3670C11-52FA-1950-6D7E-27C5DEA68A33}
		{0E5BC6E1-A8EB-42DB-E8B1-C8DD86FF0F03} = {D3670C11-52FA-1950-6D7E-27C5DEA68A33}
		{0E648E8C-84B5-BF60-0234-C707EF807337} = {D3670C11-52FA-1950-6D7E-27C5DEA68A33}
		{86CD543C-06B5-824F-33FD-14DF067B81CF} = {D3670C11-52FA-1950-6D7E-27C5DEA68A33}
		{A97EFA6B-D703-EF29-A34D-BAD7BA42B5BE} = {5A9CD48A-48CF-5B54-8AF9-3F8C642FBE24}
		{17DC8F52-9C7D-9294-B0F0-BAE81418C44A} = {A97EFA6B-D703-EF29-A34D-BAD7BA42B5BE}
		{26258AD1-813E-89BC-9EB7-E7FDC6909ED5} = {A97EFA6B-D703-EF29-A34D-BAD7BA42B5BE}
		{50746897-0F6D-D90C-5FB7-21C473F1FF95} = {A97EFA6B-D703-EF29-A34D-BAD7BA42B5BE}
		{150DC893-184D-7D8A-0461-BB4F2BB22972} = {A97EFA6B-D703-EF29-A34D-BAD7BA42B5BE}
		{88E31408-0177-4235-0BE8-6C9C8103E392} = {0B7587C3-F447-44C0-7126-E1085C8A32F4}
		{9DC47E2F-957F-CECC-82C0-1BAD872F8E13} = {88E31408-0177-4235-0BE8-6C9C8103E392}
		{2209146E-0E51-36BC-A05C-0778B5EEBBA1} = {88E31408-0177-4235-0BE8-6C9C8103E392}
		{9F11639F-3AB6-867F-7968-FFF8BFD8C410} = {88E31408-0177-4235-0BE8-6C9C8103E392}
		{9AA81E7A-C9BC-C56B-BE8F-55BC1D85EEBF} = {FF13A09E-0E72-1904-124B-A4E979EF28D3}
		{1BD0E5FD-D4B8-8018-08FE-E7DD4ABA741F} = {FF13A09E-0E72-1904-124B-A4E979EF28D3}
		{DED02E6A-BF10-1170-C5BA-386908AB0111} = {FF13A09E-0E72-1904-124B-A4E979EF28D3}
		{715A6E5F-401D-4689-99DD-4AAE36B81A6E} = {FF13A09E-0E72-1904-124B-A4E979EF28D3}
		{7F39512A-3E84-55AC-A090-1BD235516851} = {FF13A09E-0E72-1904-124B-A4E979EF28D3}
		{44E4BB0E-3840-E380-6B72-B8A9C6282870} = {FF13A09E-0E72-1904-124B-A4E979EF28D3}
		{A23FED16-9F68-2ACA-8EAE-45F24BE75BF4} = {FF13A09E-0E72-1904-124B-A4E979EF28D3}
		{B7F53593-F30A-ADD4-BD09-1EFE8F4E7453} = {FF13A09E-0E72-1904-124B-A4E979EF28D3}
		{37C78F74-1AFB-8865-7C2A-03B6B4262134} = {FF13A09E-0E72-1904-124B-A4E979EF28D3}
		{C3BD4841-7C1F-23F7-20AB-C30A678001F5} = {FF13A09E-0E72-1904-124B-A4E979EF28D3}
		{02E79865-6261-CDE0-77EA-3DD2E01DACBD} = {FF13A09E-0E72-1904-124B-A4E979EF28D3}
	EndGlobalSection
EndGlobal
