Microsoft Visual Studio Solution File, Format Version 12.00
# Visual Studio Version 17
VisualStudioVersion = 17.10.35027.167
MinimumVisualStudioVersion = 10.0.40219.1
Project("{2150E333-8FDC-42A3-9474-1A3956D46DE8}") = "Config", "Config", "{85A13E25-EB29-4F31-8853-B9EE83275B3D}"
	ProjectSection(SolutionItems) = preProject
		.csharpierrc.yaml = .csharpierrc.yaml
		.editorconfig = .editorconfig
		codecov.yml = codecov.yml
		CodeMetricsConfig.txt = CodeMetricsConfig.txt
		Directory.Build.props = Directory.Build.props
		Directory.Build.targets = Directory.Build.targets
		Directory.Packages.props = Directory.Packages.props
		global.json = global.json
		README.md = README.md
	EndProjectSection
EndProject
Project("{2150E333-8FDC-42A3-9474-1A3956D46DE8}") = "DUI", "DUI", "{FD4D6594-D81E-456F-8F2E-35B09E04A755}"
EndProject
Project("{2150E333-8FDC-42A3-9474-1A3956D46DE8}") = "Revit", "Revit", "{D92751C8-1039-4005-90B2-913E55E0B8BD}"
EndProject
Project("{2150E333-8FDC-42A3-9474-1A3956D46DE8}") = "Sdk", "Sdk", "{2E00592E-558D-492D-88F9-3ECEE4C0C7DA}"
EndProject
Project("{9A19103F-16F7-4668-BE54-9A1E7A4F7556}") = "Speckle.Connectors.Revit2023", "Connectors\Revit\Speckle.Connectors.Revit2023\Speckle.Connectors.Revit2023.csproj", "{01F98733-7352-47AD-A594-537D979DE3DE}"
EndProject
Project("{D954291E-2A0B-460D-934E-DC6B0785DB48}") = "Speckle.Connectors.RevitShared", "Connectors\Revit\Speckle.Connectors.RevitShared\Speckle.Connectors.RevitShared.shproj", "{DC570FFF-6FE5-47BD-8BC1-B471A6067786}"
EndProject
Project("{D954291E-2A0B-460D-934E-DC6B0785DB48}") = "Speckle.Converters.RevitShared", "Converters\Revit\Speckle.Converters.RevitShared\Speckle.Converters.RevitShared.shproj", "{E1C43415-3200-45F4-8BF9-A4DD7D7F2ED6}"
EndProject
Project("{9A19103F-16F7-4668-BE54-9A1E7A4F7556}") = "Speckle.Converters.Revit2023", "Converters\Revit\Speckle.Converters.Revit2023\Speckle.Converters.Revit2023.csproj", "{26391930-F86F-47E0-A5F6-B89919E38CE1}"
EndProject
Project("{9A19103F-16F7-4668-BE54-9A1E7A4F7556}") = "Speckle.Connectors.DUI", "DUI3\Speckle.Connectors.DUI\Speckle.Connectors.DUI.csproj", "{D81C0B87-F0C1-4297-A147-02F001FB7E1E}"
EndProject
Project("{9A19103F-16F7-4668-BE54-9A1E7A4F7556}") = "Speckle.Connectors.Common", "Sdk\Speckle.Connectors.Common\Speckle.Connectors.Common.csproj", "{7291B93C-615D-42DE-B8C1-3F9DF643E0FC}"
EndProject
Project("{9A19103F-16F7-4668-BE54-9A1E7A4F7556}") = "Speckle.Converters.Common", "Sdk\Speckle.Converters.Common\Speckle.Converters.Common.csproj", "{8AEF06C0-CA5C-4460-BC2D-ADE5F35D0434}"
EndProject
Project("{2150E333-8FDC-42A3-9474-1A3956D46DE8}") = "Rhino", "Rhino", "{9584AEE5-CD59-46E6-93E6-2DC2B5285B75}"
EndProject
Project("{9A19103F-16F7-4668-BE54-9A1E7A4F7556}") = "Speckle.Connectors.Rhino7", "Connectors\Rhino\Speckle.Connectors.Rhino7\Speckle.Connectors.Rhino7.csproj", "{1E2644A9-6B31-4350-8772-CEAAD6EE0B21}"
EndProject
Project("{9A19103F-16F7-4668-BE54-9A1E7A4F7556}") = "Speckle.Converters.Rhino7", "Converters\Rhino\Speckle.Converters.Rhino7\Speckle.Converters.Rhino7.csproj", "{65A2F556-F14A-49F3-8A92-7F2E1E7ED3B5}"
EndProject
Project("{9A19103F-16F7-4668-BE54-9A1E7A4F7556}") = "Speckle.Connectors.ArcGIS3", "Connectors\ArcGIS\Speckle.Connectors.ArcGIS3\Speckle.Connectors.ArcGIS3.csproj", "{A97F7177-86C7-4B38-A6ED-DA51BF762471}"
EndProject
Project("{9A19103F-16F7-4668-BE54-9A1E7A4F7556}") = "Speckle.Converters.ArcGIS3", "Converters\ArcGIS\Speckle.Converters.ArcGIS3\Speckle.Converters.ArcGIS3.csproj", "{139F7A79-69E4-4B8A-B2A5-6A30A66C495C}"
EndProject
Project("{2150E333-8FDC-42A3-9474-1A3956D46DE8}") = "ArcGIS", "ArcGIS", "{CCF48B65-33D1-4E8B-A57B-E03394730B21}"
EndProject
Project("{9A19103F-16F7-4668-BE54-9A1E7A4F7556}") = "Speckle.Connectors.Autocad2023", "Connectors\Autocad\Speckle.Connectors.Autocad2023\Speckle.Connectors.Autocad2023.csproj", "{89C4CBC7-1606-40DE-B6DA-FBE3AAC98395}"
EndProject
Project("{D954291E-2A0B-460D-934E-DC6B0785DB48}") = "Speckle.Connectors.AutocadShared", "Connectors\Autocad\Speckle.Connectors.AutocadShared\Speckle.Connectors.AutocadShared.shproj", "{41BC679F-887F-44CF-971D-A5502EE87DB0}"
EndProject
Project("{2150E333-8FDC-42A3-9474-1A3956D46DE8}") = "Autocad", "Autocad", "{804E065F-914C-414A-AF84-009312C3CFF6}"
EndProject
Project("{D954291E-2A0B-460D-934E-DC6B0785DB48}") = "Speckle.Converters.AutocadShared", "Converters\Autocad\Speckle.Converters.AutocadShared\Speckle.Converters.AutocadShared.shproj", "{9ADD1B7A-6401-4202-8613-F668E2FBC0A4}"
EndProject
Project("{9A19103F-16F7-4668-BE54-9A1E7A4F7556}") = "Speckle.Converters.Autocad2023", "Converters\Autocad\Speckle.Converters.Autocad2023\Speckle.Converters.Autocad2023.csproj", "{631C295A-7CCF-4B42-8686-7034E31469E7}"
EndProject
Project("{9A19103F-16F7-4668-BE54-9A1E7A4F7556}") = "Speckle.Connectors.DUI.WebView", "DUI3\Speckle.Connectors.DUI.WebView\Speckle.Connectors.DUI.WebView.csproj", "{7420652C-3046-4F38-BE64-9B9E69D76FA2}"
EndProject
Project("{9A19103F-16F7-4668-BE54-9A1E7A4F7556}") = "Build", "Build\Build.csproj", "{C50AA3E3-8C31-4131-9DEC-1D8B377D5A89}"
EndProject
Project("{2150E333-8FDC-42A3-9474-1A3956D46DE8}") = "HostApps", "HostApps", "{42826721-9A18-4762-8BA9-F1429DD5C5B1}"
EndProject
Project("{2150E333-8FDC-42A3-9474-1A3956D46DE8}") = "Build", "Build", "{59E8E8F3-4E42-4E92-83B3-B1C2AB901D18}"
	ProjectSection(SolutionItems) = preProject
		.github\workflows\ci.yml = .github\workflows\ci.yml
		.github\workflows\main.yml = .github\workflows\main.yml
	EndProjectSection
EndProject
Project("{9A19103F-16F7-4668-BE54-9A1E7A4F7556}") = "Speckle.Connectors.Civil3d2024", "Connectors\Autocad\Speckle.Connectors.Civil3d2024\Speckle.Connectors.Civil3d2024.csproj", "{CA8EAE01-AB9F-4EC1-B6F3-73721487E9E1}"
EndProject
Project("{D954291E-2A0B-460D-934E-DC6B0785DB48}") = "Speckle.Converters.Civil3dShared", "Converters\Civil3d\Speckle.Converters.Civil3dShared\Speckle.Converters.Civil3dShared.shproj", "{35175682-DA83-4C0A-A49D-B191F5885D8E}"
EndProject
Project("{9A19103F-16F7-4668-BE54-9A1E7A4F7556}") = "Speckle.Connectors.Autocad2022", "Connectors\Autocad\Speckle.Connectors.Autocad2022\Speckle.Connectors.Autocad2022.csproj", "{BBF2C19E-221E-4AA0-8521-FE75D8F4A2B0}"
EndProject
Project("{9A19103F-16F7-4668-BE54-9A1E7A4F7556}") = "Speckle.Converters.Autocad2022", "Converters\Autocad\Speckle.Converters.Autocad2022\Speckle.Converters.Autocad2022.csproj", "{5505B953-D434-49CE-8EBD-EFD7B3C378F7}"
EndProject
Project("{9A19103F-16F7-4668-BE54-9A1E7A4F7556}") = "Speckle.Connectors.Autocad2024", "Connectors\Autocad\Speckle.Connectors.Autocad2024\Speckle.Connectors.Autocad2024.csproj", "{9166CC10-12E1-4A0F-916B-61F6F2004F5A}"
EndProject
Project("{9A19103F-16F7-4668-BE54-9A1E7A4F7556}") = "Speckle.Converters.Autocad2024", "Converters\Autocad\Speckle.Converters.Autocad2024\Speckle.Converters.Autocad2024.csproj", "{C2DE264A-AA87-4012-B954-17E3F403A237}"
EndProject
Project("{9A19103F-16F7-4668-BE54-9A1E7A4F7556}") = "Speckle.Converters.Civil3d2024", "Converters\Civil3d\Speckle.Converters.Civil3d2024\Speckle.Converters.Civil3d2024.csproj", "{25172C49-7AA4-4739-BB07-69785094C379}"
EndProject
Project("{D954291E-2A0B-460D-934E-DC6B0785DB48}") = "Speckle.Converters.RhinoShared", "Converters\Rhino\Speckle.Converters.RhinoShared\Speckle.Converters.RhinoShared.shproj", "{E1C43415-3200-45F4-8BF9-A4DD7D7F2ED9}"
EndProject
Project("{9A19103F-16F7-4668-BE54-9A1E7A4F7556}") = "Speckle.Converters.Rhino7.Tests", "Converters\Rhino\Speckle.Converters.Rhino7.Tests\Speckle.Converters.Rhino7.Tests.csproj", "{AC2DB416-F05C-4296-9040-56D6AD4FCD27}"
EndProject
Project("{9A19103F-16F7-4668-BE54-9A1E7A4F7556}") = "Speckle.Converters.Revit2023.Tests", "Converters\Revit\Speckle.Converters.Revit2023.Tests\Speckle.Converters.Revit2023.Tests.csproj", "{68CF9BDF-94AC-4D2D-A7BD-D1C064F97051}"
EndProject
Project("{9A19103F-16F7-4668-BE54-9A1E7A4F7556}") = "Speckle.Testing", "Sdk\Speckle.Testing\Speckle.Testing.csproj", "{A3869243-B462-4986-914B-94E407D8D20F}"
EndProject
Project("{9A19103F-16F7-4668-BE54-9A1E7A4F7556}") = "Speckle.Connectors.Revit2024", "Connectors\Revit\Speckle.Connectors.Revit2024\Speckle.Connectors.Revit2024.csproj", "{617BD3C7-87D9-4D28-8AC9-4910945BB9FC}"
EndProject
Project("{9A19103F-16F7-4668-BE54-9A1E7A4F7556}") = "Speckle.Converters.Revit2024", "Converters\Revit\Speckle.Converters.Revit2024\Speckle.Converters.Revit2024.csproj", "{67B888D9-C6C4-49F1-883C-5B964151D889}"
EndProject
Project("{2150E333-8FDC-42A3-9474-1A3956D46DE8}") = "2023", "2023", "{E9DEBA00-50A4-485D-BA65-D8AB3E3467AB}"
EndProject
Project("{2150E333-8FDC-42A3-9474-1A3956D46DE8}") = "2024", "2024", "{57F59C0C-5687-4AF9-AE1C-1933B539F0E4}"
EndProject
Project("{2150E333-8FDC-42A3-9474-1A3956D46DE8}") = "Shared", "Shared", "{FC224610-32D3-454E-9BC1-1219FE8ACD5F}"
EndProject
Project("{D954291E-2A0B-460D-934E-DC6B0785DB48}") = "Speckle.Converters.RevitShared.Tests", "Converters\Revit\Speckle.Converters.RevitShared.Tests\Speckle.Converters.RevitShared.Tests.shproj", "{E1C43415-3202-45F4-8BF9-A4DD7D7F2ED6}"
EndProject
Project("{9A19103F-16F7-4668-BE54-9A1E7A4F7556}") = "Speckle.Converters.Revit2024.Tests", "Converters\Revit\Speckle.Converters.Revit2024.Tests\Speckle.Converters.Revit2024.Tests.csproj", "{C32274D9-1B66-4D5C-82F9-EB3F10F46752}"
EndProject
Project("{D954291E-2A0B-460D-934E-DC6B0785DB48}") = "Speckle.Connectors.RevitShared.Cef", "Connectors\Revit\Speckle.Connectors.RevitShared.Cef\Speckle.Connectors.RevitShared.Cef.shproj", "{6A40CBE4-ECAB-4CED-9917-5C64CBF75DA6}"
EndProject
Project("{2150E333-8FDC-42A3-9474-1A3956D46DE8}") = "2025", "2025", "{8AC2AD6D-6C74-4B24-8DF6-42717FC9B804}"
EndProject
Project("{9A19103F-16F7-4668-BE54-9A1E7A4F7556}") = "Speckle.Connectors.Revit2025", "Connectors\Revit\Speckle.Connectors.Revit2025\Speckle.Connectors.Revit2025.csproj", "{A6DE3DA0-B242-4F49-AEF0-4E26AF92D16C}"
EndProject
Project("{9A19103F-16F7-4668-BE54-9A1E7A4F7556}") = "Speckle.Converters.Revit2025", "Converters\Revit\Speckle.Converters.Revit2025\Speckle.Converters.Revit2025.csproj", "{4D40A101-07E6-4FF2-8934-83434932591D}"
EndProject
Project("{9A19103F-16F7-4668-BE54-9A1E7A4F7556}") = "Speckle.Connectors.Revit2022", "Connectors\Revit\Speckle.Connectors.Revit2022\Speckle.Connectors.Revit2022.csproj", "{7F1FDCF2-0CE8-4119-B3C1-F2CC6D7E1C36}"
EndProject
Project("{9A19103F-16F7-4668-BE54-9A1E7A4F7556}") = "Speckle.Converters.Revit2022", "Converters\Revit\Speckle.Converters.Revit2022\Speckle.Converters.Revit2022.csproj", "{19424B55-058C-4E9C-B86F-700AEF9EAEC3}"
EndProject
Project("{2150E333-8FDC-42A3-9474-1A3956D46DE8}") = "2022", "2022", "{0AF38BA3-65A0-481B-8CBB-B82E406E1575}"
EndProject
Project("{9A19103F-16F7-4668-BE54-9A1E7A4F7556}") = "Speckle.Connectors.DUI.Tests", "DUI3\Speckle.Connectors.DUI.Tests\Speckle.Connectors.DUI.Tests.csproj", "{EB83A3A3-F9B6-4281-8EBF-F7289FB5D885}"
EndProject
Project("{9A19103F-16F7-4668-BE54-9A1E7A4F7556}") = "Speckle.Converters.Revit2022.Tests", "Converters\Revit\Speckle.Converters.Revit2022.Tests\Speckle.Converters.Revit2022.Tests.csproj", "{D8069A23-AD2E-4C9E-8574-7E8C45296A46}"
EndProject
Project("{2150E333-8FDC-42A3-9474-1A3956D46DE8}") = "2023", "2023", "{2D5AE63D-85C0-43D1-84BF-04418ED93F63}"
EndProject
Project("{2150E333-8FDC-42A3-9474-1A3956D46DE8}") = "2024", "2024", "{2F45036E-D817-41E9-B82F-DBE013EC95D0}"
EndProject
Project("{2150E333-8FDC-42A3-9474-1A3956D46DE8}") = "Civil3d", "Civil3d", "{91D70DE1-DC8E-4AE1-B100-0671D6263FC5}"
EndProject
Project("{2150E333-8FDC-42A3-9474-1A3956D46DE8}") = "Shared", "Shared", "{4721AA15-AF6E-4A62-A2C3-65564DC563E6}"
EndProject
Project("{D954291E-2A0B-460D-934E-DC6B0785DB48}") = "Speckle.Connectors.RhinoShared", "Connectors\Rhino\Speckle.Connectors.RhinoShared\Speckle.Connectors.RhinoShared.shproj", "{B37D4B9A-8D3F-4FA5-B9C8-E6C5F8A0C1E2}"
EndProject
Project("{2150E333-8FDC-42A3-9474-1A3956D46DE8}") = "7", "7", "{19006AA9-C099-467C-B07A-C64B3BFDA1F4}"
EndProject
Project("{2150E333-8FDC-42A3-9474-1A3956D46DE8}") = "8", "8", "{5929C9C7-F971-449E-BC5B-4486016BD11F}"
EndProject
Project("{2150E333-8FDC-42A3-9474-1A3956D46DE8}") = "Shared", "Shared", "{9039209B-7244-483B-B668-D3CE31B304C1}"
EndProject
Project("{9A19103F-16F7-4668-BE54-9A1E7A4F7556}") = "Speckle.Connectors.Rhino8", "Connectors\Rhino\Speckle.Connectors.Rhino8\Speckle.Connectors.Rhino8.csproj", "{A6E3A82F-4696-4D92-ABA1-38AA80752067}"
EndProject
Project("{9A19103F-16F7-4668-BE54-9A1E7A4F7556}") = "Speckle.Converters.Rhino8", "Converters\Rhino\Speckle.Converters.Rhino8\Speckle.Converters.Rhino8.csproj", "{56A909AE-6E99-4D4D-A22E-38BDC5528B8E}"
EndProject
Project("{2150E333-8FDC-42A3-9474-1A3956D46DE8}") = "2022", "2022", "{52D71CA4-AE77-4DD4-9456-1E1489413607}"
EndProject
Project("{2150E333-8FDC-42A3-9474-1A3956D46DE8}") = "2025", "2025", "{B2BF1FAE-D0F4-4961-84CB-A00D3CABD236}"
EndProject
Project("{9A19103F-16F7-4668-BE54-9A1E7A4F7556}") = "Speckle.Connectors.Autocad2025", "Connectors\Autocad\Speckle.Connectors.Autocad2025\Speckle.Connectors.Autocad2025.csproj", "{C70EBB84-BA5B-4F2F-819E-25E0985BA13C}"
EndProject
Project("{9A19103F-16F7-4668-BE54-9A1E7A4F7556}") = "Speckle.Converters.Autocad2025", "Converters\Autocad\Speckle.Converters.Autocad2025\Speckle.Converters.Autocad2025.csproj", "{9D66EDE4-AFC2-4F00-B40C-A7E878A2972F}"
EndProject
Project("{9A19103F-16F7-4668-BE54-9A1E7A4F7556}") = "Speckle.Connectors.Tests", "Sdk\Speckle.Connectors.Tests\Speckle.Connectors.Tests.csproj", "{5B9A550A-9314-4E91-884E-E54960F589FB}"
EndProject
Project("{9A19103F-16F7-4668-BE54-9A1E7A4F7556}") = "Speckle.Connectors.Logging", "Sdk\Speckle.Connectors.Logging\Speckle.Connectors.Logging.csproj", "{8098BAFC-DF1C-4AFA-A93E-08121E6D09D4}"
EndProject
Project("{2150E333-8FDC-42A3-9474-1A3956D46DE8}") = "Tekla", "Tekla", "{696086E4-D8CC-4FE0-A9B3-5F10B9089B55}"
EndProject
Project("{FAE04EC0-301F-11D3-BF4B-00C04F79EFBC}") = "Speckle.Connector.Tekla2024", "Speckle.Connector.Tekla2024\Speckle.Connector.Tekla2024.csproj", "{2319C00F-B268-4E4C-9F88-6B379E2BBD22}"
EndProject
Project("{9A19103F-16F7-4668-BE54-9A1E7A4F7556}") = "Speckle.Converters.Common.Tests", "Sdk\Speckle.Converters.Common.Tests\Speckle.Converters.Common.Tests.csproj", "{9EF292C6-1333-4502-AD9C-224D99847185}"
EndProject
Global
	GlobalSection(SolutionConfigurationPlatforms) = preSolution
		Debug|Any CPU = Debug|Any CPU
		Release|Any CPU = Release|Any CPU
	EndGlobalSection
	GlobalSection(ProjectConfigurationPlatforms) = postSolution
		{01F98733-7352-47AD-A594-537D979DE3DE}.Debug|Any CPU.ActiveCfg = Debug|Any CPU
		{01F98733-7352-47AD-A594-537D979DE3DE}.Debug|Any CPU.Build.0 = Debug|Any CPU
		{01F98733-7352-47AD-A594-537D979DE3DE}.Release|Any CPU.ActiveCfg = Release|Any CPU
		{01F98733-7352-47AD-A594-537D979DE3DE}.Release|Any CPU.Build.0 = Release|Any CPU
		{26391930-F86F-47E0-A5F6-B89919E38CE1}.Debug|Any CPU.ActiveCfg = Debug|Any CPU
		{26391930-F86F-47E0-A5F6-B89919E38CE1}.Debug|Any CPU.Build.0 = Debug|Any CPU
		{26391930-F86F-47E0-A5F6-B89919E38CE1}.Release|Any CPU.ActiveCfg = Release|Any CPU
		{26391930-F86F-47E0-A5F6-B89919E38CE1}.Release|Any CPU.Build.0 = Release|Any CPU
		{D81C0B87-F0C1-4297-A147-02F001FB7E1E}.Debug|Any CPU.ActiveCfg = Debug|Any CPU
		{D81C0B87-F0C1-4297-A147-02F001FB7E1E}.Debug|Any CPU.Build.0 = Debug|Any CPU
		{D81C0B87-F0C1-4297-A147-02F001FB7E1E}.Release|Any CPU.ActiveCfg = Release|Any CPU
		{D81C0B87-F0C1-4297-A147-02F001FB7E1E}.Release|Any CPU.Build.0 = Release|Any CPU
		{7291B93C-615D-42DE-B8C1-3F9DF643E0FC}.Debug|Any CPU.ActiveCfg = Debug|Any CPU
		{7291B93C-615D-42DE-B8C1-3F9DF643E0FC}.Debug|Any CPU.Build.0 = Debug|Any CPU
		{7291B93C-615D-42DE-B8C1-3F9DF643E0FC}.Release|Any CPU.ActiveCfg = Release|Any CPU
		{7291B93C-615D-42DE-B8C1-3F9DF643E0FC}.Release|Any CPU.Build.0 = Release|Any CPU
		{8AEF06C0-CA5C-4460-BC2D-ADE5F35D0434}.Debug|Any CPU.ActiveCfg = Debug|Any CPU
		{8AEF06C0-CA5C-4460-BC2D-ADE5F35D0434}.Debug|Any CPU.Build.0 = Debug|Any CPU
		{8AEF06C0-CA5C-4460-BC2D-ADE5F35D0434}.Release|Any CPU.ActiveCfg = Release|Any CPU
		{8AEF06C0-CA5C-4460-BC2D-ADE5F35D0434}.Release|Any CPU.Build.0 = Release|Any CPU
		{1E2644A9-6B31-4350-8772-CEAAD6EE0B21}.Debug|Any CPU.ActiveCfg = Debug|Any CPU
		{1E2644A9-6B31-4350-8772-CEAAD6EE0B21}.Debug|Any CPU.Build.0 = Debug|Any CPU
		{1E2644A9-6B31-4350-8772-CEAAD6EE0B21}.Release|Any CPU.ActiveCfg = Release|Any CPU
		{1E2644A9-6B31-4350-8772-CEAAD6EE0B21}.Release|Any CPU.Build.0 = Release|Any CPU
		{65A2F556-F14A-49F3-8A92-7F2E1E7ED3B5}.Debug|Any CPU.ActiveCfg = Debug|Any CPU
		{65A2F556-F14A-49F3-8A92-7F2E1E7ED3B5}.Debug|Any CPU.Build.0 = Debug|Any CPU
		{65A2F556-F14A-49F3-8A92-7F2E1E7ED3B5}.Release|Any CPU.ActiveCfg = Release|Any CPU
		{65A2F556-F14A-49F3-8A92-7F2E1E7ED3B5}.Release|Any CPU.Build.0 = Release|Any CPU
		{A97F7177-86C7-4B38-A6ED-DA51BF762471}.Debug|Any CPU.ActiveCfg = Debug|Any CPU
		{A97F7177-86C7-4B38-A6ED-DA51BF762471}.Debug|Any CPU.Build.0 = Debug|Any CPU
		{A97F7177-86C7-4B38-A6ED-DA51BF762471}.Release|Any CPU.ActiveCfg = Release|Any CPU
		{A97F7177-86C7-4B38-A6ED-DA51BF762471}.Release|Any CPU.Build.0 = Release|Any CPU
		{139F7A79-69E4-4B8A-B2A5-6A30A66C495C}.Debug|Any CPU.ActiveCfg = Debug|Any CPU
		{139F7A79-69E4-4B8A-B2A5-6A30A66C495C}.Debug|Any CPU.Build.0 = Debug|Any CPU
		{139F7A79-69E4-4B8A-B2A5-6A30A66C495C}.Release|Any CPU.ActiveCfg = Release|Any CPU
		{139F7A79-69E4-4B8A-B2A5-6A30A66C495C}.Release|Any CPU.Build.0 = Release|Any CPU
		{89C4CBC7-1606-40DE-B6DA-FBE3AAC98395}.Debug|Any CPU.ActiveCfg = Debug|Any CPU
		{89C4CBC7-1606-40DE-B6DA-FBE3AAC98395}.Debug|Any CPU.Build.0 = Debug|Any CPU
		{89C4CBC7-1606-40DE-B6DA-FBE3AAC98395}.Release|Any CPU.ActiveCfg = Release|Any CPU
		{89C4CBC7-1606-40DE-B6DA-FBE3AAC98395}.Release|Any CPU.Build.0 = Release|Any CPU
		{631C295A-7CCF-4B42-8686-7034E31469E7}.Debug|Any CPU.ActiveCfg = Debug|Any CPU
		{631C295A-7CCF-4B42-8686-7034E31469E7}.Debug|Any CPU.Build.0 = Debug|Any CPU
		{631C295A-7CCF-4B42-8686-7034E31469E7}.Release|Any CPU.ActiveCfg = Release|Any CPU
		{631C295A-7CCF-4B42-8686-7034E31469E7}.Release|Any CPU.Build.0 = Release|Any CPU
		{7420652C-3046-4F38-BE64-9B9E69D76FA2}.Debug|Any CPU.ActiveCfg = Debug|Any CPU
		{7420652C-3046-4F38-BE64-9B9E69D76FA2}.Debug|Any CPU.Build.0 = Debug|Any CPU
		{7420652C-3046-4F38-BE64-9B9E69D76FA2}.Release|Any CPU.ActiveCfg = Release|Any CPU
		{7420652C-3046-4F38-BE64-9B9E69D76FA2}.Release|Any CPU.Build.0 = Release|Any CPU
		{C50AA3E3-8C31-4131-9DEC-1D8B377D5A89}.Debug|Any CPU.ActiveCfg = Debug|Any CPU
		{C50AA3E3-8C31-4131-9DEC-1D8B377D5A89}.Debug|Any CPU.Build.0 = Debug|Any CPU
		{C50AA3E3-8C31-4131-9DEC-1D8B377D5A89}.Release|Any CPU.ActiveCfg = Release|Any CPU
		{C50AA3E3-8C31-4131-9DEC-1D8B377D5A89}.Release|Any CPU.Build.0 = Release|Any CPU
		{CA8EAE01-AB9F-4EC1-B6F3-73721487E9E1}.Debug|Any CPU.ActiveCfg = Debug|Any CPU
		{CA8EAE01-AB9F-4EC1-B6F3-73721487E9E1}.Debug|Any CPU.Build.0 = Debug|Any CPU
		{CA8EAE01-AB9F-4EC1-B6F3-73721487E9E1}.Release|Any CPU.ActiveCfg = Release|Any CPU
		{CA8EAE01-AB9F-4EC1-B6F3-73721487E9E1}.Release|Any CPU.Build.0 = Release|Any CPU
		{BBF2C19E-221E-4AA0-8521-FE75D8F4A2B0}.Debug|Any CPU.ActiveCfg = Debug|Any CPU
		{BBF2C19E-221E-4AA0-8521-FE75D8F4A2B0}.Debug|Any CPU.Build.0 = Debug|Any CPU
		{BBF2C19E-221E-4AA0-8521-FE75D8F4A2B0}.Release|Any CPU.ActiveCfg = Release|Any CPU
		{BBF2C19E-221E-4AA0-8521-FE75D8F4A2B0}.Release|Any CPU.Build.0 = Release|Any CPU
		{5505B953-D434-49CE-8EBD-EFD7B3C378F7}.Debug|Any CPU.ActiveCfg = Debug|Any CPU
		{5505B953-D434-49CE-8EBD-EFD7B3C378F7}.Debug|Any CPU.Build.0 = Debug|Any CPU
		{5505B953-D434-49CE-8EBD-EFD7B3C378F7}.Release|Any CPU.ActiveCfg = Release|Any CPU
		{5505B953-D434-49CE-8EBD-EFD7B3C378F7}.Release|Any CPU.Build.0 = Release|Any CPU
		{9166CC10-12E1-4A0F-916B-61F6F2004F5A}.Debug|Any CPU.ActiveCfg = Debug|Any CPU
		{9166CC10-12E1-4A0F-916B-61F6F2004F5A}.Debug|Any CPU.Build.0 = Debug|Any CPU
		{9166CC10-12E1-4A0F-916B-61F6F2004F5A}.Release|Any CPU.ActiveCfg = Release|Any CPU
		{9166CC10-12E1-4A0F-916B-61F6F2004F5A}.Release|Any CPU.Build.0 = Release|Any CPU
		{C2DE264A-AA87-4012-B954-17E3F403A237}.Debug|Any CPU.ActiveCfg = Debug|Any CPU
		{C2DE264A-AA87-4012-B954-17E3F403A237}.Debug|Any CPU.Build.0 = Debug|Any CPU
		{C2DE264A-AA87-4012-B954-17E3F403A237}.Release|Any CPU.ActiveCfg = Release|Any CPU
		{C2DE264A-AA87-4012-B954-17E3F403A237}.Release|Any CPU.Build.0 = Release|Any CPU
		{25172C49-7AA4-4739-BB07-69785094C379}.Debug|Any CPU.ActiveCfg = Debug|Any CPU
		{25172C49-7AA4-4739-BB07-69785094C379}.Debug|Any CPU.Build.0 = Debug|Any CPU
		{25172C49-7AA4-4739-BB07-69785094C379}.Release|Any CPU.ActiveCfg = Release|Any CPU
		{25172C49-7AA4-4739-BB07-69785094C379}.Release|Any CPU.Build.0 = Release|Any CPU
		{AC2DB416-F05C-4296-9040-56D6AD4FCD27}.Debug|Any CPU.ActiveCfg = Debug|Any CPU
		{AC2DB416-F05C-4296-9040-56D6AD4FCD27}.Debug|Any CPU.Build.0 = Debug|Any CPU
		{AC2DB416-F05C-4296-9040-56D6AD4FCD27}.Release|Any CPU.ActiveCfg = Release|Any CPU
		{AC2DB416-F05C-4296-9040-56D6AD4FCD27}.Release|Any CPU.Build.0 = Release|Any CPU
		{68CF9BDF-94AC-4D2D-A7BD-D1C064F97051}.Debug|Any CPU.ActiveCfg = Debug|Any CPU
		{68CF9BDF-94AC-4D2D-A7BD-D1C064F97051}.Debug|Any CPU.Build.0 = Debug|Any CPU
		{68CF9BDF-94AC-4D2D-A7BD-D1C064F97051}.Release|Any CPU.ActiveCfg = Release|Any CPU
		{68CF9BDF-94AC-4D2D-A7BD-D1C064F97051}.Release|Any CPU.Build.0 = Release|Any CPU
		{A3869243-B462-4986-914B-94E407D8D20F}.Debug|Any CPU.ActiveCfg = Debug|Any CPU
		{A3869243-B462-4986-914B-94E407D8D20F}.Debug|Any CPU.Build.0 = Debug|Any CPU
		{A3869243-B462-4986-914B-94E407D8D20F}.Release|Any CPU.ActiveCfg = Release|Any CPU
		{A3869243-B462-4986-914B-94E407D8D20F}.Release|Any CPU.Build.0 = Release|Any CPU
		{617BD3C7-87D9-4D28-8AC9-4910945BB9FC}.Debug|Any CPU.ActiveCfg = Debug|Any CPU
		{617BD3C7-87D9-4D28-8AC9-4910945BB9FC}.Debug|Any CPU.Build.0 = Debug|Any CPU
		{617BD3C7-87D9-4D28-8AC9-4910945BB9FC}.Release|Any CPU.ActiveCfg = Release|Any CPU
		{617BD3C7-87D9-4D28-8AC9-4910945BB9FC}.Release|Any CPU.Build.0 = Release|Any CPU
		{67B888D9-C6C4-49F1-883C-5B964151D889}.Debug|Any CPU.ActiveCfg = Debug|Any CPU
		{67B888D9-C6C4-49F1-883C-5B964151D889}.Debug|Any CPU.Build.0 = Debug|Any CPU
		{67B888D9-C6C4-49F1-883C-5B964151D889}.Release|Any CPU.ActiveCfg = Release|Any CPU
		{67B888D9-C6C4-49F1-883C-5B964151D889}.Release|Any CPU.Build.0 = Release|Any CPU
		{C32274D9-1B66-4D5C-82F9-EB3F10F46752}.Debug|Any CPU.ActiveCfg = Debug|Any CPU
		{C32274D9-1B66-4D5C-82F9-EB3F10F46752}.Debug|Any CPU.Build.0 = Debug|Any CPU
		{C32274D9-1B66-4D5C-82F9-EB3F10F46752}.Release|Any CPU.ActiveCfg = Release|Any CPU
		{C32274D9-1B66-4D5C-82F9-EB3F10F46752}.Release|Any CPU.Build.0 = Release|Any CPU
		{A6DE3DA0-B242-4F49-AEF0-4E26AF92D16C}.Debug|Any CPU.ActiveCfg = Debug|Any CPU
		{A6DE3DA0-B242-4F49-AEF0-4E26AF92D16C}.Debug|Any CPU.Build.0 = Debug|Any CPU
		{A6DE3DA0-B242-4F49-AEF0-4E26AF92D16C}.Release|Any CPU.ActiveCfg = Release|Any CPU
		{A6DE3DA0-B242-4F49-AEF0-4E26AF92D16C}.Release|Any CPU.Build.0 = Release|Any CPU
		{4D40A101-07E6-4FF2-8934-83434932591D}.Debug|Any CPU.ActiveCfg = Debug|Any CPU
		{4D40A101-07E6-4FF2-8934-83434932591D}.Debug|Any CPU.Build.0 = Debug|Any CPU
		{4D40A101-07E6-4FF2-8934-83434932591D}.Release|Any CPU.ActiveCfg = Release|Any CPU
		{4D40A101-07E6-4FF2-8934-83434932591D}.Release|Any CPU.Build.0 = Release|Any CPU
		{7F1FDCF2-0CE8-4119-B3C1-F2CC6D7E1C36}.Debug|Any CPU.ActiveCfg = Debug|x64
		{7F1FDCF2-0CE8-4119-B3C1-F2CC6D7E1C36}.Debug|Any CPU.Build.0 = Debug|x64
		{7F1FDCF2-0CE8-4119-B3C1-F2CC6D7E1C36}.Release|Any CPU.ActiveCfg = Release|Any CPU
		{7F1FDCF2-0CE8-4119-B3C1-F2CC6D7E1C36}.Release|Any CPU.Build.0 = Release|Any CPU
		{19424B55-058C-4E9C-B86F-700AEF9EAEC3}.Debug|Any CPU.ActiveCfg = Debug|Any CPU
		{19424B55-058C-4E9C-B86F-700AEF9EAEC3}.Debug|Any CPU.Build.0 = Debug|Any CPU
		{19424B55-058C-4E9C-B86F-700AEF9EAEC3}.Release|Any CPU.ActiveCfg = Release|Any CPU
		{19424B55-058C-4E9C-B86F-700AEF9EAEC3}.Release|Any CPU.Build.0 = Release|Any CPU
		{EB83A3A3-F9B6-4281-8EBF-F7289FB5D885}.Debug|Any CPU.ActiveCfg = Debug|Any CPU
		{EB83A3A3-F9B6-4281-8EBF-F7289FB5D885}.Debug|Any CPU.Build.0 = Debug|Any CPU
		{EB83A3A3-F9B6-4281-8EBF-F7289FB5D885}.Release|Any CPU.ActiveCfg = Release|Any CPU
		{EB83A3A3-F9B6-4281-8EBF-F7289FB5D885}.Release|Any CPU.Build.0 = Release|Any CPU
		{D8069A23-AD2E-4C9E-8574-7E8C45296A46}.Debug|Any CPU.ActiveCfg = Debug|Any CPU
		{D8069A23-AD2E-4C9E-8574-7E8C45296A46}.Debug|Any CPU.Build.0 = Debug|Any CPU
		{D8069A23-AD2E-4C9E-8574-7E8C45296A46}.Release|Any CPU.ActiveCfg = Release|Any CPU
		{D8069A23-AD2E-4C9E-8574-7E8C45296A46}.Release|Any CPU.Build.0 = Release|Any CPU
		{A6E3A82F-4696-4D92-ABA1-38AA80752067}.Debug|Any CPU.ActiveCfg = Debug|Any CPU
		{A6E3A82F-4696-4D92-ABA1-38AA80752067}.Debug|Any CPU.Build.0 = Debug|Any CPU
		{A6E3A82F-4696-4D92-ABA1-38AA80752067}.Release|Any CPU.ActiveCfg = Release|Any CPU
		{A6E3A82F-4696-4D92-ABA1-38AA80752067}.Release|Any CPU.Build.0 = Release|Any CPU
		{56A909AE-6E99-4D4D-A22E-38BDC5528B8E}.Debug|Any CPU.ActiveCfg = Debug|Any CPU
		{56A909AE-6E99-4D4D-A22E-38BDC5528B8E}.Debug|Any CPU.Build.0 = Debug|Any CPU
		{56A909AE-6E99-4D4D-A22E-38BDC5528B8E}.Release|Any CPU.ActiveCfg = Release|Any CPU
		{56A909AE-6E99-4D4D-A22E-38BDC5528B8E}.Release|Any CPU.Build.0 = Release|Any CPU
		{C70EBB84-BA5B-4F2F-819E-25E0985BA13C}.Debug|Any CPU.ActiveCfg = Debug|Any CPU
		{C70EBB84-BA5B-4F2F-819E-25E0985BA13C}.Debug|Any CPU.Build.0 = Debug|Any CPU
		{C70EBB84-BA5B-4F2F-819E-25E0985BA13C}.Release|Any CPU.ActiveCfg = Release|Any CPU
		{C70EBB84-BA5B-4F2F-819E-25E0985BA13C}.Release|Any CPU.Build.0 = Release|Any CPU
		{9D66EDE4-AFC2-4F00-B40C-A7E878A2972F}.Debug|Any CPU.ActiveCfg = Debug|Any CPU
		{9D66EDE4-AFC2-4F00-B40C-A7E878A2972F}.Debug|Any CPU.Build.0 = Debug|Any CPU
		{9D66EDE4-AFC2-4F00-B40C-A7E878A2972F}.Release|Any CPU.ActiveCfg = Release|Any CPU
		{9D66EDE4-AFC2-4F00-B40C-A7E878A2972F}.Release|Any CPU.Build.0 = Release|Any CPU
		{5B9A550A-9314-4E91-884E-E54960F589FB}.Debug|Any CPU.ActiveCfg = Debug|Any CPU
		{5B9A550A-9314-4E91-884E-E54960F589FB}.Debug|Any CPU.Build.0 = Debug|Any CPU
		{5B9A550A-9314-4E91-884E-E54960F589FB}.Release|Any CPU.ActiveCfg = Release|Any CPU
		{5B9A550A-9314-4E91-884E-E54960F589FB}.Release|Any CPU.Build.0 = Release|Any CPU
		{8098BAFC-DF1C-4AFA-A93E-08121E6D09D4}.Debug|Any CPU.ActiveCfg = Debug|Any CPU
		{8098BAFC-DF1C-4AFA-A93E-08121E6D09D4}.Debug|Any CPU.Build.0 = Debug|Any CPU
		{8098BAFC-DF1C-4AFA-A93E-08121E6D09D4}.Release|Any CPU.ActiveCfg = Release|Any CPU
		{8098BAFC-DF1C-4AFA-A93E-08121E6D09D4}.Release|Any CPU.Build.0 = Release|Any CPU
		{2319C00F-B268-4E4C-9F88-6B379E2BBD22}.Debug|Any CPU.ActiveCfg = Debug|Any CPU
		{2319C00F-B268-4E4C-9F88-6B379E2BBD22}.Debug|Any CPU.Build.0 = Debug|Any CPU
		{2319C00F-B268-4E4C-9F88-6B379E2BBD22}.Release|Any CPU.ActiveCfg = Release|Any CPU
		{2319C00F-B268-4E4C-9F88-6B379E2BBD22}.Release|Any CPU.Build.0 = Release|Any CPU
		{9EF292C6-1333-4502-AD9C-224D99847185}.Debug|Any CPU.ActiveCfg = Debug|Any CPU
		{9EF292C6-1333-4502-AD9C-224D99847185}.Debug|Any CPU.Build.0 = Debug|Any CPU
		{9EF292C6-1333-4502-AD9C-224D99847185}.Release|Any CPU.ActiveCfg = Release|Any CPU
		{9EF292C6-1333-4502-AD9C-224D99847185}.Release|Any CPU.Build.0 = Release|Any CPU
	EndGlobalSection
	GlobalSection(SolutionProperties) = preSolution
		HideSolutionNode = FALSE
	EndGlobalSection
	GlobalSection(NestedProjects) = preSolution
		{D92751C8-1039-4005-90B2-913E55E0B8BD} = {42826721-9A18-4762-8BA9-F1429DD5C5B1}
		{01F98733-7352-47AD-A594-537D979DE3DE} = {E9DEBA00-50A4-485D-BA65-D8AB3E3467AB}
		{DC570FFF-6FE5-47BD-8BC1-B471A6067786} = {FC224610-32D3-454E-9BC1-1219FE8ACD5F}
		{E1C43415-3200-45F4-8BF9-A4DD7D7F2ED6} = {FC224610-32D3-454E-9BC1-1219FE8ACD5F}
		{26391930-F86F-47E0-A5F6-B89919E38CE1} = {E9DEBA00-50A4-485D-BA65-D8AB3E3467AB}
		{D81C0B87-F0C1-4297-A147-02F001FB7E1E} = {FD4D6594-D81E-456F-8F2E-35B09E04A755}
		{7291B93C-615D-42DE-B8C1-3F9DF643E0FC} = {2E00592E-558D-492D-88F9-3ECEE4C0C7DA}
		{8AEF06C0-CA5C-4460-BC2D-ADE5F35D0434} = {2E00592E-558D-492D-88F9-3ECEE4C0C7DA}
		{9584AEE5-CD59-46E6-93E6-2DC2B5285B75} = {42826721-9A18-4762-8BA9-F1429DD5C5B1}
		{1E2644A9-6B31-4350-8772-CEAAD6EE0B21} = {19006AA9-C099-467C-B07A-C64B3BFDA1F4}
		{65A2F556-F14A-49F3-8A92-7F2E1E7ED3B5} = {19006AA9-C099-467C-B07A-C64B3BFDA1F4}
		{A97F7177-86C7-4B38-A6ED-DA51BF762471} = {CCF48B65-33D1-4E8B-A57B-E03394730B21}
		{139F7A79-69E4-4B8A-B2A5-6A30A66C495C} = {CCF48B65-33D1-4E8B-A57B-E03394730B21}
		{CCF48B65-33D1-4E8B-A57B-E03394730B21} = {42826721-9A18-4762-8BA9-F1429DD5C5B1}
		{89C4CBC7-1606-40DE-B6DA-FBE3AAC98395} = {2D5AE63D-85C0-43D1-84BF-04418ED93F63}
		{41BC679F-887F-44CF-971D-A5502EE87DB0} = {4721AA15-AF6E-4A62-A2C3-65564DC563E6}
		{804E065F-914C-414A-AF84-009312C3CFF6} = {42826721-9A18-4762-8BA9-F1429DD5C5B1}
		{9ADD1B7A-6401-4202-8613-F668E2FBC0A4} = {4721AA15-AF6E-4A62-A2C3-65564DC563E6}
		{631C295A-7CCF-4B42-8686-7034E31469E7} = {2D5AE63D-85C0-43D1-84BF-04418ED93F63}
		{7420652C-3046-4F38-BE64-9B9E69D76FA2} = {FD4D6594-D81E-456F-8F2E-35B09E04A755}
		{C50AA3E3-8C31-4131-9DEC-1D8B377D5A89} = {59E8E8F3-4E42-4E92-83B3-B1C2AB901D18}
		{CA8EAE01-AB9F-4EC1-B6F3-73721487E9E1} = {91D70DE1-DC8E-4AE1-B100-0671D6263FC5}
		{35175682-DA83-4C0A-A49D-B191F5885D8E} = {4721AA15-AF6E-4A62-A2C3-65564DC563E6}
		{BBF2C19E-221E-4AA0-8521-FE75D8F4A2B0} = {52D71CA4-AE77-4DD4-9456-1E1489413607}
		{5505B953-D434-49CE-8EBD-EFD7B3C378F7} = {52D71CA4-AE77-4DD4-9456-1E1489413607}
		{9166CC10-12E1-4A0F-916B-61F6F2004F5A} = {2F45036E-D817-41E9-B82F-DBE013EC95D0}
		{C2DE264A-AA87-4012-B954-17E3F403A237} = {2F45036E-D817-41E9-B82F-DBE013EC95D0}
		{25172C49-7AA4-4739-BB07-69785094C379} = {91D70DE1-DC8E-4AE1-B100-0671D6263FC5}
		{E1C43415-3200-45F4-8BF9-A4DD7D7F2ED9} = {9039209B-7244-483B-B668-D3CE31B304C1}
		{AC2DB416-F05C-4296-9040-56D6AD4FCD27} = {19006AA9-C099-467C-B07A-C64B3BFDA1F4}
		{68CF9BDF-94AC-4D2D-A7BD-D1C064F97051} = {E9DEBA00-50A4-485D-BA65-D8AB3E3467AB}
		{A3869243-B462-4986-914B-94E407D8D20F} = {2E00592E-558D-492D-88F9-3ECEE4C0C7DA}
		{617BD3C7-87D9-4D28-8AC9-4910945BB9FC} = {57F59C0C-5687-4AF9-AE1C-1933B539F0E4}
		{67B888D9-C6C4-49F1-883C-5B964151D889} = {57F59C0C-5687-4AF9-AE1C-1933B539F0E4}
		{E9DEBA00-50A4-485D-BA65-D8AB3E3467AB} = {D92751C8-1039-4005-90B2-913E55E0B8BD}
		{57F59C0C-5687-4AF9-AE1C-1933B539F0E4} = {D92751C8-1039-4005-90B2-913E55E0B8BD}
		{FC224610-32D3-454E-9BC1-1219FE8ACD5F} = {D92751C8-1039-4005-90B2-913E55E0B8BD}
		{E1C43415-3202-45F4-8BF9-A4DD7D7F2ED6} = {FC224610-32D3-454E-9BC1-1219FE8ACD5F}
		{C32274D9-1B66-4D5C-82F9-EB3F10F46752} = {57F59C0C-5687-4AF9-AE1C-1933B539F0E4}
		{6A40CBE4-ECAB-4CED-9917-5C64CBF75DA6} = {FC224610-32D3-454E-9BC1-1219FE8ACD5F}
		{8AC2AD6D-6C74-4B24-8DF6-42717FC9B804} = {D92751C8-1039-4005-90B2-913E55E0B8BD}
		{A6DE3DA0-B242-4F49-AEF0-4E26AF92D16C} = {8AC2AD6D-6C74-4B24-8DF6-42717FC9B804}
		{4D40A101-07E6-4FF2-8934-83434932591D} = {8AC2AD6D-6C74-4B24-8DF6-42717FC9B804}
		{7F1FDCF2-0CE8-4119-B3C1-F2CC6D7E1C36} = {0AF38BA3-65A0-481B-8CBB-B82E406E1575}
		{19424B55-058C-4E9C-B86F-700AEF9EAEC3} = {0AF38BA3-65A0-481B-8CBB-B82E406E1575}
		{0AF38BA3-65A0-481B-8CBB-B82E406E1575} = {D92751C8-1039-4005-90B2-913E55E0B8BD}
		{EB83A3A3-F9B6-4281-8EBF-F7289FB5D885} = {FD4D6594-D81E-456F-8F2E-35B09E04A755}
		{D8069A23-AD2E-4C9E-8574-7E8C45296A46} = {0AF38BA3-65A0-481B-8CBB-B82E406E1575}
		{2D5AE63D-85C0-43D1-84BF-04418ED93F63} = {804E065F-914C-414A-AF84-009312C3CFF6}
		{2F45036E-D817-41E9-B82F-DBE013EC95D0} = {804E065F-914C-414A-AF84-009312C3CFF6}
		{91D70DE1-DC8E-4AE1-B100-0671D6263FC5} = {804E065F-914C-414A-AF84-009312C3CFF6}
		{4721AA15-AF6E-4A62-A2C3-65564DC563E6} = {804E065F-914C-414A-AF84-009312C3CFF6}
		{B37D4B9A-8D3F-4FA5-B9C8-E6C5F8A0C1E2} = {9039209B-7244-483B-B668-D3CE31B304C1}
		{19006AA9-C099-467C-B07A-C64B3BFDA1F4} = {9584AEE5-CD59-46E6-93E6-2DC2B5285B75}
		{5929C9C7-F971-449E-BC5B-4486016BD11F} = {9584AEE5-CD59-46E6-93E6-2DC2B5285B75}
		{9039209B-7244-483B-B668-D3CE31B304C1} = {9584AEE5-CD59-46E6-93E6-2DC2B5285B75}
		{A6E3A82F-4696-4D92-ABA1-38AA80752067} = {5929C9C7-F971-449E-BC5B-4486016BD11F}
		{56A909AE-6E99-4D4D-A22E-38BDC5528B8E} = {5929C9C7-F971-449E-BC5B-4486016BD11F}
		{52D71CA4-AE77-4DD4-9456-1E1489413607} = {804E065F-914C-414A-AF84-009312C3CFF6}
		{B2BF1FAE-D0F4-4961-84CB-A00D3CABD236} = {804E065F-914C-414A-AF84-009312C3CFF6}
		{C70EBB84-BA5B-4F2F-819E-25E0985BA13C} = {B2BF1FAE-D0F4-4961-84CB-A00D3CABD236}
		{9D66EDE4-AFC2-4F00-B40C-A7E878A2972F} = {B2BF1FAE-D0F4-4961-84CB-A00D3CABD236}
		{5B9A550A-9314-4E91-884E-E54960F589FB} = {2E00592E-558D-492D-88F9-3ECEE4C0C7DA}
		{8098BAFC-DF1C-4AFA-A93E-08121E6D09D4} = {2E00592E-558D-492D-88F9-3ECEE4C0C7DA}
		{696086E4-D8CC-4FE0-A9B3-5F10B9089B55} = {42826721-9A18-4762-8BA9-F1429DD5C5B1}
		{2319C00F-B268-4E4C-9F88-6B379E2BBD22} = {696086E4-D8CC-4FE0-A9B3-5F10B9089B55}
		{9EF292C6-1333-4502-AD9C-224D99847185} = {2E00592E-558D-492D-88F9-3ECEE4C0C7DA}
	EndGlobalSection
	GlobalSection(ExtensibilityGlobals) = postSolution
		SolutionGuid = {EE253116-7070-4E9A-BCE8-2911C251B8C8}
	EndGlobalSection
	GlobalSection(SharedMSBuildProjectFiles) = preSolution
		Connectors\Revit\Speckle.Connectors.RevitShared.Cef\Speckle.Connectors.RevitShared.Cef.projitems*{01f98733-7352-47ad-a594-537d979de3de}*SharedItemsImports = 5
		Connectors\Revit\Speckle.Connectors.RevitShared\Speckle.Connectors.RevitShared.projitems*{01f98733-7352-47ad-a594-537d979de3de}*SharedItemsImports = 5
		Converters\Revit\Speckle.Converters.RevitShared\Speckle.Converters.RevitShared.projitems*{19424b55-058c-4e9c-b86f-700aef9eaec3}*SharedItemsImports = 5
		Connectors\Rhino\Speckle.Connectors.RhinoShared\Speckle.Connectors.RhinoShared.projitems*{1e2644a9-6b31-4350-8772-ceaad6ee0b21}*SharedItemsImports = 5
		Converters\Autocad\Speckle.Converters.AutocadShared\Speckle.Converters.AutocadShared.projitems*{25172c49-7aa4-4739-bb07-69785094c379}*SharedItemsImports = 5
		Converters\Civil3d\Speckle.Converters.Civil3dShared\Speckle.Converters.Civil3dShared.projitems*{25172c49-7aa4-4739-bb07-69785094c379}*SharedItemsImports = 5
		Converters\Revit\Speckle.Converters.RevitShared\Speckle.Converters.RevitShared.projitems*{26391930-f86f-47e0-a5f6-b89919e38ce1}*SharedItemsImports = 5
		Converters\Civil3d\Speckle.Converters.Civil3dShared\Speckle.Converters.Civil3dShared.projitems*{35175682-da83-4c0a-a49d-b191f5885d8e}*SharedItemsImports = 13
		Connectors\Autocad\Speckle.Connectors.AutocadShared\Speckle.Connectors.AutocadShared.projitems*{41bc679f-887f-44cf-971d-a5502ee87db0}*SharedItemsImports = 13
		Converters\Revit\Speckle.Converters.RevitShared\Speckle.Converters.RevitShared.projitems*{4d40a101-07e6-4ff2-8934-83434932591d}*SharedItemsImports = 5
		Converters\Autocad\Speckle.Converters.AutocadShared\Speckle.Converters.AutocadShared.projitems*{5505b953-d434-49ce-8ebd-efd7b3c378f7}*SharedItemsImports = 5
		Converters\Rhino\Speckle.Converters.RhinoShared\Speckle.Converters.RhinoShared.projitems*{56a909ae-6e99-4d4d-a22e-38bdc5528b8e}*SharedItemsImports = 5
		Connectors\Revit\Speckle.Connectors.RevitShared.Cef\Speckle.Connectors.RevitShared.Cef.projitems*{617bd3c7-87d9-4d28-8ac9-4910945bb9fc}*SharedItemsImports = 5
		Connectors\Revit\Speckle.Connectors.RevitShared\Speckle.Connectors.RevitShared.projitems*{617bd3c7-87d9-4d28-8ac9-4910945bb9fc}*SharedItemsImports = 5
		Converters\Autocad\Speckle.Converters.AutocadShared\Speckle.Converters.AutocadShared.projitems*{631c295a-7ccf-4b42-8686-7034e31469e7}*SharedItemsImports = 5
		Converters\Rhino\Speckle.Converters.RhinoShared\Speckle.Converters.RhinoShared.projitems*{65a2f556-f14a-49f3-8a92-7f2e1e7ed3b5}*SharedItemsImports = 5
		Converters\Revit\Speckle.Converters.RevitShared\Speckle.Converters.RevitShared.projitems*{67b888d9-c6c4-49f1-883c-5b964151d889}*SharedItemsImports = 5
		Converters\Revit\Speckle.Converters.RevitShared.Tests\Speckle.Converters.RevitShared.Tests.projitems*{68cf9bdf-94ac-4d2d-a7bd-d1c064f97051}*SharedItemsImports = 5
		Converters\Revit\Speckle.Converters.RevitShared\Speckle.Converters.RevitShared.projitems*{68cf9bdf-94ac-4d2d-a7bd-d1c064f97051}*SharedItemsImports = 5
		Connectors\Revit\Speckle.Connectors.RevitShared.Cef\Speckle.Connectors.RevitShared.Cef.projitems*{6a40cbe4-ecab-4ced-9917-5c64cbf75da6}*SharedItemsImports = 13
		Connectors\Revit\Speckle.Connectors.RevitShared.Cef\Speckle.Connectors.RevitShared.Cef.projitems*{7f1fdcf2-0ce8-4119-b3c1-f2cc6d7e1c36}*SharedItemsImports = 5
		Connectors\Revit\Speckle.Connectors.RevitShared\Speckle.Connectors.RevitShared.projitems*{7f1fdcf2-0ce8-4119-b3c1-f2cc6d7e1c36}*SharedItemsImports = 5
		Connectors\Autocad\Speckle.Connectors.AutocadShared\Speckle.Connectors.AutocadShared.projitems*{89c4cbc7-1606-40de-b6da-fbe3aac98395}*SharedItemsImports = 5
		Connectors\Autocad\Speckle.Connectors.AutocadShared\Speckle.Connectors.AutocadShared.projitems*{9166cc10-12e1-4a0f-916b-61f6f2004f5a}*SharedItemsImports = 5
		Converters\Autocad\Speckle.Converters.AutocadShared\Speckle.Converters.AutocadShared.projitems*{9add1b7a-6401-4202-8613-f668e2fbc0a4}*SharedItemsImports = 13
		Converters\Autocad\Speckle.Converters.AutocadShared\Speckle.Converters.AutocadShared.projitems*{9d66ede4-afc2-4f00-b40c-a7e878a2972f}*SharedItemsImports = 5
		Connectors\Revit\Speckle.Connectors.RevitShared.Cef\Speckle.Connectors.RevitShared.Cef.projitems*{a6de3da0-b242-4f49-aef0-4e26af92d16c}*SharedItemsImports = 5
		Connectors\Revit\Speckle.Connectors.RevitShared\Speckle.Connectors.RevitShared.projitems*{a6de3da0-b242-4f49-aef0-4e26af92d16c}*SharedItemsImports = 5
		Connectors\Rhino\Speckle.Connectors.RhinoShared\Speckle.Connectors.RhinoShared.projitems*{a6e3a82f-4696-4d92-aba1-38aa80752067}*SharedItemsImports = 5
		Converters\Rhino\Speckle.Converters.RhinoShared\Speckle.Converters.RhinoShared.projitems*{ac2db416-f05c-4296-9040-56d6ad4fcd27}*SharedItemsImports = 5
		Connectors\Rhino\Speckle.Connectors.RhinoShared\Speckle.Connectors.RhinoShared.projitems*{b37d4b9a-8d3f-4fa5-b9c8-e6c5f8a0c1e2}*SharedItemsImports = 13
		Connectors\Autocad\Speckle.Connectors.AutocadShared\Speckle.Connectors.AutocadShared.projitems*{bbf2c19e-221e-4aa0-8521-fe75d8f4a2b0}*SharedItemsImports = 5
		Converters\Autocad\Speckle.Converters.AutocadShared\Speckle.Converters.AutocadShared.projitems*{c2de264a-aa87-4012-b954-17e3f403a237}*SharedItemsImports = 5
		Converters\Revit\Speckle.Converters.RevitShared.Tests\Speckle.Converters.RevitShared.Tests.projitems*{c32274d9-1b66-4d5c-82f9-eb3f10f46752}*SharedItemsImports = 5
		Converters\Revit\Speckle.Converters.RevitShared\Speckle.Converters.RevitShared.projitems*{c32274d9-1b66-4d5c-82f9-eb3f10f46752}*SharedItemsImports = 5
		Connectors\Autocad\Speckle.Connectors.AutocadShared\Speckle.Connectors.AutocadShared.projitems*{c70ebb84-ba5b-4f2f-819e-25e0985ba13c}*SharedItemsImports = 5
		Connectors\Autocad\Speckle.Connectors.AutocadShared\Speckle.Connectors.AutocadShared.projitems*{ca8eae01-ab9f-4ec1-b6f3-73721487e9e1}*SharedItemsImports = 5
		Converters\Revit\Speckle.Converters.RevitShared.Tests\Speckle.Converters.RevitShared.Tests.projitems*{d8069a23-ad2e-4c9e-8574-7e8c45296a46}*SharedItemsImports = 5
		Converters\Revit\Speckle.Converters.RevitShared\Speckle.Converters.RevitShared.projitems*{d8069a23-ad2e-4c9e-8574-7e8c45296a46}*SharedItemsImports = 5
		Connectors\Revit\Speckle.Connectors.RevitShared\Speckle.Connectors.RevitShared.projitems*{dc570fff-6fe5-47bd-8bc1-b471a6067786}*SharedItemsImports = 13
		Converters\Revit\Speckle.Converters.RevitShared\Speckle.Converters.RevitShared.projitems*{e1c43415-3200-45f4-8bf9-a4dd7d7f2ed6}*SharedItemsImports = 13
		Converters\Rhino\Speckle.Converters.RhinoShared\Speckle.Converters.RhinoShared.projitems*{e1c43415-3200-45f4-8bf9-a4dd7d7f2ed9}*SharedItemsImports = 13
		Converters\Revit\Speckle.Converters.RevitShared.Tests\Speckle.Converters.RevitShared.Tests.projitems*{e1c43415-3202-45f4-8bf9-a4dd7d7f2ed6}*SharedItemsImports = 13
	EndGlobalSection
EndGlobal
