{
  "version": 2,
  "dependencies": {
    "net6.0-windows7.0": {
      "Esri.ArcGISPro.Extensions30": {
        "type": "Direct",
        "requested": "[3.2.0.49743, )",
        "resolved": "3.2.0.49743",
        "contentHash": "fmnYm+mD14Cz0Uqh1ij37SfLJerkyFHK5581y5tXT/l3H2ZvUmVuuxjYquXzyzj9p7IexQzMW4xCpxe+mD922g=="
      },
      "Microsoft.Extensions.Logging.Abstractions": {
        "type": "Direct",
        "requested": "[7.0.0, )",
        "resolved": "7.0.0",
        "contentHash": "kmn78+LPVMOWeITUjIlfxUPDsI0R6G0RkeAMBmQxAJ7vBJn4q2dTva7pWi65ceN5vPGjJ9q/Uae2WKgvfktJAw=="
      },
      "Microsoft.SourceLink.GitHub": {
        "type": "Direct",
        "requested": "[8.0.0, )",
        "resolved": "8.0.0",
        "contentHash": "G5q7OqtwIyGTkeIOAc3u2ZuV/kicQaec5EaRnc0pIeSnh9LUjj+PYQrJYBURvDt7twGl2PKA7nSN0kz1Zw5bnQ==",
        "dependencies": {
          "Microsoft.Build.Tasks.Git": "8.0.0",
          "Microsoft.SourceLink.Common": "8.0.0"
        }
      },
      "PolySharp": {
        "type": "Direct",
        "requested": "[1.14.1, )",
        "resolved": "1.14.1",
        "contentHash": "mOOmFYwad3MIOL14VCjj02LljyF1GNw1wP0YVlxtcPvqdxjGGMNdNJJxHptlry3MOd8b40Flm8RPOM8JOlN2sQ=="
      },
      "Speckle.InterfaceGenerator": {
        "type": "Direct",
        "requested": "[0.9.6, )",
        "resolved": "0.9.6",
        "contentHash": "HKH7tYrYYlCK1ct483hgxERAdVdMtl7gUKW9ijWXxA1UsYR4Z+TrRHYmzZ9qmpu1NnTycSrp005NYM78GDKV1w=="
      },
      "GraphQL.Client": {
        "type": "Transitive",
        "resolved": "6.0.0",
        "contentHash": "8yPNBbuVBpTptivyAlak4GZvbwbUcjeQTL4vN1HKHRuOykZ4r7l5fcLS6vpyPyLn0x8FsL31xbOIKyxbmR9rbA==",
        "dependencies": {
          "GraphQL.Client.Abstractions": "6.0.0",
          "GraphQL.Client.Abstractions.Websocket": "6.0.0",
          "System.Reactive": "5.0.0"
        }
      },
      "GraphQL.Client.Abstractions": {
        "type": "Transitive",
        "resolved": "6.0.0",
        "contentHash": "h7uzWFORHZ+CCjwr/ThAyXMr0DPpzEANDa4Uo54wqCQ+j7qUKwqYTgOrb1W40sqbvNaZm9v/X7It31SUw0maHA==",
        "dependencies": {
          "GraphQL.Primitives": "6.0.0"
        }
      },
      "GraphQL.Client.Abstractions.Websocket": {
        "type": "Transitive",
        "resolved": "6.0.0",
        "contentHash": "Nr9bPf8gIOvLuXpqEpqr9z9jslYFJOvd0feHth3/kPqeR3uMbjF5pjiwh4jxyMcxHdr8Pb6QiXkV3hsSyt0v7A==",
        "dependencies": {
          "GraphQL.Client.Abstractions": "6.0.0"
        }
      },
      "GraphQL.Primitives": {
        "type": "Transitive",
        "resolved": "6.0.0",
        "contentHash": "yg72rrYDapfsIUrul7aF6wwNnTJBOFvuA9VdDTQpPa8AlAriHbufeXYLBcodKjfUdkCnaiggX1U/nEP08Zb5GA=="
      },
      "Microsoft.Build.Tasks.Git": {
        "type": "Transitive",
        "resolved": "8.0.0",
        "contentHash": "bZKfSIKJRXLTuSzLudMFte/8CempWjVamNUR5eHJizsy+iuOuO/k2gnh7W0dHJmYY0tBf+gUErfluCv5mySAOQ=="
      },
      "Microsoft.CSharp": {
        "type": "Transitive",
        "resolved": "4.7.0",
        "contentHash": "pTj+D3uJWyN3My70i2Hqo+OXixq3Os2D1nJ2x92FFo6sk8fYS1m1WLNTs0Dc1uPaViH0YvEEwvzddQ7y4rhXmA=="
      },
      "Microsoft.Data.Sqlite": {
        "type": "Transitive",
        "resolved": "7.0.7",
        "contentHash": "tiNmV1oPy+Z2R7Wd0bPB/FxCr8B+/5q11OpDMG751GA/YuOL7MZrBFfzv5oFRlFe08K6sjrnbrauzzGIeNrzLQ==",
        "dependencies": {
          "Microsoft.Data.Sqlite.Core": "7.0.7",
          "SQLitePCLRaw.bundle_e_sqlite3": "2.1.4"
        }
      },
      "Microsoft.Data.Sqlite.Core": {
        "type": "Transitive",
        "resolved": "7.0.7",
        "contentHash": "21FRzcJhaTrlv7kTrqr/ltFcSQM2TyuTTPhUcjO8H73od7Bb3QraNW90c7lUucNI/245XPkKZG4fp7/7OsKCSg==",
        "dependencies": {
          "SQLitePCLRaw.core": "2.1.4"
        }
      },
      "Microsoft.Extensions.DependencyInjection": {
        "type": "Transitive",
        "resolved": "7.0.0",
        "contentHash": "elNeOmkeX3eDVG6pYVeV82p29hr+UKDaBhrZyWvWLw/EVZSYEkZlQdkp0V39k/Xehs2Qa0mvoCvkVj3eQxNQ1Q==",
        "dependencies": {
          "Microsoft.Extensions.DependencyInjection.Abstractions": "7.0.0"
        }
      },
      "Microsoft.Extensions.DependencyInjection.Abstractions": {
        "type": "Transitive",
        "resolved": "7.0.0",
        "contentHash": "h3j/QfmFN4S0w4C2A6X7arXij/M/OVw3uQHSOFxnND4DyAzO1F9eMX7Eti7lU/OkSthEE0WzRsfT/Dmx86jzCw=="
      },
      "Microsoft.Extensions.Logging": {
        "type": "Transitive",
        "resolved": "7.0.0",
        "contentHash": "Nw2muoNrOG5U5qa2ZekXwudUn2BJcD41e65zwmDHb1fQegTX66UokLWZkJRpqSSHXDOWZ5V0iqhbxOEky91atA==",
        "dependencies": {
          "Microsoft.Extensions.DependencyInjection": "7.0.0",
          "Microsoft.Extensions.DependencyInjection.Abstractions": "7.0.0",
          "Microsoft.Extensions.Logging.Abstractions": "7.0.0",
          "Microsoft.Extensions.Options": "7.0.0"
        }
      },
      "Microsoft.Extensions.Options": {
        "type": "Transitive",
        "resolved": "7.0.0",
        "contentHash": "lP1yBnTTU42cKpMozuafbvNtQ7QcBjr/CcK3bYOGEMH55Fjt+iecXjT6chR7vbgCMqy3PG3aNQSZgo/EuY/9qQ==",
        "dependencies": {
          "Microsoft.Extensions.DependencyInjection.Abstractions": "7.0.0",
          "Microsoft.Extensions.Primitives": "7.0.0"
        }
      },
      "Microsoft.Extensions.Primitives": {
        "type": "Transitive",
        "resolved": "7.0.0",
        "contentHash": "um1KU5kxcRp3CNuI8o/GrZtD4AIOXDk+RLsytjZ9QPok3ttLUelLKpilVPuaFT3TFjOhSibUAso0odbOaCDj3Q==",
        "dependencies": {
          "System.Runtime.CompilerServices.Unsafe": "6.0.0"
        }
      },
      "Microsoft.SourceLink.Common": {
        "type": "Transitive",
        "resolved": "8.0.0",
        "contentHash": "dk9JPxTCIevS75HyEQ0E4OVAFhB2N+V9ShCXf8Q6FkUQZDkgLI12y679Nym1YqsiSysuQskT7Z+6nUf3yab6Vw=="
      },
      "Polly": {
        "type": "Transitive",
        "resolved": "7.2.3",
        "contentHash": "DeCY0OFbNdNxsjntr1gTXHJ5pKUwYzp04Er2LLeN3g6pWhffsGuKVfMBLe1lw7x76HrPkLxKEFxBlpRxS2nDEQ=="
      },
      "Polly.Contrib.WaitAndRetry": {
        "type": "Transitive",
        "resolved": "1.1.1",
        "contentHash": "1MUQLiSo4KDkQe6nzQRhIU05lm9jlexX5BVsbuw0SL82ynZ+GzAHQxJVDPVBboxV37Po3SG077aX8DuSy8TkaA=="
      },
      "Polly.Extensions.Http": {
        "type": "Transitive",
        "resolved": "3.0.0",
        "contentHash": "drrG+hB3pYFY7w1c3BD+lSGYvH2oIclH8GRSehgfyP5kjnFnHKQuuBhuHLv+PWyFuaTDyk/vfRpnxOzd11+J8g==",
        "dependencies": {
          "Polly": "7.1.0"
        }
      },
      "Serilog": {
        "type": "Transitive",
        "resolved": "2.12.0",
        "contentHash": "xaiJLIdu6rYMKfQMYUZgTy8YK7SMZjB4Yk50C/u//Z4OsvxkUfSPJy4nknfvwAC34yr13q7kcyh4grbwhSxyZg=="
      },
      "Speckle.DoubleNumerics": {
        "type": "Transitive",
        "resolved": "4.0.1",
        "contentHash": "MzEQ1Im0zTja+tEsdRIk/WlPiKqb22NmTOJcR1ZKm/mz46pezyyID3/wRz6vJUELMpSLnG7LhsxBL+nxbr7V0w=="
      },
      "Speckle.Logging": {
        "type": "Transitive",
        "resolved": "3.1.0-dev.88",
        "contentHash": "kD8Xuqbv5lmNQGuv+gx+OnzFt51twc2aIWHEmaG+HBwojR4PZ9IqsaCcMSu4wv/Q1p+Xq5MZldVDkO368JSJRw=="
      },
      "Speckle.Newtonsoft.Json": {
        "type": "Transitive",
        "resolved": "13.0.2",
        "contentHash": "g1BejUZwax5PRfL6xHgLEK23sqHWOgOj9hE7RvfRRlN00AGt8GnPYt8HedSK7UB3HiRW8zCA9Pn0iiYxCK24BA=="
      },
      "SQLitePCLRaw.bundle_e_sqlite3": {
        "type": "Transitive",
        "resolved": "2.1.4",
        "contentHash": "EWI1olKDjFEBMJu0+3wuxwziIAdWDVMYLhuZ3Qs84rrz+DHwD00RzWPZCa+bLnHCf3oJwuFZIRsHT5p236QXww==",
        "dependencies": {
          "SQLitePCLRaw.lib.e_sqlite3": "2.1.4",
          "SQLitePCLRaw.provider.e_sqlite3": "2.1.4"
        }
      },
      "SQLitePCLRaw.core": {
        "type": "Transitive",
        "resolved": "2.1.4",
        "contentHash": "inBjvSHo9UDKneGNzfUfDjK08JzlcIhn1+SP5Y3m6cgXpCxXKCJDy6Mka7LpgSV+UZmKSnC8rTwB0SQ0xKu5pA==",
        "dependencies": {
          "System.Memory": "4.5.3"
        }
      },
      "SQLitePCLRaw.lib.e_sqlite3": {
        "type": "Transitive",
        "resolved": "2.1.4",
        "contentHash": "2C9Q9eX7CPLveJA0rIhf9RXAvu+7nWZu1A2MdG6SD/NOu26TakGgL1nsbc0JAspGijFOo3HoN79xrx8a368fBg=="
      },
      "SQLitePCLRaw.provider.e_sqlite3": {
        "type": "Transitive",
        "resolved": "2.1.4",
        "contentHash": "CSlb5dUp1FMIkez9Iv5EXzpeq7rHryVNqwJMWnpq87j9zWZexaEMdisDktMsnnrzKM6ahNrsTkjqNodTBPBxtQ==",
        "dependencies": {
          "SQLitePCLRaw.core": "2.1.4"
        }
      },
      "System.Memory": {
        "type": "Transitive",
        "resolved": "4.5.3",
        "contentHash": "3oDzvc/zzetpTKWMShs1AADwZjQ/36HnsufHRPcOjyRAAMLDlu2iD33MBI2opxnezcVUtXyqDXXjoFMOU9c7SA=="
      },
      "System.Reactive": {
        "type": "Transitive",
        "resolved": "5.0.0",
        "contentHash": "erBZjkQHWL9jpasCE/0qKAryzVBJFxGHVBAvgRN1bzM0q2s1S4oYREEEL0Vb+1kA/6BKb5FjUZMp5VXmy+gzkQ=="
      },
      "System.Runtime.CompilerServices.Unsafe": {
        "type": "Transitive",
        "resolved": "6.0.0",
        "contentHash": "/iUeP3tq1S0XdNNoMz5C9twLSrM/TH+qElHkXWaPvuNOt+99G75NrV0OS2EqHx5wMN7popYjpc8oTjC1y16DLg=="
      },
      "System.Text.Json": {
        "type": "Transitive",
        "resolved": "5.0.2",
        "contentHash": "I47dVIGiV6SfAyppphxqupertT/5oZkYLDCX6vC3HpOI4ZLjyoKAreUoem2ie6G0RbRuFrlqz/PcTQjfb2DOfQ=="
      },
      "speckle.autofac": {
        "type": "Project",
        "dependencies": {
          "Autofac": "[5.2.0, )",
          "Microsoft.Extensions.Logging.Abstractions": "[7.0.0, )"
        }
      },
      "speckle.connectors.dui": {
        "type": "Project",
        "dependencies": {
          "Microsoft.Extensions.Logging.Abstractions": "[7.0.0, )",
          "Speckle.Autofac": "[1.0.0, )",
          "Speckle.Connectors.Utils": "[1.0.0, )",
          "Speckle.Core": "[3.1.0-dev.88, )",
          "System.Threading.Tasks.Dataflow": "[6.0.0, )"
        }
      },
      "speckle.connectors.dui.webview": {
        "type": "Project",
        "dependencies": {
          "Microsoft.Web.WebView2": "[1.0.1938.49, )",
          "Speckle.Connectors.DUI": "[1.0.0, )"
        }
      },
      "speckle.connectors.utils": {
        "type": "Project",
        "dependencies": {
          "Serilog.Extensions.Logging": "[7.0.0, )",
          "Speckle.Autofac": "[1.0.0, )",
          "Speckle.Core": "[3.1.0-dev.88, )"
        }
      },
      "speckle.converters.arcgis3": {
        "type": "Project",
        "dependencies": {
          "Esri.ArcGISPro.Extensions30": "[3.2.0.49743, )",
          "Speckle.Converters.Common": "[1.0.0, )"
        }
      },
      "speckle.converters.arcgis3.dependencyinjection": {
        "type": "Project",
        "dependencies": {
          "Speckle.Converters.ArcGIS3": "[1.0.0, )",
          "Speckle.Converters.Common.DependencyInjection": "[1.0.0, )"
        }
      },
      "speckle.converters.common": {
        "type": "Project",
        "dependencies": {
          "Speckle.Autofac": "[1.0.0, )",
          "Speckle.Objects": "[3.1.0-dev.88, )"
        }
      },
      "speckle.converters.common.dependencyinjection": {
        "type": "Project",
        "dependencies": {
          "Speckle.Autofac": "[1.0.0, )",
          "Speckle.Converters.Common": "[1.0.0, )"
        }
      },
      "Autofac": {
        "type": "CentralTransitive",
        "requested": "[5.2.0, )",
        "resolved": "5.2.0",
        "contentHash": "V8dBH0dsv75uDzl7Sw+HkhKDPUw2eXnlMjcSVMH+tLo2s67MpTKGyDj1pDcpR+IF2u4YRs0s3/x7R88YJzIWvg=="
      },
      "Microsoft.Web.WebView2": {
        "type": "CentralTransitive",
        "requested": "[1.0.1938.49, )",
        "resolved": "1.0.1938.49",
        "contentHash": "z8KnFnaTYzhA/ZnyRX0qGfS1NU5ZBJeClAH64F0fVDvdDJTvME7xl6zTJ0Jlfe1BtL3C0NH9xTy64shg2baKdw=="
      },
      "Serilog.Extensions.Logging": {
        "type": "CentralTransitive",
        "requested": "[7.0.0, )",
        "resolved": "7.0.0",
        "contentHash": "9faU0zNQqU7I6soVhLUMYaGNpgWv6cKlKb2S5AnS8gXxzW/em5Ladm/6FMrWTnX41cdbdGPOWNAo6adi4WaJ6A==",
        "dependencies": {
          "Microsoft.Extensions.Logging": "7.0.0",
          "Serilog": "2.12.0"
        }
      },
      "Speckle.Core": {
        "type": "CentralTransitive",
        "requested": "[3.1.0-dev.88, )",
        "resolved": "3.1.0-dev.88",
        "contentHash": "1yBzO/JEG9aEGeXwpx1vMZgknmma0QI1cVQ+uwoHc7oyYcAk1bePCa/C6ntyszzV+Y3fpeBZY4HGNALYICgVjg==",
        "dependencies": {
          "GraphQL.Client": "6.0.0",
          "Microsoft.CSharp": "4.7.0",
          "Microsoft.Data.Sqlite": "7.0.7",
          "Polly": "7.2.3",
          "Polly.Contrib.WaitAndRetry": "1.1.1",
          "Polly.Extensions.Http": "3.0.0",
          "Speckle.DoubleNumerics": "4.0.1",
          "Speckle.Logging": "3.1.0-dev.88",
          "Speckle.Newtonsoft.Json": "13.0.2",
          "System.Text.Json": "5.0.2"
        }
      },
      "Speckle.Objects": {
        "type": "CentralTransitive",
        "requested": "[3.1.0-dev.88, )",
        "resolved": "3.1.0-dev.88",
        "contentHash": "hzqeIYzvSa3VusEWic8FaVsaEMwHcwnbj2p0JDz2ZTAlf3SpFdxVtA4onIq0l7YyROBIFFn78eIIpm1cCucUIw==",
        "dependencies": {
          "Speckle.Core": "3.1.0-dev.88"
        }
      },
      "System.Threading.Tasks.Dataflow": {
        "type": "CentralTransitive",
        "requested": "[6.0.0, )",
        "resolved": "6.0.0",
        "contentHash": "+tyDCU3/B1lDdOOAJywHQoFwyXIUghIaP2BxG79uvhfTnO+D9qIgjVlL/JV2NTliYbMHpd6eKDmHp2VHpij7MA=="
      }
    },
    "net6.0-windows7.0/win-x64": {
      "SQLitePCLRaw.lib.e_sqlite3": {
        "type": "Transitive",
        "resolved": "2.1.4",
        "contentHash": "2C9Q9eX7CPLveJA0rIhf9RXAvu+7nWZu1A2MdG6SD/NOu26TakGgL1nsbc0JAspGijFOo3HoN79xrx8a368fBg=="
      },
      "Microsoft.Web.WebView2": {
        "type": "CentralTransitive",
        "requested": "[1.0.1938.49, )",
        "resolved": "1.0.1938.49",
        "contentHash": "z8KnFnaTYzhA/ZnyRX0qGfS1NU5ZBJeClAH64F0fVDvdDJTvME7xl6zTJ0Jlfe1BtL3C0NH9xTy64shg2baKdw=="
      }
    }
  }
}