{
  "version": 2,
  "dependencies": {
    "net10.0-windows7.0": {
      "Microsoft.NETFramework.ReferenceAssemblies": {
        "type": "Direct",
        "requested": "[1.0.3, )",
        "resolved": "1.0.3",
        "contentHash": "vUc9Npcs14QsyOD01tnv/m8sQUnGTGOw1BCmKcv77LBJY7OxhJ+zJF7UD/sCL3lYNFuqmQEVlkfS4Quif6FyYg==",
        "dependencies": {
          "Microsoft.NETFramework.ReferenceAssemblies.net461": "1.0.3"
        }
      },
      "PolySharp": {
        "type": "Direct",
        "requested": "[1.15.0, )",
        "resolved": "1.15.0",
        "contentHash": "FbU0El+EEjdpuIX4iDbeS7ki1uzpJPx8vbqOzEtqnl1GZeAGJfq+jCbxeJL2y0EPnUNk8dRnnqR2xnYXg9Tf+g=="
      },
      "Speckle.AutoCAD.API": {
        "type": "Direct",
        "requested": "[2027.0.0, )",
        "resolved": "2027.0.0",
        "contentHash": "NGD25Cdb4SyGlN2qudwydaziAQkfOPYwkAtMdLoqqxOerbxnXCUNbLtSGnuKD6mzySCcxiHjDorETycqfiNq7w=="
      },
      "Speckle.InterfaceGenerator": {
        "type": "Direct",
        "requested": "[0.9.6, )",
        "resolved": "0.9.6",
        "contentHash": "HKH7tYrYYlCK1ct483hgxERAdVdMtl7gUKW9ijWXxA1UsYR4Z+TrRHYmzZ9qmpu1NnTycSrp005NYM78GDKV1w=="
      },
      "GraphQL.Client": {
        "type": "Transitive",
        "resolved": "6.1.0",
        "contentHash": "oKliAxtNuZDMxO9079mjSbwA0YwhjXBzVnVPuNZ3HI4OllO++CcOLT30l90mM/fxCAMaa8GU4ZYMwD9YjLkyiw==",
        "dependencies": {
          "GraphQL.Client.Abstractions": "6.1.0",
          "GraphQL.Client.Abstractions.Websocket": "6.1.0",
          "System.Reactive": "6.0.0"
        }
      },
      "GraphQL.Client.Abstractions": {
        "type": "Transitive",
        "resolved": "6.1.0",
        "contentHash": "Za31wjKLEeROZYJmp0Lmj/TLQ1Yw6x6QM0JHABcuyMC3OSopr34ufayrtdxtbL1a3129FTVFKOFC0hcooSQoJQ==",
        "dependencies": {
          "GraphQL.Primitives": "6.1.0"
        }
      },
      "GraphQL.Client.Abstractions.Websocket": {
        "type": "Transitive",
        "resolved": "6.1.0",
        "contentHash": "PjdG3q4MzPsa5NiBOBhuIRMRTo59der5bFmX2r1gSS3RIjytwpooxF2RffFCBh16sqbwuH1/dllDcNG+EJt1qA==",
        "dependencies": {
          "GraphQL.Client.Abstractions": "6.1.0"
        }
      },
      "GraphQL.Primitives": {
        "type": "Transitive",
        "resolved": "6.1.0",
        "contentHash": "L8yQ70Wd9p8hMJvnmpgyZfr2R6Q7S0/lPyEBI1tacJa5XzsoJSVtHdmfsMaHyufwk03hlUsBXgNerAs66kxHdA=="
      },
      "Microsoft.Data.Sqlite": {
        "type": "Transitive",
        "resolved": "10.0.0",
        "contentHash": "I/azQ5WjwoLvSlTyDydkhARPSjYJN8jkXRjR5D92OeyTLbTrQ1K93rgf6XU+HYWHZA6lBI9SUOfl69OqEHb4ow==",
        "dependencies": {
          "Microsoft.Data.Sqlite.Core": "10.0.0",
          "SQLitePCLRaw.bundle_e_sqlite3": "2.1.11",
          "SQLitePCLRaw.core": "2.1.11"
        }
      },
      "Microsoft.Data.Sqlite.Core": {
        "type": "Transitive",
        "resolved": "10.0.0",
        "contentHash": "wPKG/Ym6tSMCo06UOZXzVfeFGzawnOZrTba/R3PfK+RhNuNELZ9I7nFns4WGTtv2kKlrlmmErgJ+kgTXHaNdHg==",
        "dependencies": {
          "SQLitePCLRaw.core": "2.1.11"
        }
      },
      "Microsoft.Extensions.DependencyInjection": {
        "type": "Transitive",
        "resolved": "10.0.0",
        "contentHash": "f0RBabswJq+gRu5a+hWIobrLWiUYPKMhCD9WO3sYBAdSy3FFH14LMvLVFZc2kPSCimBLxSuitUhsd6tb0TAY6A==",
        "dependencies": {
          "Microsoft.Extensions.DependencyInjection.Abstractions": "10.0.0"
        }
      },
      "Microsoft.Extensions.DependencyInjection.Abstractions": {
        "type": "Transitive",
        "resolved": "10.0.0",
        "contentHash": "L3AdmZ1WOK4XXT5YFPEwyt0ep6l8lGIPs7F5OOBZc77Zqeo01Of7XXICy47628sdVl0v/owxYJTe86DTgFwKCA=="
      },
      "Microsoft.Extensions.Logging": {
        "type": "Transitive",
        "resolved": "10.0.0",
        "contentHash": "BStFkd5CcnEtarlcgYDBcFzGYCuuNMzPs02wN3WBsOFoYIEmYoUdAiU+au6opzoqfTYJsMTW00AeqDdnXH2CvA==",
        "dependencies": {
          "Microsoft.Extensions.DependencyInjection": "10.0.0",
          "Microsoft.Extensions.Logging.Abstractions": "10.0.0",
          "Microsoft.Extensions.Options": "10.0.0"
        }
      },
      "Microsoft.Extensions.Logging.Abstractions": {
        "type": "Transitive",
        "resolved": "10.0.0",
        "contentHash": "FU/IfjDfwaMuKr414SSQNTIti/69bHEMb+QKrskRb26oVqpx3lNFXMjs/RC9ZUuhBhcwDM2BwOgoMw+PZ+beqQ==",
        "dependencies": {
          "Microsoft.Extensions.DependencyInjection.Abstractions": "10.0.0"
        }
      },
      "Microsoft.Extensions.ObjectPool": {
        "type": "Transitive",
        "resolved": "10.0.0",
        "contentHash": "bpeCq0IYmVLACyEUMzFIOQX+zZUElG1t+nu1lSxthe7B+1oNYking7b91305+jNB6iwojp9fqTY9O+Nh7ULQxg=="
      },
      "Microsoft.Extensions.Options": {
        "type": "Transitive",
        "resolved": "10.0.0",
        "contentHash": "8oCAgXOow5XDrY9HaXX1QmH3ORsyZO/ANVHBlhLyCeWTH5Sg4UuqZeOTWJi6484M+LqSx0RqQXDJtdYy2BNiLQ==",
        "dependencies": {
          "Microsoft.Extensions.DependencyInjection.Abstractions": "10.0.0",
          "Microsoft.Extensions.Primitives": "10.0.0"
        }
      },
      "Microsoft.Extensions.Primitives": {
        "type": "Transitive",
        "resolved": "10.0.0",
        "contentHash": "inRnbpCS0nwO/RuoZIAqxQUuyjaknOOnCEZB55KSMMjRhl0RQDttSmLSGsUJN3RQ3ocf5NDLFd2mOQViHqMK5w=="
      },
      "Microsoft.NETFramework.ReferenceAssemblies.net461": {
        "type": "Transitive",
        "resolved": "1.0.3",
        "contentHash": "AmOJZwCqnOCNp6PPcf9joyogScWLtwy0M1WkqfEQ0M9nYwyDD7EX9ZjscKS5iYnyvteX7kzSKFCKt9I9dXA6mA=="
      },
      "Speckle.Newtonsoft.Json": {
        "type": "Transitive",
        "resolved": "13.0.2",
        "contentHash": "g1BejUZwax5PRfL6xHgLEK23sqHWOgOj9hE7RvfRRlN00AGt8GnPYt8HedSK7UB3HiRW8zCA9Pn0iiYxCK24BA=="
      },
      "Speckle.Sdk.Dependencies": {
        "type": "Transitive",
        "resolved": "2026.9.0-beta.1",
        "contentHash": "PlQIth7soCysa4tIFoK81V+r0Rch/NS6Mcnp3RUrEIhMW71cWl04SS2jF/grw5pIhwrOmLQJHF/GLSzefIoLvQ=="
      },
      "SQLitePCLRaw.bundle_e_sqlite3": {
        "type": "Transitive",
        "resolved": "2.1.11",
        "contentHash": "DC4nA7yWnf4UZdgJDF+9Mus4/cb0Y3Sfgi3gDnAoKNAIBwzkskNAbNbyu+u4atT0ruVlZNJfwZmwiEwE5oz9LQ==",
        "dependencies": {
          "SQLitePCLRaw.lib.e_sqlite3": "2.1.11",
          "SQLitePCLRaw.provider.e_sqlite3": "2.1.11"
        }
      },
      "SQLitePCLRaw.core": {
        "type": "Transitive",
        "resolved": "2.1.11",
        "contentHash": "PK0GLFkfhZzLQeR3PJf71FmhtHox+U3vcY6ZtswoMjrefkB9k6ErNJEnwXqc5KgXDSjige2XXrezqS39gkpQKA=="
      },
      "SQLitePCLRaw.lib.e_sqlite3": {
        "type": "Transitive",
        "resolved": "2.1.11",
        "contentHash": "Ev2ytaXiOlWZ4b3R67GZBsemTINslLD1DCJr2xiacpn4tbapu0Q4dHEzSvZSMnVWeE5nlObU3VZN2p81q3XOYQ=="
      },
      "SQLitePCLRaw.provider.e_sqlite3": {
        "type": "Transitive",
        "resolved": "2.1.11",
        "contentHash": "Y/0ZkR+r0Cg3DQFuCl1RBnv/tmxpIZRU3HUvelPw6MVaKHwYYR8YNvgs0vuNuXCMvlyJ+Fh88U1D4tah1tt6qw==",
        "dependencies": {
          "SQLitePCLRaw.core": "2.1.11"
        }
      },
      "System.Reactive": {
        "type": "Transitive",
        "resolved": "6.0.0",
        "contentHash": "31kfaW4ZupZzPsI5PVe77VhnvFF55qgma7KZr/E0iFTs6fmdhhG8j0mgEx620iLTey1EynOkEfnyTjtNEpJzGw=="
      },
      "speckle.connectors.common": {
        "type": "Project",
        "dependencies": {
          "Speckle.Connectors.Logging": "[1.0.0, )",
          "Speckle.Converters.Common": "[1.0.0, )",
          "Speckle.Sdk": "[2026.9.0-beta.1, )"
        }
      },
      "speckle.connectors.dui": {
        "type": "Project",
        "dependencies": {
          "Speckle.Connectors.Common": "[1.0.0, )"
        }
      },
      "speckle.connectors.dui.webview": {
        "type": "Project",
        "dependencies": {
          "Microsoft.Web.WebView2": "[1.0.1938.49, )",
          "Speckle.Connectors.DUI": "[1.0.0, )"
        }
      },
      "speckle.connectors.logging": {
        "type": "Project"
      },
      "speckle.converters.common": {
        "type": "Project",
        "dependencies": {
          "Speckle.Sdk": "[2026.9.0-beta.1, )"
        }
      },
      "Microsoft.Web.WebView2": {
        "type": "CentralTransitive",
        "requested": "[1.0.1938.49, )",
        "resolved": "1.0.1938.49",
        "contentHash": "z8KnFnaTYzhA/ZnyRX0qGfS1NU5ZBJeClAH64F0fVDvdDJTvME7xl6zTJ0Jlfe1BtL3C0NH9xTy64shg2baKdw=="
      },
      "Speckle.DoubleNumerics": {
        "type": "CentralTransitive",
        "requested": "[4.1.0, )",
        "resolved": "4.1.0",
        "contentHash": "20DtS+FsDRsOD9+AU3TwNFZ0qrKo5f6f7B5ZR9wStsIHHHC9k7DpjbCvuNtmnSjx54MD+TJC7wV2f5iyGVPj1A=="
      },
      "Speckle.Sdk": {
        "type": "CentralTransitive",
        "requested": "[2026.9.0-beta.1, )",
        "resolved": "2026.9.0-beta.1",
        "contentHash": "288kVZAFtDw9ttohB06vYGtSh5t7yice28tRoeoxxzVAqp1RHQpb5fUEiYAsNNC2wwIR3a8eeegkYV5vE47B0g==",
        "dependencies": {
          "GraphQL.Client": "6.1.0",
          "Microsoft.Data.Sqlite": "10.0.0",
          "Microsoft.Extensions.Logging": "10.0.0",
          "Microsoft.Extensions.ObjectPool": "10.0.0",
          "Speckle.DoubleNumerics": "4.1.0",
          "Speckle.Newtonsoft.Json": "13.0.2",
          "Speckle.Sdk.Dependencies": "2026.9.0-beta.1"
        }
      }
    }
  }
}