{
  "version": 2,
  "dependencies": {
    "net8.0-windows7.0": {
      "Microsoft.SourceLink.GitHub": {
        "type": "Direct",
        "requested": "[8.0.0, )",
        "resolved": "8.0.0",
        "contentHash": "G5q7OqtwIyGTkeIOAc3u2ZuV/kicQaec5EaRnc0pIeSnh9LUjj+PYQrJYBURvDt7twGl2PKA7nSN0kz1Zw5bnQ==",
        "dependencies": {
          "Microsoft.Build.Tasks.Git": "8.0.0",
          "Microsoft.SourceLink.Common": "8.0.0"
        }
      },
      "PolySharp": {
        "type": "Direct",
        "requested": "[1.14.1, )",
        "resolved": "1.14.1",
        "contentHash": "mOOmFYwad3MIOL14VCjj02LljyF1GNw1wP0YVlxtcPvqdxjGGMNdNJJxHptlry3MOd8b40Flm8RPOM8JOlN2sQ=="
      },
      "Speckle.InterfaceGenerator": {
        "type": "Direct",
        "requested": "[0.9.6, )",
        "resolved": "0.9.6",
        "contentHash": "HKH7tYrYYlCK1ct483hgxERAdVdMtl7gUKW9ijWXxA1UsYR4Z+TrRHYmzZ9qmpu1NnTycSrp005NYM78GDKV1w=="
      },
      "Speckle.Revit.API": {
        "type": "Direct",
        "requested": "[2025.0.0, )",
        "resolved": "2025.0.0",
        "contentHash": "Hwf/3Ydc7KxvjgD9pSZKLSJRsFTsxYg95YyTm6f43hcsGjmk49GsLFQt921Z9OcvUVewOggQHcmBgti+P2EPHw=="
      },
      "Microsoft.Build.Tasks.Git": {
        "type": "Transitive",
        "resolved": "8.0.0",
        "contentHash": "bZKfSIKJRXLTuSzLudMFte/8CempWjVamNUR5eHJizsy+iuOuO/k2gnh7W0dHJmYY0tBf+gUErfluCv5mySAOQ=="
      },
      "Microsoft.SourceLink.Common": {
        "type": "Transitive",
        "resolved": "8.0.0",
        "contentHash": "dk9JPxTCIevS75HyEQ0E4OVAFhB2N+V9ShCXf8Q6FkUQZDkgLI12y679Nym1YqsiSysuQskT7Z+6nUf3yab6Vw=="
      },
      "speckle.autofac": {
        "type": "Project",
        "dependencies": {
          "Autofac": "[5.2.0, )"
        }
      },
      "speckle.converters.common": {
        "type": "Project",
        "dependencies": {
          "Microsoft.Extensions.Logging.Abstractions": "[3.1.0, )",
          "Speckle.Autofac": "[1.0.0, )",
          "Speckle.Objects": "[3.1.0-dev.95, )"
        }
      },
      "Autofac": {
        "type": "CentralTransitive",
        "requested": "[5.2.0, )",
        "resolved": "5.2.0",
        "contentHash": "V8dBH0dsv75uDzl7Sw+HkhKDPUw2eXnlMjcSVMH+tLo2s67MpTKGyDj1pDcpR+IF2u4YRs0s3/x7R88YJzIWvg=="
      },
      "Microsoft.Extensions.Logging.Abstractions": {
        "type": "CentralTransitive",
        "requested": "[3.1.0, )",
        "resolved": "3.1.0",
        "contentHash": "jjo4YXRx6MIpv6DiRxJjSpl+sPP0+5VW0clMEdLyIAz44PPwrDTFrd5PZckIxIXl1kKZ2KK6IL2nkt0+ug2MQg=="
      }
    }
  }
}