{
  "version": 2,
  "dependencies": {
    "net8.0-windows7.0": {
      "Grasshopper": {
        "type": "Direct",
        "requested": "[8.31.26126.13431, )",
        "resolved": "8.31.26126.13431",
        "contentHash": "LkUwPx8kNsUItW5UgvjuK65/NpuXrLu0Ffb+CzMRRTcP9QwbUriyYk0Qr9G8VYg92E9LE2k+ddyc5J6CZi5fVg==",
        "dependencies": {
          "RhinoCommon": "[8.31.26126.13431]"
        }
      },
      "Microsoft.NETFramework.ReferenceAssemblies": {
        "type": "Direct",
        "requested": "[1.0.3, )",
        "resolved": "1.0.3",
        "contentHash": "vUc9Npcs14QsyOD01tnv/m8sQUnGTGOw1BCmKcv77LBJY7OxhJ+zJF7UD/sCL3lYNFuqmQEVlkfS4Quif6FyYg==",
        "dependencies": {
          "Microsoft.NETFramework.ReferenceAssemblies.net461": "1.0.3"
        }
      },
      "PolySharp": {
        "type": "Direct",
        "requested": "[1.15.0, )",
        "resolved": "1.15.0",
        "contentHash": "FbU0El+EEjdpuIX4iDbeS7ki1uzpJPx8vbqOzEtqnl1GZeAGJfq+jCbxeJL2y0EPnUNk8dRnnqR2xnYXg9Tf+g=="
      },
      "Rhino.Inside": {
        "type": "Direct",
        "requested": "[8.0.7-beta, )",
        "resolved": "8.0.7-beta",
        "contentHash": "PNZdWysS2zI9vaxJ8HQig3iZA3Xg1yG1hnq09VPStQpceoj94iJ6xk0Ubddaw5oswkYYUIJRmQ8xr+bLTROs/g==",
        "dependencies": {
          "Grasshopper": "8.0.23304.9001",
          "RhinoCommon": "8.0.23304.9001"
        }
      },
      "RhinoCommon": {
        "type": "Direct",
        "requested": "[8.31.26126.13431, )",
        "resolved": "8.31.26126.13431",
        "contentHash": "fEsA70P6K7oQxQKZ/TytKqZ7EWLa2l8394oHosSFabRJ1rJnT6Q/NsNVhtlmAWuAaOBDDDKLc46kqo0WnsOxJA==",
        "dependencies": {
          "System.Drawing.Common": "7.0.0"
        }
      },
      "RhinoWindows": {
        "type": "Direct",
        "requested": "[8.31.26126.13431, )",
        "resolved": "8.31.26126.13431",
        "contentHash": "KeteDrHWbzwHwJZnwYmhuT0bYed7NHPb4Fvgw6DxfPNUBK4WuYClA2M5uOpGE7Lbn8K593MrTb5ksz4ASK2VQw==",
        "dependencies": {
          "RhinoCommon": "[8.31.26126.13431]"
        }
      },
      "Speckle.InterfaceGenerator": {
        "type": "Direct",
        "requested": "[0.9.6, )",
        "resolved": "0.9.6",
        "contentHash": "HKH7tYrYYlCK1ct483hgxERAdVdMtl7gUKW9ijWXxA1UsYR4Z+TrRHYmzZ9qmpu1NnTycSrp005NYM78GDKV1w=="
      },
      "Microsoft.NETFramework.ReferenceAssemblies.net461": {
        "type": "Transitive",
        "resolved": "1.0.3",
        "contentHash": "AmOJZwCqnOCNp6PPcf9joyogScWLtwy0M1WkqfEQ0M9nYwyDD7EX9ZjscKS5iYnyvteX7kzSKFCKt9I9dXA6mA=="
      },
      "Microsoft.Win32.SystemEvents": {
        "type": "Transitive",
        "resolved": "7.0.0",
        "contentHash": "2nXPrhdAyAzir0gLl8Yy8S5Mnm/uBSQQA7jEsILOS1MTyS7DbmV1NgViMtvV1sfCD1ebITpNwb1NIinKeJgUVQ=="
      },
      "System.Drawing.Common": {
        "type": "Transitive",
        "resolved": "7.0.0",
        "contentHash": "KIX+oBU38pxkKPxvLcLfIkOV5Ien8ReN78wro7OF5/erwcmortzeFx+iBswlh2Vz6gVne0khocQudGwaO1Ey6A==",
        "dependencies": {
          "Microsoft.Win32.SystemEvents": "7.0.0"
        }
      },
      "speckle.connectors.common": {
        "type": "Project",
        "dependencies": {
          "Speckle.Connectors.Logging": "[1.0.0, )",
          "Speckle.Converters.Common": "[1.0.0, )",
          "Speckle.Sdk": "[2026.9.0-alpha.6, )"
        }
      },
      "speckle.connectors.dui": {
        "type": "Project",
        "dependencies": {
          "Speckle.Connectors.Common": "[1.0.0, )"
        }
      },
      "speckle.connectors.dui.webview": {
        "type": "Project",
        "dependencies": {
          "Microsoft.Web.WebView2": "[1.0.1938.49, )",
          "Speckle.Connectors.DUI": "[1.0.0, )"
        }
      },
      "speckle.connectors.logging": {
        "type": "Project"
      },
      "speckle.connectors.rhinoimporter": {
        "type": "Project",
        "dependencies": {
          "Speckle.Connectors.Common": "[1.0.0, )",
          "Speckle.Connectors.DUI.WebView": "[1.0.0, )",
          "Speckle.Converters.Rhino8": "[1.0.0, )"
        }
      },
      "speckle.converters.common": {
        "type": "Project",
        "dependencies": {
          "Speckle.Sdk": "[2026.9.0-alpha.6, )"
        }
      },
      "speckle.converters.rhino8": {
        "type": "Project",
        "dependencies": {
          "Speckle.Converters.Common": "[1.0.0, )"
        }
      },
      "Microsoft.Web.WebView2": {
        "type": "CentralTransitive",
        "requested": "[1.0.1938.49, )",
        "resolved": "1.0.1938.49",
        "contentHash": "z8KnFnaTYzhA/ZnyRX0qGfS1NU5ZBJeClAH64F0fVDvdDJTvME7xl6zTJ0Jlfe1BtL3C0NH9xTy64shg2baKdw=="
      }
    }
  }
}